
Microsoft Visual Studio Solution File, Format Version 12.00
# Visual Studio Version 17
VisualStudioVersion = 17.6.33829.357
MinimumVisualStudioVersion = 10.0.40219.1
Project("{F184B08F-C81C-45F6-A57F-5ABD9991F28F}") = "KAM.INSPECTOR.PLEXOR", "KAM.INSPECTOR.PLEXOR\KAM.INSPECTOR.PLEXOR.vbproj", "{D20C00A7-BDEF-4DBC-A864-2F0706389F53}"
EndProject
Project("{F184B08F-C81C-45F6-A57F-5ABD9991F28F}") = "KAM.INSPECTOR.Main", "KAM.INSPECTOR.Main\KAM.INSPECTOR.Main.vbproj", "{2816790E-EDC3-4E8B-8788-19871F11049D}"
	ProjectSection(ProjectDependencies) = postProject
		{721407B3-2017-4C5F-958E-C6C0F5C0C37A} = {721407B3-2017-4C5F-958E-C6C0F5C0C37A}
	EndProjectSection
EndProject
Project("{F184B08F-C81C-45F6-A57F-5ABD9991F28F}") = "KAM.INSPECTOR.IP", "KAM.INSPECTOR.IP\KAM.INSPECTOR.IP.vbproj", "{E8DB4A31-296D-4498-B84F-A7C0234756BB}"
	ProjectSection(ProjectDependencies) = postProject
		{D20C00A7-BDEF-4DBC-A864-2F0706389F53} = {D20C00A7-BDEF-4DBC-A864-2F0706389F53}
	EndProjectSection
EndProject
Project("{F184B08F-C81C-45F6-A57F-5ABD9991F28F}") = "KAM.INSPECTOR.PRS", "KAM.INSPECTOR.PRS\KAM.INSPECTOR.PRS.vbproj", "{721407B3-2017-4C5F-958E-C6C0F5C0C37A}"
EndProject
Project("{F184B08F-C81C-45F6-A57F-5ABD9991F28F}") = "KAM.INSPECTOR.Infra", "Kam.INSPECTOR.Infra\KAM.INSPECTOR.Infra.vbproj", "{D952F51D-FC43-49B9-81B4-60CC3F4399D3}"
EndProject
Project("{F184B08F-C81C-45F6-A57F-5ABD9991F28F}") = "KAM.COMMUNICATOR.Main", "KAM.INSPECTOR.Synchronize\KAM.COMMUNICATOR.Main.vbproj", "{34C111A8-EA8C-4FC0-93A2-6EE5C3A0CB2F}"
EndProject
Project("{F184B08F-C81C-45F6-A57F-5ABD9991F28F}") = "KAM.LicenceTool", "LicenceTool\KAM.LicenceTool.vbproj", "{71840666-2417-4DD6-A5AB-811B53A5ED1D}"
EndProject
Project("{F184B08F-C81C-45F6-A57F-5ABD9991F28F}") = "KAM.INSPECTOR.Results", "KAM.INSPECTOR.Results\KAM.INSPECTOR.Results.vbproj", "{3258D146-DC57-493C-9362-75BA9DC8BB4E}"
EndProject
Project("{F184B08F-C81C-45F6-A57F-5ABD9991F28F}") = "KAM.COMMUNICATOR.Synchronize.Bussiness", "KAM.INSPECTOR.Synchronize.Bussiness\KAM.COMMUNICATOR.Synchronize.Bussiness.vbproj", "{33E326C6-D7A3-438E-A251-67619A160F0B}"
EndProject
Project("{F184B08F-C81C-45F6-A57F-5ABD9991F28F}") = "KAM.COMMUNICATOR.Synchronize.Infra", "KAM.INSPECTOR.Synchronize.PDA.Infra\KAM.COMMUNICATOR.Synchronize.Infra.vbproj", "{56647CE4-CB40-4426-950B-4C734918AEEC}"
EndProject
Project("{F184B08F-C81C-45F6-A57F-5ABD9991F28F}") = "KAM.Communicator.UI.Test", "KAM.COMMUNICATOR.UI.Test\KAM.Communicator.UI.Test.vbproj", "{51E99B2A-3364-4174-AAF3-25513B14E560}"
EndProject
Project("{F184B08F-C81C-45F6-A57F-5ABD9991F28F}") = "KAM.COMMUNICATOR.Infra", "Kam.Communicator.Infra\KAM.COMMUNICATOR.Infra.vbproj", "{C780B5D8-A006-4C25-A2B3-7E05CC73DAAC}"
EndProject
Project("{2150E333-8FDC-42A3-9474-1A3956D46DE8}") = "COMMUNICATOR", "COMMUNICATOR", "{08F36E81-A924-480B-8821-A1902FAE72A4}"
EndProject
Project("{F184B08F-C81C-45F6-A57F-5ABD9991F28F}") = "KAM.INSPECTOR.info", "KAM.INSPECTOR.info\KAM.INSPECTOR.info.vbproj", "{E8520601-0D14-4F5E-8D73-13A02A852936}"
EndProject
Project("{F184B08F-C81C-45F6-A57F-5ABD9991F28F}") = "KAM.Infra", "KAM.Infra\KAM.Infra.vbproj", "{CB9C2C96-4E0D-4C6B-8F07-30B620C23423}"
EndProject
Project("{2150E333-8FDC-42A3-9474-1A3956D46DE8}") = "INSPECTOR PC", "INSPECTOR PC", "{23F18A13-9634-45F9-9D29-3323282A35FB}"
EndProject
Project("{F184B08F-C81C-45F6-A57F-5ABD9991F28F}") = "KAM.INSPECTOR.ResultsGridView", "KAM.INSPECTOR.ResultsGridView\KAM.INSPECTOR.ResultsGridView.vbproj", "{64A34B77-F1F8-4B42-97D3-57947E359F87}"
EndProject
Project("{2150E333-8FDC-42A3-9474-1A3956D46DE8}") = "SIOUX", "SIOUX", "{D1A8885D-5057-44B6-9557-A823CE3192F1}"
EndProject
Project("{FAE04EC0-301F-11D3-BF4B-00C04F79EFBC}") = "Inspector.BusinessLogic.Data.Configuration.Test", "SIOUX Source\Inspector.BusinessLogic.Data.Configuration.Test\Inspector.BusinessLogic.Data.Configuration.Test.csproj", "{A8E37D16-DC78-4732-BAE8-B8F4681CF24B}"
EndProject
Project("{FAE04EC0-301F-11D3-BF4B-00C04F79EFBC}") = "Inspector.BusinessLogic.Data.Reporting.Test", "SIOUX Source\Inspector.BusinessLogic.Data.Reporting.Test\Inspector.BusinessLogic.Data.Reporting.Test.csproj", "{8AC69329-729C-4EFC-A87A-808C8140C280}"
EndProject
Project("{FAE04EC0-301F-11D3-BF4B-00C04F79EFBC}") = "Inspector.BusinessLogic.Test", "SIOUX Source\Inspector.BusinessLogic.Test\Inspector.BusinessLogic.Test.csproj", "{F1B503B3-E312-4D04-943E-2FC32BA6BD1F}"
EndProject
Project("{FAE04EC0-301F-11D3-BF4B-00C04F79EFBC}") = "Inspector.Connection.Manager.Test", "SIOUX Source\Inspector.Connection.Manager.Test\Inspector.Connection.Manager.Test.csproj", "{D18C1209-33BA-4270-B482-2A2DE4DF0B07}"
EndProject
Project("{FAE04EC0-301F-11D3-BF4B-00C04F79EFBC}") = "Inspector.Connection.StateMachine.Test", "SIOUX Source\Inspector.Connection.StateMachine.Test\Inspector.Connection.StateMachine.Test.csproj", "{D581996E-45D8-4D33-B3CA-B958771A0C43}"
EndProject
Project("{FAE04EC0-301F-11D3-BF4B-00C04F79EFBC}") = "Inspector.Hal.Test", "SIOUX Source\Inspector.Hal.Test\Inspector.Hal.Test.csproj", "{8AA3F89A-7D7A-45D5-B4D2-A4713EFA1024}"
EndProject
Project("{FAE04EC0-301F-11D3-BF4B-00C04F79EFBC}") = "Inspector.UI", "SIOUX Source\Inspector.UI\Inspector.UI.csproj", "{493CA623-CCC9-4EBC-B822-8A483BD51A39}"
EndProject
Project("{FAE04EC0-301F-11D3-BF4B-00C04F79EFBC}") = "Inspector.UI.Initialization", "SIOUX Source\Inspector.UI.Initialization\Inspector.UI.Initialization.csproj", "{17A642C9-5971-4401-85DC-17D8CB250AC9}"
EndProject
Project("{FAE04EC0-301F-11D3-BF4B-00C04F79EFBC}") = "Inspector.UI.Inspection", "SIOUX Source\Inspector.UI.Inspection\Inspector.UI.Inspection.csproj", "{BC354E67-B644-48CD-94B1-8F23E165F794}"
EndProject
Project("{FAE04EC0-301F-11D3-BF4B-00C04F79EFBC}") = "Inspector.BusinessLogic", "SIOUX Source\Inspector.BusinessLogic\Inspector.BusinessLogic.csproj", "{EEC254F5-3712-4E2E-BF75-2F7A157DBE52}"
EndProject
Project("{FAE04EC0-301F-11D3-BF4B-00C04F79EFBC}") = "Inspector.BusinessLogic.Data.Configuration", "SIOUX Source\Inspector.BusinessLogic.Data.Configuration\Inspector.BusinessLogic.Data.Configuration.csproj", "{C0AFB243-E7A8-4FFA-AAE2-2DDFB38A356A}"
EndProject
Project("{FAE04EC0-301F-11D3-BF4B-00C04F79EFBC}") = "Inspector.BusinessLogic.Data.Configuration.Interfaces", "SIOUX Source\Inspector.BusinessLogic.Data.Configuration.Interfaces\Inspector.BusinessLogic.Data.Configuration.Interfaces.csproj", "{ECF2C1BE-46B2-4B1E-820E-CFAA8A08CF65}"
EndProject
Project("{FAE04EC0-301F-11D3-BF4B-00C04F79EFBC}") = "Inspector.BusinessLogic.Data.Reporting", "SIOUX Source\Inspector.BusinessLogic.Data.Reporting\Inspector.BusinessLogic.Data.Reporting.csproj", "{27A32818-C724-474A-BED3-264FECF9FC9E}"
EndProject
Project("{FAE04EC0-301F-11D3-BF4B-00C04F79EFBC}") = "Inspector.BusinessLogic.Data.Reporting.Interfaces", "SIOUX Source\Inspector.BusinessLogic.Data.Reporting.Interfaces\Inspector.BusinessLogic.Data.Reporting.Interfaces.csproj", "{C0E6768B-663E-430B-8829-460CC63D2934}"
EndProject
Project("{FAE04EC0-301F-11D3-BF4B-00C04F79EFBC}") = "Inspector.BusinessLogic.Interfaces", "SIOUX Source\Inspector.BusinessLogic.Interfaces\Inspector.BusinessLogic.Interfaces.csproj", "{B6A8F018-65B9-4FD4-9E83-68114AA85F79}"
EndProject
Project("{FAE04EC0-301F-11D3-BF4B-00C04F79EFBC}") = "Inspector.Connection.Manager", "SIOUX Source\Inspector.Connection.Manager\Inspector.Connection.Manager.csproj", "{D98FB01A-FF07-4429-89E5-65BF01CB12C3}"
EndProject
Project("{FAE04EC0-301F-11D3-BF4B-00C04F79EFBC}") = "Inspector.Connection.Manager.Interfaces", "SIOUX Source\Inspector.Connection.Manager.Interfaces\Inspector.Connection.Manager.Interfaces.csproj", "{8A17DF56-0DB2-43F4-A495-5015C728B570}"
EndProject
Project("{FAE04EC0-301F-11D3-BF4B-00C04F79EFBC}") = "Inspector.Connection.StateMachine", "SIOUX Source\Inspector.Connection.StateMachine\Inspector.Connection.StateMachine.csproj", "{237307D0-3C5D-412B-9E12-0DA189BCA4DC}"
EndProject
Project("{FAE04EC0-301F-11D3-BF4B-00C04F79EFBC}") = "Inspector.Hal", "SIOUX Source\Inspector.Hal\Inspector.Hal.csproj", "{1D8F0076-6285-48F1-B2DD-16FF62267A0B}"
EndProject
Project("{FAE04EC0-301F-11D3-BF4B-00C04F79EFBC}") = "Inspector.Hal.Infra", "SIOUX Source\Inspector.Hal.Infra\Inspector.Hal.Infra.csproj", "{415A48F8-D4F2-493D-909B-F78BC46E971C}"
EndProject
Project("{FAE04EC0-301F-11D3-BF4B-00C04F79EFBC}") = "Inspector.Hal.Interfaces", "SIOUX Source\Inspector.Hal.Interfaces\Inspector.Hal.Interfaces.csproj", "{8122832D-B86F-49E2-A03A-F15FE8AA777B}"
EndProject
Project("{FAE04EC0-301F-11D3-BF4B-00C04F79EFBC}") = "Inspector.Hal.Stub", "SIOUX Source\Inspector.Hal.Stub\Inspector.Hal.Stub.csproj", "{1570CAFA-6D59-49EC-A985-6CB96C369E16}"
EndProject
Project("{FAE04EC0-301F-11D3-BF4B-00C04F79EFBC}") = "Inspector.Infra", "SIOUX Source\Inspector.Infra\Inspector.Infra.csproj", "{E1DDB8BC-A377-4AE7-A304-E2FEFEB07643}"
EndProject
Project("{FAE04EC0-301F-11D3-BF4B-00C04F79EFBC}") = "Inspector.Model", "SIOUX Source\Inspector.Model\Inspector.Model.csproj", "{40C1CCC9-4D77-4F23-BFEE-92319C6B80F2}"
EndProject
Project("{FAE04EC0-301F-11D3-BF4B-00C04F79EFBC}") = "JSONParser", "..\..\..\ParserOlderVersionCompatible\JSONParser\JSONParser.csproj", "{0F8FA240-EF49-405B-986A-2C4C8737CF02}"
EndProject
Global
	GlobalSection(SolutionConfigurationPlatforms) = preSolution
		Debug COM|Any CPU = Debug COM|Any CPU
		Debug COM|Mixed Platforms = Debug COM|Mixed Platforms
		Debug COM|x86 = Debug COM|x86
		Debug|Any CPU = Debug|Any CPU
		Debug|Mixed Platforms = Debug|Mixed Platforms
		Debug|x86 = Debug|x86
		Release COMMUNICATOR|Any CPU = Release COMMUNICATOR|Any CPU
		Release COMMUNICATOR|Mixed Platforms = Release COMMUNICATOR|Mixed Platforms
		Release COMMUNICATOR|x86 = Release COMMUNICATOR|x86
		Release|Any CPU = Release|Any CPU
		Release|Mixed Platforms = Release|Mixed Platforms
		Release|x86 = Release|x86
	EndGlobalSection
	GlobalSection(ProjectConfigurationPlatforms) = postSolution
		{D20C00A7-BDEF-4DBC-A864-2F0706389F53}.Debug COM|Any CPU.ActiveCfg = Debug COM|Any CPU
		{D20C00A7-BDEF-4DBC-A864-2F0706389F53}.Debug COM|Any CPU.Build.0 = Debug COM|Any CPU
		{D20C00A7-BDEF-4DBC-A864-2F0706389F53}.Debug COM|Mixed Platforms.ActiveCfg = Debug COM|x86
		{D20C00A7-BDEF-4DBC-A864-2F0706389F53}.Debug COM|Mixed Platforms.Build.0 = Debug COM|x86
		{D20C00A7-BDEF-4DBC-A864-2F0706389F53}.Debug COM|x86.ActiveCfg = Debug COM|x86
		{D20C00A7-BDEF-4DBC-A864-2F0706389F53}.Debug COM|x86.Build.0 = Debug COM|x86
		{D20C00A7-BDEF-4DBC-A864-2F0706389F53}.Debug|Any CPU.ActiveCfg = Debug|Any CPU
		{D20C00A7-BDEF-4DBC-A864-2F0706389F53}.Debug|Any CPU.Build.0 = Debug|Any CPU
		{D20C00A7-BDEF-4DBC-A864-2F0706389F53}.Debug|Mixed Platforms.ActiveCfg = Debug|Any CPU
		{D20C00A7-BDEF-4DBC-A864-2F0706389F53}.Debug|Mixed Platforms.Build.0 = Debug|Any CPU
		{D20C00A7-BDEF-4DBC-A864-2F0706389F53}.Debug|x86.ActiveCfg = Debug|x86
		{D20C00A7-BDEF-4DBC-A864-2F0706389F53}.Debug|x86.Build.0 = Debug|x86
		{D20C00A7-BDEF-4DBC-A864-2F0706389F53}.Release COMMUNICATOR|Any CPU.ActiveCfg = Release COMMUNICATOR|Any CPU
		{D20C00A7-BDEF-4DBC-A864-2F0706389F53}.Release COMMUNICATOR|Any CPU.Build.0 = Release COMMUNICATOR|Any CPU
		{D20C00A7-BDEF-4DBC-A864-2F0706389F53}.Release COMMUNICATOR|Mixed Platforms.ActiveCfg = Release COMMUNICATOR|x86
		{D20C00A7-BDEF-4DBC-A864-2F0706389F53}.Release COMMUNICATOR|Mixed Platforms.Build.0 = Release COMMUNICATOR|x86
		{D20C00A7-BDEF-4DBC-A864-2F0706389F53}.Release COMMUNICATOR|x86.ActiveCfg = Release COMMUNICATOR|x86
		{D20C00A7-BDEF-4DBC-A864-2F0706389F53}.Release COMMUNICATOR|x86.Build.0 = Release COMMUNICATOR|x86
		{D20C00A7-BDEF-4DBC-A864-2F0706389F53}.Release|Any CPU.ActiveCfg = Release|Any CPU
		{D20C00A7-BDEF-4DBC-A864-2F0706389F53}.Release|Any CPU.Build.0 = Release|Any CPU
		{D20C00A7-BDEF-4DBC-A864-2F0706389F53}.Release|Mixed Platforms.ActiveCfg = Release|Any CPU
		{D20C00A7-BDEF-4DBC-A864-2F0706389F53}.Release|Mixed Platforms.Build.0 = Release|Any CPU
		{D20C00A7-BDEF-4DBC-A864-2F0706389F53}.Release|x86.ActiveCfg = Release|x86
		{D20C00A7-BDEF-4DBC-A864-2F0706389F53}.Release|x86.Build.0 = Release|x86
		{2816790E-EDC3-4E8B-8788-19871F11049D}.Debug COM|Any CPU.ActiveCfg = Debug COM|x86
		{2816790E-EDC3-4E8B-8788-19871F11049D}.Debug COM|Mixed Platforms.ActiveCfg = Debug COM|x86
		{2816790E-EDC3-4E8B-8788-19871F11049D}.Debug COM|Mixed Platforms.Build.0 = Debug COM|x86
		{2816790E-EDC3-4E8B-8788-19871F11049D}.Debug COM|x86.ActiveCfg = Debug COM|x86
		{2816790E-EDC3-4E8B-8788-19871F11049D}.Debug COM|x86.Build.0 = Debug COM|x86
		{2816790E-EDC3-4E8B-8788-19871F11049D}.Debug|Any CPU.ActiveCfg = Debug|x86
		{2816790E-EDC3-4E8B-8788-19871F11049D}.Debug|Mixed Platforms.ActiveCfg = Debug|x86
		{2816790E-EDC3-4E8B-8788-19871F11049D}.Debug|Mixed Platforms.Build.0 = Debug|x86
		{2816790E-EDC3-4E8B-8788-19871F11049D}.Debug|x86.ActiveCfg = Debug|x86
		{2816790E-EDC3-4E8B-8788-19871F11049D}.Debug|x86.Build.0 = Debug|x86
		{2816790E-EDC3-4E8B-8788-19871F11049D}.Release COMMUNICATOR|Any CPU.ActiveCfg = Release COMMUNICATOR|x86
		{2816790E-EDC3-4E8B-8788-19871F11049D}.Release COMMUNICATOR|Mixed Platforms.ActiveCfg = Release COMMUNICATOR|x86
		{2816790E-EDC3-4E8B-8788-19871F11049D}.Release COMMUNICATOR|Mixed Platforms.Build.0 = Release COMMUNICATOR|x86
		{2816790E-EDC3-4E8B-8788-19871F11049D}.Release COMMUNICATOR|x86.ActiveCfg = Release COMMUNICATOR|x86
		{2816790E-EDC3-4E8B-8788-19871F11049D}.Release COMMUNICATOR|x86.Build.0 = Release COMMUNICATOR|x86
		{2816790E-EDC3-4E8B-8788-19871F11049D}.Release|Any CPU.ActiveCfg = Release|x86
		{2816790E-EDC3-4E8B-8788-19871F11049D}.Release|Any CPU.Build.0 = Release|x86
		{2816790E-EDC3-4E8B-8788-19871F11049D}.Release|Mixed Platforms.ActiveCfg = Release|x86
		{2816790E-EDC3-4E8B-8788-19871F11049D}.Release|Mixed Platforms.Build.0 = Release|x86
		{2816790E-EDC3-4E8B-8788-19871F11049D}.Release|x86.ActiveCfg = Release|x86
		{2816790E-EDC3-4E8B-8788-19871F11049D}.Release|x86.Build.0 = Release|x86
		{E8DB4A31-296D-4498-B84F-A7C0234756BB}.Debug COM|Any CPU.ActiveCfg = Debug COM|Any CPU
		{E8DB4A31-296D-4498-B84F-A7C0234756BB}.Debug COM|Any CPU.Build.0 = Debug COM|Any CPU
		{E8DB4A31-296D-4498-B84F-A7C0234756BB}.Debug COM|Mixed Platforms.ActiveCfg = Debug COM|x86
		{E8DB4A31-296D-4498-B84F-A7C0234756BB}.Debug COM|Mixed Platforms.Build.0 = Debug COM|x86
		{E8DB4A31-296D-4498-B84F-A7C0234756BB}.Debug COM|x86.ActiveCfg = Debug COM|x86
		{E8DB4A31-296D-4498-B84F-A7C0234756BB}.Debug COM|x86.Build.0 = Debug COM|x86
		{E8DB4A31-296D-4498-B84F-A7C0234756BB}.Debug|Any CPU.ActiveCfg = Debug|Any CPU
		{E8DB4A31-296D-4498-B84F-A7C0234756BB}.Debug|Any CPU.Build.0 = Debug|Any CPU
		{E8DB4A31-296D-4498-B84F-A7C0234756BB}.Debug|Mixed Platforms.ActiveCfg = Debug|Any CPU
		{E8DB4A31-296D-4498-B84F-A7C0234756BB}.Debug|Mixed Platforms.Build.0 = Debug|Any CPU
		{E8DB4A31-296D-4498-B84F-A7C0234756BB}.Debug|x86.ActiveCfg = Debug|x86
		{E8DB4A31-296D-4498-B84F-A7C0234756BB}.Debug|x86.Build.0 = Debug|x86
		{E8DB4A31-296D-4498-B84F-A7C0234756BB}.Release COMMUNICATOR|Any CPU.ActiveCfg = Release COMMUNICATOR|Any CPU
		{E8DB4A31-296D-4498-B84F-A7C0234756BB}.Release COMMUNICATOR|Any CPU.Build.0 = Release COMMUNICATOR|Any CPU
		{E8DB4A31-296D-4498-B84F-A7C0234756BB}.Release COMMUNICATOR|Mixed Platforms.ActiveCfg = Release COMMUNICATOR|x86
		{E8DB4A31-296D-4498-B84F-A7C0234756BB}.Release COMMUNICATOR|Mixed Platforms.Build.0 = Release COMMUNICATOR|x86
		{E8DB4A31-296D-4498-B84F-A7C0234756BB}.Release COMMUNICATOR|x86.ActiveCfg = Release COMMUNICATOR|x86
		{E8DB4A31-296D-4498-B84F-A7C0234756BB}.Release COMMUNICATOR|x86.Build.0 = Release COMMUNICATOR|x86
		{E8DB4A31-296D-4498-B84F-A7C0234756BB}.Release|Any CPU.ActiveCfg = Release|Any CPU
		{E8DB4A31-296D-4498-B84F-A7C0234756BB}.Release|Any CPU.Build.0 = Release|Any CPU
		{E8DB4A31-296D-4498-B84F-A7C0234756BB}.Release|Mixed Platforms.ActiveCfg = Release|Any CPU
		{E8DB4A31-296D-4498-B84F-A7C0234756BB}.Release|Mixed Platforms.Build.0 = Release|Any CPU
		{E8DB4A31-296D-4498-B84F-A7C0234756BB}.Release|x86.ActiveCfg = Release|x86
		{E8DB4A31-296D-4498-B84F-A7C0234756BB}.Release|x86.Build.0 = Release|x86
		{721407B3-2017-4C5F-958E-C6C0F5C0C37A}.Debug COM|Any CPU.ActiveCfg = Debug COM|Any CPU
		{721407B3-2017-4C5F-958E-C6C0F5C0C37A}.Debug COM|Any CPU.Build.0 = Debug COM|Any CPU
		{721407B3-2017-4C5F-958E-C6C0F5C0C37A}.Debug COM|Mixed Platforms.ActiveCfg = Debug COM|x86
		{721407B3-2017-4C5F-958E-C6C0F5C0C37A}.Debug COM|Mixed Platforms.Build.0 = Debug COM|x86
		{721407B3-2017-4C5F-958E-C6C0F5C0C37A}.Debug COM|x86.ActiveCfg = Debug COM|x86
		{721407B3-2017-4C5F-958E-C6C0F5C0C37A}.Debug COM|x86.Build.0 = Debug COM|x86
		{721407B3-2017-4C5F-958E-C6C0F5C0C37A}.Debug|Any CPU.ActiveCfg = Debug|Any CPU
		{721407B3-2017-4C5F-958E-C6C0F5C0C37A}.Debug|Any CPU.Build.0 = Debug|Any CPU
		{721407B3-2017-4C5F-958E-C6C0F5C0C37A}.Debug|Mixed Platforms.ActiveCfg = Debug|Any CPU
		{721407B3-2017-4C5F-958E-C6C0F5C0C37A}.Debug|Mixed Platforms.Build.0 = Debug|Any CPU
		{721407B3-2017-4C5F-958E-C6C0F5C0C37A}.Debug|x86.ActiveCfg = Debug|x86
		{721407B3-2017-4C5F-958E-C6C0F5C0C37A}.Debug|x86.Build.0 = Debug|x86
		{721407B3-2017-4C5F-958E-C6C0F5C0C37A}.Release COMMUNICATOR|Any CPU.ActiveCfg = Release COMMUNICATOR|Any CPU
		{721407B3-2017-4C5F-958E-C6C0F5C0C37A}.Release COMMUNICATOR|Any CPU.Build.0 = Release COMMUNICATOR|Any CPU
		{721407B3-2017-4C5F-958E-C6C0F5C0C37A}.Release COMMUNICATOR|Mixed Platforms.ActiveCfg = Release COMMUNICATOR|x86
		{721407B3-2017-4C5F-958E-C6C0F5C0C37A}.Release COMMUNICATOR|Mixed Platforms.Build.0 = Release COMMUNICATOR|x86
		{721407B3-2017-4C5F-958E-C6C0F5C0C37A}.Release COMMUNICATOR|x86.ActiveCfg = Release COMMUNICATOR|x86
		{721407B3-2017-4C5F-958E-C6C0F5C0C37A}.Release COMMUNICATOR|x86.Build.0 = Release COMMUNICATOR|x86
		{721407B3-2017-4C5F-958E-C6C0F5C0C37A}.Release|Any CPU.ActiveCfg = Release|Any CPU
		{721407B3-2017-4C5F-958E-C6C0F5C0C37A}.Release|Any CPU.Build.0 = Release|Any CPU
		{721407B3-2017-4C5F-958E-C6C0F5C0C37A}.Release|Mixed Platforms.ActiveCfg = Release|Any CPU
		{721407B3-2017-4C5F-958E-C6C0F5C0C37A}.Release|Mixed Platforms.Build.0 = Release|Any CPU
		{721407B3-2017-4C5F-958E-C6C0F5C0C37A}.Release|x86.ActiveCfg = Release|x86
		{721407B3-2017-4C5F-958E-C6C0F5C0C37A}.Release|x86.Build.0 = Release|x86
		{D952F51D-FC43-49B9-81B4-60CC3F4399D3}.Debug COM|Any CPU.ActiveCfg = Debug COM|Any CPU
		{D952F51D-FC43-49B9-81B4-60CC3F4399D3}.Debug COM|Any CPU.Build.0 = Debug COM|Any CPU
		{D952F51D-FC43-49B9-81B4-60CC3F4399D3}.Debug COM|Mixed Platforms.ActiveCfg = Debug COM|x86
		{D952F51D-FC43-49B9-81B4-60CC3F4399D3}.Debug COM|Mixed Platforms.Build.0 = Debug COM|x86
		{D952F51D-FC43-49B9-81B4-60CC3F4399D3}.Debug COM|x86.ActiveCfg = Debug COM|x86
		{D952F51D-FC43-49B9-81B4-60CC3F4399D3}.Debug COM|x86.Build.0 = Debug COM|x86
		{D952F51D-FC43-49B9-81B4-60CC3F4399D3}.Debug|Any CPU.ActiveCfg = Debug|Any CPU
		{D952F51D-FC43-49B9-81B4-60CC3F4399D3}.Debug|Any CPU.Build.0 = Debug|Any CPU
		{D952F51D-FC43-49B9-81B4-60CC3F4399D3}.Debug|Mixed Platforms.ActiveCfg = Debug|Any CPU
		{D952F51D-FC43-49B9-81B4-60CC3F4399D3}.Debug|Mixed Platforms.Build.0 = Debug|Any CPU
		{D952F51D-FC43-49B9-81B4-60CC3F4399D3}.Debug|x86.ActiveCfg = Debug|x86
		{D952F51D-FC43-49B9-81B4-60CC3F4399D3}.Debug|x86.Build.0 = Debug|x86
		{D952F51D-FC43-49B9-81B4-60CC3F4399D3}.Release COMMUNICATOR|Any CPU.ActiveCfg = Release COMMUNICATOR|Any CPU
		{D952F51D-FC43-49B9-81B4-60CC3F4399D3}.Release COMMUNICATOR|Any CPU.Build.0 = Release COMMUNICATOR|Any CPU
		{D952F51D-FC43-49B9-81B4-60CC3F4399D3}.Release COMMUNICATOR|Mixed Platforms.ActiveCfg = Release COMMUNICATOR|x86
		{D952F51D-FC43-49B9-81B4-60CC3F4399D3}.Release COMMUNICATOR|Mixed Platforms.Build.0 = Release COMMUNICATOR|x86
		{D952F51D-FC43-49B9-81B4-60CC3F4399D3}.Release COMMUNICATOR|x86.ActiveCfg = Release COMMUNICATOR|x86
		{D952F51D-FC43-49B9-81B4-60CC3F4399D3}.Release COMMUNICATOR|x86.Build.0 = Release COMMUNICATOR|x86
		{D952F51D-FC43-49B9-81B4-60CC3F4399D3}.Release|Any CPU.ActiveCfg = Release|Any CPU
		{D952F51D-FC43-49B9-81B4-60CC3F4399D3}.Release|Any CPU.Build.0 = Release|Any CPU
		{D952F51D-FC43-49B9-81B4-60CC3F4399D3}.Release|Mixed Platforms.ActiveCfg = Release|Any CPU
		{D952F51D-FC43-49B9-81B4-60CC3F4399D3}.Release|Mixed Platforms.Build.0 = Release|Any CPU
		{D952F51D-FC43-49B9-81B4-60CC3F4399D3}.Release|x86.ActiveCfg = Release|x86
		{D952F51D-FC43-49B9-81B4-60CC3F4399D3}.Release|x86.Build.0 = Release|x86
		{34C111A8-EA8C-4FC0-93A2-6EE5C3A0CB2F}.Debug COM|Any CPU.ActiveCfg = Debug|Any CPU
		{34C111A8-EA8C-4FC0-93A2-6EE5C3A0CB2F}.Debug COM|Any CPU.Build.0 = Debug|Any CPU
		{34C111A8-EA8C-4FC0-93A2-6EE5C3A0CB2F}.Debug COM|Mixed Platforms.ActiveCfg = Debug|x86
		{34C111A8-EA8C-4FC0-93A2-6EE5C3A0CB2F}.Debug COM|Mixed Platforms.Build.0 = Debug|x86
		{34C111A8-EA8C-4FC0-93A2-6EE5C3A0CB2F}.Debug COM|x86.ActiveCfg = Debug|x86
		{34C111A8-EA8C-4FC0-93A2-6EE5C3A0CB2F}.Debug COM|x86.Build.0 = Debug|x86
		{34C111A8-EA8C-4FC0-93A2-6EE5C3A0CB2F}.Debug|Any CPU.ActiveCfg = Debug|Any CPU
		{34C111A8-EA8C-4FC0-93A2-6EE5C3A0CB2F}.Debug|Any CPU.Build.0 = Debug|Any CPU
		{34C111A8-EA8C-4FC0-93A2-6EE5C3A0CB2F}.Debug|Mixed Platforms.ActiveCfg = Debug|x86
		{34C111A8-EA8C-4FC0-93A2-6EE5C3A0CB2F}.Debug|Mixed Platforms.Build.0 = Debug|x86
		{34C111A8-EA8C-4FC0-93A2-6EE5C3A0CB2F}.Debug|x86.ActiveCfg = Debug|x86
		{34C111A8-EA8C-4FC0-93A2-6EE5C3A0CB2F}.Release COMMUNICATOR|Any CPU.ActiveCfg = Release|Any CPU
		{34C111A8-EA8C-4FC0-93A2-6EE5C3A0CB2F}.Release COMMUNICATOR|Any CPU.Build.0 = Release|Any CPU
		{34C111A8-EA8C-4FC0-93A2-6EE5C3A0CB2F}.Release COMMUNICATOR|Mixed Platforms.ActiveCfg = Release|x86
		{34C111A8-EA8C-4FC0-93A2-6EE5C3A0CB2F}.Release COMMUNICATOR|Mixed Platforms.Build.0 = Release|x86
		{34C111A8-EA8C-4FC0-93A2-6EE5C3A0CB2F}.Release COMMUNICATOR|x86.ActiveCfg = Release|x86
		{34C111A8-EA8C-4FC0-93A2-6EE5C3A0CB2F}.Release COMMUNICATOR|x86.Build.0 = Release|x86
		{34C111A8-EA8C-4FC0-93A2-6EE5C3A0CB2F}.Release|Any CPU.ActiveCfg = Release|x86
		{34C111A8-EA8C-4FC0-93A2-6EE5C3A0CB2F}.Release|Any CPU.Build.0 = Release|x86
		{34C111A8-EA8C-4FC0-93A2-6EE5C3A0CB2F}.Release|Mixed Platforms.ActiveCfg = Release|x86
		{34C111A8-EA8C-4FC0-93A2-6EE5C3A0CB2F}.Release|Mixed Platforms.Build.0 = Release|x86
		{34C111A8-EA8C-4FC0-93A2-6EE5C3A0CB2F}.Release|x86.ActiveCfg = Release|x86
		{71840666-2417-4DD6-A5AB-811B53A5ED1D}.Debug COM|Any CPU.ActiveCfg = Debug COM|x86
		{71840666-2417-4DD6-A5AB-811B53A5ED1D}.Debug COM|Mixed Platforms.ActiveCfg = Debug COM|x86
		{71840666-2417-4DD6-A5AB-811B53A5ED1D}.Debug COM|Mixed Platforms.Build.0 = Debug COM|x86
		{71840666-2417-4DD6-A5AB-811B53A5ED1D}.Debug COM|x86.ActiveCfg = Debug COM|x86
		{71840666-2417-4DD6-A5AB-811B53A5ED1D}.Debug COM|x86.Build.0 = Debug COM|x86
		{71840666-2417-4DD6-A5AB-811B53A5ED1D}.Debug|Any CPU.ActiveCfg = Debug|x86
		{71840666-2417-4DD6-A5AB-811B53A5ED1D}.Debug|Mixed Platforms.ActiveCfg = Debug|x86
		{71840666-2417-4DD6-A5AB-811B53A5ED1D}.Debug|Mixed Platforms.Build.0 = Debug|x86
		{71840666-2417-4DD6-A5AB-811B53A5ED1D}.Debug|x86.ActiveCfg = Debug|x86
		{71840666-2417-4DD6-A5AB-811B53A5ED1D}.Debug|x86.Build.0 = Debug|x86
		{71840666-2417-4DD6-A5AB-811B53A5ED1D}.Release COMMUNICATOR|Any CPU.ActiveCfg = Release COMMUNICATOR|x86
		{71840666-2417-4DD6-A5AB-811B53A5ED1D}.Release COMMUNICATOR|Mixed Platforms.ActiveCfg = Release COMMUNICATOR|x86
		{71840666-2417-4DD6-A5AB-811B53A5ED1D}.Release COMMUNICATOR|Mixed Platforms.Build.0 = Release COMMUNICATOR|x86
		{71840666-2417-4DD6-A5AB-811B53A5ED1D}.Release COMMUNICATOR|x86.ActiveCfg = Release COMMUNICATOR|x86
		{71840666-2417-4DD6-A5AB-811B53A5ED1D}.Release COMMUNICATOR|x86.Build.0 = Release COMMUNICATOR|x86
		{71840666-2417-4DD6-A5AB-811B53A5ED1D}.Release|Any CPU.ActiveCfg = Release|x86
		{71840666-2417-4DD6-A5AB-811B53A5ED1D}.Release|Any CPU.Build.0 = Release|x86
		{71840666-2417-4DD6-A5AB-811B53A5ED1D}.Release|Mixed Platforms.ActiveCfg = Release|x86
		{71840666-2417-4DD6-A5AB-811B53A5ED1D}.Release|Mixed Platforms.Build.0 = Release|x86
		{71840666-2417-4DD6-A5AB-811B53A5ED1D}.Release|x86.ActiveCfg = Release|x86
		{71840666-2417-4DD6-A5AB-811B53A5ED1D}.Release|x86.Build.0 = Release|x86
		{3258D146-DC57-493C-9362-75BA9DC8BB4E}.Debug COM|Any CPU.ActiveCfg = Debug COM|Any CPU
		{3258D146-DC57-493C-9362-75BA9DC8BB4E}.Debug COM|Any CPU.Build.0 = Debug COM|Any CPU
		{3258D146-DC57-493C-9362-75BA9DC8BB4E}.Debug COM|Mixed Platforms.ActiveCfg = Debug COM|x86
		{3258D146-DC57-493C-9362-75BA9DC8BB4E}.Debug COM|Mixed Platforms.Build.0 = Debug COM|x86
		{3258D146-DC57-493C-9362-75BA9DC8BB4E}.Debug COM|x86.ActiveCfg = Debug COM|x86
		{3258D146-DC57-493C-9362-75BA9DC8BB4E}.Debug COM|x86.Build.0 = Debug COM|x86
		{3258D146-DC57-493C-9362-75BA9DC8BB4E}.Debug|Any CPU.ActiveCfg = Debug|Any CPU
		{3258D146-DC57-493C-9362-75BA9DC8BB4E}.Debug|Any CPU.Build.0 = Debug|Any CPU
		{3258D146-DC57-493C-9362-75BA9DC8BB4E}.Debug|Mixed Platforms.ActiveCfg = Debug|Any CPU
		{3258D146-DC57-493C-9362-75BA9DC8BB4E}.Debug|Mixed Platforms.Build.0 = Debug|Any CPU
		{3258D146-DC57-493C-9362-75BA9DC8BB4E}.Debug|x86.ActiveCfg = Debug|x86
		{3258D146-DC57-493C-9362-75BA9DC8BB4E}.Debug|x86.Build.0 = Debug|x86
		{3258D146-DC57-493C-9362-75BA9DC8BB4E}.Release COMMUNICATOR|Any CPU.ActiveCfg = Release COMMUNICATOR|Any CPU
		{3258D146-DC57-493C-9362-75BA9DC8BB4E}.Release COMMUNICATOR|Any CPU.Build.0 = Release COMMUNICATOR|Any CPU
		{3258D146-DC57-493C-9362-75BA9DC8BB4E}.Release COMMUNICATOR|Mixed Platforms.ActiveCfg = Release COMMUNICATOR|x86
		{3258D146-DC57-493C-9362-75BA9DC8BB4E}.Release COMMUNICATOR|Mixed Platforms.Build.0 = Release COMMUNICATOR|x86
		{3258D146-DC57-493C-9362-75BA9DC8BB4E}.Release COMMUNICATOR|x86.ActiveCfg = Release COMMUNICATOR|x86
		{3258D146-DC57-493C-9362-75BA9DC8BB4E}.Release COMMUNICATOR|x86.Build.0 = Release COMMUNICATOR|x86
		{3258D146-DC57-493C-9362-75BA9DC8BB4E}.Release|Any CPU.ActiveCfg = Release|Any CPU
		{3258D146-DC57-493C-9362-75BA9DC8BB4E}.Release|Any CPU.Build.0 = Release|Any CPU
		{3258D146-DC57-493C-9362-75BA9DC8BB4E}.Release|Mixed Platforms.ActiveCfg = Release|Any CPU
		{3258D146-DC57-493C-9362-75BA9DC8BB4E}.Release|Mixed Platforms.Build.0 = Release|Any CPU
		{3258D146-DC57-493C-9362-75BA9DC8BB4E}.Release|x86.ActiveCfg = Release|x86
		{3258D146-DC57-493C-9362-75BA9DC8BB4E}.Release|x86.Build.0 = Release|x86
		{33E326C6-D7A3-438E-A251-67619A160F0B}.Debug COM|Any CPU.ActiveCfg = Debug COM|Any CPU
		{33E326C6-D7A3-438E-A251-67619A160F0B}.Debug COM|Any CPU.Build.0 = Debug COM|Any CPU
		{33E326C6-D7A3-438E-A251-67619A160F0B}.Debug COM|Mixed Platforms.ActiveCfg = Debug COM|x86
		{33E326C6-D7A3-438E-A251-67619A160F0B}.Debug COM|Mixed Platforms.Build.0 = Debug COM|x86
		{33E326C6-D7A3-438E-A251-67619A160F0B}.Debug COM|x86.ActiveCfg = Debug COM|x86
		{33E326C6-D7A3-438E-A251-67619A160F0B}.Debug COM|x86.Build.0 = Debug COM|x86
		{33E326C6-D7A3-438E-A251-67619A160F0B}.Debug|Any CPU.ActiveCfg = Debug|Any CPU
		{33E326C6-D7A3-438E-A251-67619A160F0B}.Debug|Any CPU.Build.0 = Debug|Any CPU
		{33E326C6-D7A3-438E-A251-67619A160F0B}.Debug|Mixed Platforms.ActiveCfg = Debug|Any CPU
		{33E326C6-D7A3-438E-A251-67619A160F0B}.Debug|Mixed Platforms.Build.0 = Debug|Any CPU
		{33E326C6-D7A3-438E-A251-67619A160F0B}.Debug|x86.ActiveCfg = Debug|x86
		{33E326C6-D7A3-438E-A251-67619A160F0B}.Release COMMUNICATOR|Any CPU.ActiveCfg = Release COMMUNICATOR|Any CPU
		{33E326C6-D7A3-438E-A251-67619A160F0B}.Release COMMUNICATOR|Any CPU.Build.0 = Release COMMUNICATOR|Any CPU
		{33E326C6-D7A3-438E-A251-67619A160F0B}.Release COMMUNICATOR|Mixed Platforms.ActiveCfg = Release COMMUNICATOR|x86
		{33E326C6-D7A3-438E-A251-67619A160F0B}.Release COMMUNICATOR|Mixed Platforms.Build.0 = Release COMMUNICATOR|x86
		{33E326C6-D7A3-438E-A251-67619A160F0B}.Release COMMUNICATOR|x86.ActiveCfg = Release COMMUNICATOR|x86
		{33E326C6-D7A3-438E-A251-67619A160F0B}.Release COMMUNICATOR|x86.Build.0 = Release COMMUNICATOR|x86
		{33E326C6-D7A3-438E-A251-67619A160F0B}.Release|Any CPU.ActiveCfg = Release|x86
		{33E326C6-D7A3-438E-A251-67619A160F0B}.Release|Any CPU.Build.0 = Release|x86
		{33E326C6-D7A3-438E-A251-67619A160F0B}.Release|Mixed Platforms.ActiveCfg = Release|Any CPU
		{33E326C6-D7A3-438E-A251-67619A160F0B}.Release|Mixed Platforms.Build.0 = Release|Any CPU
		{33E326C6-D7A3-438E-A251-67619A160F0B}.Release|x86.ActiveCfg = Release|x86
		{56647CE4-CB40-4426-950B-4C734918AEEC}.Debug COM|Any CPU.ActiveCfg = Debug COM|Any CPU
		{56647CE4-CB40-4426-950B-4C734918AEEC}.Debug COM|Any CPU.Build.0 = Debug COM|Any CPU
		{56647CE4-CB40-4426-950B-4C734918AEEC}.Debug COM|Mixed Platforms.ActiveCfg = Debug COM|x86
		{56647CE4-CB40-4426-950B-4C734918AEEC}.Debug COM|Mixed Platforms.Build.0 = Debug COM|x86
		{56647CE4-CB40-4426-950B-4C734918AEEC}.Debug COM|x86.ActiveCfg = Debug COM|x86
		{56647CE4-CB40-4426-950B-4C734918AEEC}.Debug COM|x86.Build.0 = Debug COM|x86
		{56647CE4-CB40-4426-950B-4C734918AEEC}.Debug|Any CPU.ActiveCfg = Debug|Any CPU
		{56647CE4-CB40-4426-950B-4C734918AEEC}.Debug|Any CPU.Build.0 = Debug|Any CPU
		{56647CE4-CB40-4426-950B-4C734918AEEC}.Debug|Mixed Platforms.ActiveCfg = Debug|Any CPU
		{56647CE4-CB40-4426-950B-4C734918AEEC}.Debug|Mixed Platforms.Build.0 = Debug|Any CPU
		{56647CE4-CB40-4426-950B-4C734918AEEC}.Debug|x86.ActiveCfg = Debug|x86
		{56647CE4-CB40-4426-950B-4C734918AEEC}.Release COMMUNICATOR|Any CPU.ActiveCfg = Release COMMUNICATOR|Any CPU
		{56647CE4-CB40-4426-950B-4C734918AEEC}.Release COMMUNICATOR|Any CPU.Build.0 = Release COMMUNICATOR|Any CPU
		{56647CE4-CB40-4426-950B-4C734918AEEC}.Release COMMUNICATOR|Mixed Platforms.ActiveCfg = Release COMMUNICATOR|x86
		{56647CE4-CB40-4426-950B-4C734918AEEC}.Release COMMUNICATOR|Mixed Platforms.Build.0 = Release COMMUNICATOR|x86
		{56647CE4-CB40-4426-950B-4C734918AEEC}.Release COMMUNICATOR|x86.ActiveCfg = Release COMMUNICATOR|x86
		{56647CE4-CB40-4426-950B-4C734918AEEC}.Release COMMUNICATOR|x86.Build.0 = Release COMMUNICATOR|x86
		{56647CE4-CB40-4426-950B-4C734918AEEC}.Release|Any CPU.ActiveCfg = Release|Any CPU
		{56647CE4-CB40-4426-950B-4C734918AEEC}.Release|Any CPU.Build.0 = Release|Any CPU
		{56647CE4-CB40-4426-950B-4C734918AEEC}.Release|Mixed Platforms.ActiveCfg = Release|Any CPU
		{56647CE4-CB40-4426-950B-4C734918AEEC}.Release|Mixed Platforms.Build.0 = Release|Any CPU
		{56647CE4-CB40-4426-950B-4C734918AEEC}.Release|x86.ActiveCfg = Release|x86
		{51E99B2A-3364-4174-AAF3-25513B14E560}.Debug COM|Any CPU.ActiveCfg = Debug COM|Any CPU
		{51E99B2A-3364-4174-AAF3-25513B14E560}.Debug COM|Any CPU.Build.0 = Debug COM|Any CPU
		{51E99B2A-3364-4174-AAF3-25513B14E560}.Debug COM|Mixed Platforms.ActiveCfg = Debug COM|x86
		{51E99B2A-3364-4174-AAF3-25513B14E560}.Debug COM|Mixed Platforms.Build.0 = Debug COM|x86
		{51E99B2A-3364-4174-AAF3-25513B14E560}.Debug COM|x86.ActiveCfg = Debug COM|x86
		{51E99B2A-3364-4174-AAF3-25513B14E560}.Debug COM|x86.Build.0 = Debug COM|x86
		{51E99B2A-3364-4174-AAF3-25513B14E560}.Debug|Any CPU.ActiveCfg = Debug|Any CPU
		{51E99B2A-3364-4174-AAF3-25513B14E560}.Debug|Any CPU.Build.0 = Debug|Any CPU
		{51E99B2A-3364-4174-AAF3-25513B14E560}.Debug|Mixed Platforms.ActiveCfg = Debug|x86
		{51E99B2A-3364-4174-AAF3-25513B14E560}.Debug|Mixed Platforms.Build.0 = Debug|x86
		{51E99B2A-3364-4174-AAF3-25513B14E560}.Debug|x86.ActiveCfg = Debug|x86
		{51E99B2A-3364-4174-AAF3-25513B14E560}.Release COMMUNICATOR|Any CPU.ActiveCfg = Release COMMUNICATOR|Any CPU
		{51E99B2A-3364-4174-AAF3-25513B14E560}.Release COMMUNICATOR|Any CPU.Build.0 = Release COMMUNICATOR|Any CPU
		{51E99B2A-3364-4174-AAF3-25513B14E560}.Release COMMUNICATOR|Mixed Platforms.ActiveCfg = Release COMMUNICATOR|x86
		{51E99B2A-3364-4174-AAF3-25513B14E560}.Release COMMUNICATOR|Mixed Platforms.Build.0 = Release COMMUNICATOR|x86
		{51E99B2A-3364-4174-AAF3-25513B14E560}.Release COMMUNICATOR|x86.ActiveCfg = Release COMMUNICATOR|x86
		{51E99B2A-3364-4174-AAF3-25513B14E560}.Release COMMUNICATOR|x86.Build.0 = Release COMMUNICATOR|x86
		{51E99B2A-3364-4174-AAF3-25513B14E560}.Release|Any CPU.ActiveCfg = Release|x86
		{51E99B2A-3364-4174-AAF3-25513B14E560}.Release|Any CPU.Build.0 = Release|x86
		{51E99B2A-3364-4174-AAF3-25513B14E560}.Release|Mixed Platforms.ActiveCfg = Release|x86
		{51E99B2A-3364-4174-AAF3-25513B14E560}.Release|Mixed Platforms.Build.0 = Release|x86
		{51E99B2A-3364-4174-AAF3-25513B14E560}.Release|x86.ActiveCfg = Release|x86
		{C780B5D8-A006-4C25-A2B3-7E05CC73DAAC}.Debug COM|Any CPU.ActiveCfg = Debug|Any CPU
		{C780B5D8-A006-4C25-A2B3-7E05CC73DAAC}.Debug COM|Any CPU.Build.0 = Debug|Any CPU
		{C780B5D8-A006-4C25-A2B3-7E05CC73DAAC}.Debug COM|Mixed Platforms.ActiveCfg = Debug|x86
		{C780B5D8-A006-4C25-A2B3-7E05CC73DAAC}.Debug COM|Mixed Platforms.Build.0 = Debug|x86
		{C780B5D8-A006-4C25-A2B3-7E05CC73DAAC}.Debug COM|x86.ActiveCfg = Debug|x86
		{C780B5D8-A006-4C25-A2B3-7E05CC73DAAC}.Debug COM|x86.Build.0 = Debug|x86
		{C780B5D8-A006-4C25-A2B3-7E05CC73DAAC}.Debug|Any CPU.ActiveCfg = Debug|Any CPU
		{C780B5D8-A006-4C25-A2B3-7E05CC73DAAC}.Debug|Any CPU.Build.0 = Debug|Any CPU
		{C780B5D8-A006-4C25-A2B3-7E05CC73DAAC}.Debug|Mixed Platforms.ActiveCfg = Debug|Any CPU
		{C780B5D8-A006-4C25-A2B3-7E05CC73DAAC}.Debug|Mixed Platforms.Build.0 = Debug|Any CPU
		{C780B5D8-A006-4C25-A2B3-7E05CC73DAAC}.Debug|x86.ActiveCfg = Debug|x86
		{C780B5D8-A006-4C25-A2B3-7E05CC73DAAC}.Release COMMUNICATOR|Any CPU.ActiveCfg = Release COMMUNICATOR|Any CPU
		{C780B5D8-A006-4C25-A2B3-7E05CC73DAAC}.Release COMMUNICATOR|Any CPU.Build.0 = Release COMMUNICATOR|Any CPU
		{C780B5D8-A006-4C25-A2B3-7E05CC73DAAC}.Release COMMUNICATOR|Mixed Platforms.ActiveCfg = Release COMMUNICATOR|x86
		{C780B5D8-A006-4C25-A2B3-7E05CC73DAAC}.Release COMMUNICATOR|Mixed Platforms.Build.0 = Release COMMUNICATOR|x86
		{C780B5D8-A006-4C25-A2B3-7E05CC73DAAC}.Release COMMUNICATOR|x86.ActiveCfg = Release COMMUNICATOR|x86
		{C780B5D8-A006-4C25-A2B3-7E05CC73DAAC}.Release COMMUNICATOR|x86.Build.0 = Release COMMUNICATOR|x86
		{C780B5D8-A006-4C25-A2B3-7E05CC73DAAC}.Release|Any CPU.ActiveCfg = Release|x86
		{C780B5D8-A006-4C25-A2B3-7E05CC73DAAC}.Release|Any CPU.Build.0 = Release|x86
		{C780B5D8-A006-4C25-A2B3-7E05CC73DAAC}.Release|Mixed Platforms.ActiveCfg = Release|Any CPU
		{C780B5D8-A006-4C25-A2B3-7E05CC73DAAC}.Release|Mixed Platforms.Build.0 = Release|Any CPU
		{C780B5D8-A006-4C25-A2B3-7E05CC73DAAC}.Release|x86.ActiveCfg = Release|x86
		{E8520601-0D14-4F5E-8D73-13A02A852936}.Debug COM|Any CPU.ActiveCfg = Debug COM|Any CPU
		{E8520601-0D14-4F5E-8D73-13A02A852936}.Debug COM|Any CPU.Build.0 = Debug COM|Any CPU
		{E8520601-0D14-4F5E-8D73-13A02A852936}.Debug COM|Mixed Platforms.ActiveCfg = Debug COM|x86
		{E8520601-0D14-4F5E-8D73-13A02A852936}.Debug COM|Mixed Platforms.Build.0 = Debug COM|x86
		{E8520601-0D14-4F5E-8D73-13A02A852936}.Debug COM|x86.ActiveCfg = Debug COM|x86
		{E8520601-0D14-4F5E-8D73-13A02A852936}.Debug COM|x86.Build.0 = Debug COM|x86
		{E8520601-0D14-4F5E-8D73-13A02A852936}.Debug|Any CPU.ActiveCfg = Debug|Any CPU
		{E8520601-0D14-4F5E-8D73-13A02A852936}.Debug|Any CPU.Build.0 = Debug|Any CPU
		{E8520601-0D14-4F5E-8D73-13A02A852936}.Debug|Mixed Platforms.ActiveCfg = Debug|Any CPU
		{E8520601-0D14-4F5E-8D73-13A02A852936}.Debug|Mixed Platforms.Build.0 = Debug|Any CPU
		{E8520601-0D14-4F5E-8D73-13A02A852936}.Debug|x86.ActiveCfg = Debug|x86
		{E8520601-0D14-4F5E-8D73-13A02A852936}.Debug|x86.Build.0 = Debug|x86
		{E8520601-0D14-4F5E-8D73-13A02A852936}.Release COMMUNICATOR|Any CPU.ActiveCfg = Release COMMUNICATOR|Any CPU
		{E8520601-0D14-4F5E-8D73-13A02A852936}.Release COMMUNICATOR|Any CPU.Build.0 = Release COMMUNICATOR|Any CPU
		{E8520601-0D14-4F5E-8D73-13A02A852936}.Release COMMUNICATOR|Mixed Platforms.ActiveCfg = Release COMMUNICATOR|x86
		{E8520601-0D14-4F5E-8D73-13A02A852936}.Release COMMUNICATOR|Mixed Platforms.Build.0 = Release COMMUNICATOR|x86
		{E8520601-0D14-4F5E-8D73-13A02A852936}.Release COMMUNICATOR|x86.ActiveCfg = Release COMMUNICATOR|x86
		{E8520601-0D14-4F5E-8D73-13A02A852936}.Release COMMUNICATOR|x86.Build.0 = Release COMMUNICATOR|x86
		{E8520601-0D14-4F5E-8D73-13A02A852936}.Release|Any CPU.ActiveCfg = Release|Any CPU
		{E8520601-0D14-4F5E-8D73-13A02A852936}.Release|Any CPU.Build.0 = Release|Any CPU
		{E8520601-0D14-4F5E-8D73-13A02A852936}.Release|Mixed Platforms.ActiveCfg = Release|Any CPU
		{E8520601-0D14-4F5E-8D73-13A02A852936}.Release|Mixed Platforms.Build.0 = Release|Any CPU
		{E8520601-0D14-4F5E-8D73-13A02A852936}.Release|x86.ActiveCfg = Release|x86
		{E8520601-0D14-4F5E-8D73-13A02A852936}.Release|x86.Build.0 = Release|x86
		{CB9C2C96-4E0D-4C6B-8F07-30B620C23423}.Debug COM|Any CPU.ActiveCfg = Debug|Any CPU
		{CB9C2C96-4E0D-4C6B-8F07-30B620C23423}.Debug COM|Any CPU.Build.0 = Debug|Any CPU
		{CB9C2C96-4E0D-4C6B-8F07-30B620C23423}.Debug COM|Mixed Platforms.ActiveCfg = Debug|x86
		{CB9C2C96-4E0D-4C6B-8F07-30B620C23423}.Debug COM|Mixed Platforms.Build.0 = Debug|x86
		{CB9C2C96-4E0D-4C6B-8F07-30B620C23423}.Debug COM|x86.ActiveCfg = Debug|x86
		{CB9C2C96-4E0D-4C6B-8F07-30B620C23423}.Debug COM|x86.Build.0 = Debug|x86
		{CB9C2C96-4E0D-4C6B-8F07-30B620C23423}.Debug|Any CPU.ActiveCfg = Debug|Any CPU
		{CB9C2C96-4E0D-4C6B-8F07-30B620C23423}.Debug|Any CPU.Build.0 = Debug|Any CPU
		{CB9C2C96-4E0D-4C6B-8F07-30B620C23423}.Debug|Mixed Platforms.ActiveCfg = Debug|Any CPU
		{CB9C2C96-4E0D-4C6B-8F07-30B620C23423}.Debug|Mixed Platforms.Build.0 = Debug|Any CPU
		{CB9C2C96-4E0D-4C6B-8F07-30B620C23423}.Debug|x86.ActiveCfg = Debug|x86
		{CB9C2C96-4E0D-4C6B-8F07-30B620C23423}.Debug|x86.Build.0 = Debug|x86
		{CB9C2C96-4E0D-4C6B-8F07-30B620C23423}.Release COMMUNICATOR|Any CPU.ActiveCfg = Release|Any CPU
		{CB9C2C96-4E0D-4C6B-8F07-30B620C23423}.Release COMMUNICATOR|Any CPU.Build.0 = Release|Any CPU
		{CB9C2C96-4E0D-4C6B-8F07-30B620C23423}.Release COMMUNICATOR|Mixed Platforms.ActiveCfg = Release|x86
		{CB9C2C96-4E0D-4C6B-8F07-30B620C23423}.Release COMMUNICATOR|Mixed Platforms.Build.0 = Release|x86
		{CB9C2C96-4E0D-4C6B-8F07-30B620C23423}.Release COMMUNICATOR|x86.ActiveCfg = Release|x86
		{CB9C2C96-4E0D-4C6B-8F07-30B620C23423}.Release COMMUNICATOR|x86.Build.0 = Release|x86
		{CB9C2C96-4E0D-4C6B-8F07-30B620C23423}.Release|Any CPU.ActiveCfg = Release|Any CPU
		{CB9C2C96-4E0D-4C6B-8F07-30B620C23423}.Release|Any CPU.Build.0 = Release|Any CPU
		{CB9C2C96-4E0D-4C6B-8F07-30B620C23423}.Release|Mixed Platforms.ActiveCfg = Release|Any CPU
		{CB9C2C96-4E0D-4C6B-8F07-30B620C23423}.Release|Mixed Platforms.Build.0 = Release|Any CPU
		{CB9C2C96-4E0D-4C6B-8F07-30B620C23423}.Release|x86.ActiveCfg = Release|x86
		{CB9C2C96-4E0D-4C6B-8F07-30B620C23423}.Release|x86.Build.0 = Release|x86
		{64A34B77-F1F8-4B42-97D3-57947E359F87}.Debug COM|Any CPU.ActiveCfg = Debug|Any CPU
		{64A34B77-F1F8-4B42-97D3-57947E359F87}.Debug COM|Any CPU.Build.0 = Debug|Any CPU
		{64A34B77-F1F8-4B42-97D3-57947E359F87}.Debug COM|Mixed Platforms.ActiveCfg = Debug|Any CPU
		{64A34B77-F1F8-4B42-97D3-57947E359F87}.Debug COM|Mixed Platforms.Build.0 = Debug|Any CPU
		{64A34B77-F1F8-4B42-97D3-57947E359F87}.Debug COM|x86.ActiveCfg = Debug|Any CPU
		{64A34B77-F1F8-4B42-97D3-57947E359F87}.Debug|Any CPU.ActiveCfg = Debug|Any CPU
		{64A34B77-F1F8-4B42-97D3-57947E359F87}.Debug|Any CPU.Build.0 = Debug|Any CPU
		{64A34B77-F1F8-4B42-97D3-57947E359F87}.Debug|Mixed Platforms.ActiveCfg = Debug|Any CPU
		{64A34B77-F1F8-4B42-97D3-57947E359F87}.Debug|Mixed Platforms.Build.0 = Debug|Any CPU
		{64A34B77-F1F8-4B42-97D3-57947E359F87}.Debug|x86.ActiveCfg = Debug|x86
		{64A34B77-F1F8-4B42-97D3-57947E359F87}.Debug|x86.Build.0 = Debug|x86
		{64A34B77-F1F8-4B42-97D3-57947E359F87}.Release COMMUNICATOR|Any CPU.ActiveCfg = Release|Any CPU
		{64A34B77-F1F8-4B42-97D3-57947E359F87}.Release COMMUNICATOR|Any CPU.Build.0 = Release|Any CPU
		{64A34B77-F1F8-4B42-97D3-57947E359F87}.Release COMMUNICATOR|Mixed Platforms.ActiveCfg = Release|Any CPU
		{64A34B77-F1F8-4B42-97D3-57947E359F87}.Release COMMUNICATOR|Mixed Platforms.Build.0 = Release|Any CPU
		{64A34B77-F1F8-4B42-97D3-57947E359F87}.Release COMMUNICATOR|x86.ActiveCfg = Release|x86
		{64A34B77-F1F8-4B42-97D3-57947E359F87}.Release COMMUNICATOR|x86.Build.0 = Release|x86
		{64A34B77-F1F8-4B42-97D3-57947E359F87}.Release|Any CPU.ActiveCfg = Release|Any CPU
		{64A34B77-F1F8-4B42-97D3-57947E359F87}.Release|Any CPU.Build.0 = Release|Any CPU
		{64A34B77-F1F8-4B42-97D3-57947E359F87}.Release|Mixed Platforms.ActiveCfg = Release|Any CPU
		{64A34B77-F1F8-4B42-97D3-57947E359F87}.Release|Mixed Platforms.Build.0 = Release|Any CPU
		{64A34B77-F1F8-4B42-97D3-57947E359F87}.Release|x86.ActiveCfg = Release|x86
		{64A34B77-F1F8-4B42-97D3-57947E359F87}.Release|x86.Build.0 = Release|x86
		{A8E37D16-DC78-4732-BAE8-B8F4681CF24B}.Debug COM|Any CPU.ActiveCfg = Debug|Any CPU
		{A8E37D16-DC78-4732-BAE8-B8F4681CF24B}.Debug COM|Any CPU.Build.0 = Debug|Any CPU
		{A8E37D16-DC78-4732-BAE8-B8F4681CF24B}.Debug COM|Mixed Platforms.ActiveCfg = Debug|Any CPU
		{A8E37D16-DC78-4732-BAE8-B8F4681CF24B}.Debug COM|Mixed Platforms.Build.0 = Debug|Any CPU
		{A8E37D16-DC78-4732-BAE8-B8F4681CF24B}.Debug COM|x86.ActiveCfg = Debug|Any CPU
		{A8E37D16-DC78-4732-BAE8-B8F4681CF24B}.Debug COM|x86.Build.0 = Debug|Any CPU
		{A8E37D16-DC78-4732-BAE8-B8F4681CF24B}.Debug|Any CPU.ActiveCfg = Debug|Any CPU
		{A8E37D16-DC78-4732-BAE8-B8F4681CF24B}.Debug|Any CPU.Build.0 = Debug|Any CPU
		{A8E37D16-DC78-4732-BAE8-B8F4681CF24B}.Debug|Mixed Platforms.ActiveCfg = Debug|Any CPU
		{A8E37D16-DC78-4732-BAE8-B8F4681CF24B}.Debug|Mixed Platforms.Build.0 = Debug|Any CPU
		{A8E37D16-DC78-4732-BAE8-B8F4681CF24B}.Debug|x86.ActiveCfg = Debug|Any CPU
		{A8E37D16-DC78-4732-BAE8-B8F4681CF24B}.Debug|x86.Build.0 = Debug|Any CPU
		{A8E37D16-DC78-4732-BAE8-B8F4681CF24B}.Release COMMUNICATOR|Any CPU.ActiveCfg = Release|Any CPU
		{A8E37D16-DC78-4732-BAE8-B8F4681CF24B}.Release COMMUNICATOR|Any CPU.Build.0 = Release|Any CPU
		{A8E37D16-DC78-4732-BAE8-B8F4681CF24B}.Release COMMUNICATOR|Mixed Platforms.ActiveCfg = Release|Any CPU
		{A8E37D16-DC78-4732-BAE8-B8F4681CF24B}.Release COMMUNICATOR|Mixed Platforms.Build.0 = Release|Any CPU
		{A8E37D16-DC78-4732-BAE8-B8F4681CF24B}.Release COMMUNICATOR|x86.ActiveCfg = Release|Any CPU
		{A8E37D16-DC78-4732-BAE8-B8F4681CF24B}.Release COMMUNICATOR|x86.Build.0 = Release|Any CPU
		{A8E37D16-DC78-4732-BAE8-B8F4681CF24B}.Release|Any CPU.ActiveCfg = Release|Any CPU
		{A8E37D16-DC78-4732-BAE8-B8F4681CF24B}.Release|Any CPU.Build.0 = Release|Any CPU
		{A8E37D16-DC78-4732-BAE8-B8F4681CF24B}.Release|Mixed Platforms.ActiveCfg = Release|Any CPU
		{A8E37D16-DC78-4732-BAE8-B8F4681CF24B}.Release|Mixed Platforms.Build.0 = Release|Any CPU
		{A8E37D16-DC78-4732-BAE8-B8F4681CF24B}.Release|x86.ActiveCfg = Release|Any CPU
		{A8E37D16-DC78-4732-BAE8-B8F4681CF24B}.Release|x86.Build.0 = Release|Any CPU
		{8AC69329-729C-4EFC-A87A-808C8140C280}.Debug COM|Any CPU.ActiveCfg = Debug|Any CPU
		{8AC69329-729C-4EFC-A87A-808C8140C280}.Debug COM|Any CPU.Build.0 = Debug|Any CPU
		{8AC69329-729C-4EFC-A87A-808C8140C280}.Debug COM|Mixed Platforms.ActiveCfg = Debug|Any CPU
		{8AC69329-729C-4EFC-A87A-808C8140C280}.Debug COM|Mixed Platforms.Build.0 = Debug|Any CPU
		{8AC69329-729C-4EFC-A87A-808C8140C280}.Debug COM|x86.ActiveCfg = Debug|Any CPU
		{8AC69329-729C-4EFC-A87A-808C8140C280}.Debug COM|x86.Build.0 = Debug|Any CPU
		{8AC69329-729C-4EFC-A87A-808C8140C280}.Debug|Any CPU.ActiveCfg = Debug|Any CPU
		{8AC69329-729C-4EFC-A87A-808C8140C280}.Debug|Any CPU.Build.0 = Debug|Any CPU
		{8AC69329-729C-4EFC-A87A-808C8140C280}.Debug|Mixed Platforms.ActiveCfg = Debug|Any CPU
		{8AC69329-729C-4EFC-A87A-808C8140C280}.Debug|Mixed Platforms.Build.0 = Debug|Any CPU
		{8AC69329-729C-4EFC-A87A-808C8140C280}.Debug|x86.ActiveCfg = Debug|Any CPU
		{8AC69329-729C-4EFC-A87A-808C8140C280}.Debug|x86.Build.0 = Debug|Any CPU
		{8AC69329-729C-4EFC-A87A-808C8140C280}.Release COMMUNICATOR|Any CPU.ActiveCfg = Release|Any CPU
		{8AC69329-729C-4EFC-A87A-808C8140C280}.Release COMMUNICATOR|Any CPU.Build.0 = Release|Any CPU
		{8AC69329-729C-4EFC-A87A-808C8140C280}.Release COMMUNICATOR|Mixed Platforms.ActiveCfg = Release|Any CPU
		{8AC69329-729C-4EFC-A87A-808C8140C280}.Release COMMUNICATOR|Mixed Platforms.Build.0 = Release|Any CPU
		{8AC69329-729C-4EFC-A87A-808C8140C280}.Release COMMUNICATOR|x86.ActiveCfg = Release|Any CPU
		{8AC69329-729C-4EFC-A87A-808C8140C280}.Release COMMUNICATOR|x86.Build.0 = Release|Any CPU
		{8AC69329-729C-4EFC-A87A-808C8140C280}.Release|Any CPU.ActiveCfg = Release|Any CPU
		{8AC69329-729C-4EFC-A87A-808C8140C280}.Release|Any CPU.Build.0 = Release|Any CPU
		{8AC69329-729C-4EFC-A87A-808C8140C280}.Release|Mixed Platforms.ActiveCfg = Release|Any CPU
		{8AC69329-729C-4EFC-A87A-808C8140C280}.Release|Mixed Platforms.Build.0 = Release|Any CPU
		{8AC69329-729C-4EFC-A87A-808C8140C280}.Release|x86.ActiveCfg = Release|Any CPU
		{8AC69329-729C-4EFC-A87A-808C8140C280}.Release|x86.Build.0 = Release|Any CPU
		{F1B503B3-E312-4D04-943E-2FC32BA6BD1F}.Debug COM|Any CPU.ActiveCfg = Debug|Any CPU
		{F1B503B3-E312-4D04-943E-2FC32BA6BD1F}.Debug COM|Any CPU.Build.0 = Debug|Any CPU
		{F1B503B3-E312-4D04-943E-2FC32BA6BD1F}.Debug COM|Mixed Platforms.ActiveCfg = Debug|Any CPU
		{F1B503B3-E312-4D04-943E-2FC32BA6BD1F}.Debug COM|Mixed Platforms.Build.0 = Debug|Any CPU
		{F1B503B3-E312-4D04-943E-2FC32BA6BD1F}.Debug COM|x86.ActiveCfg = Debug|Any CPU
		{F1B503B3-E312-4D04-943E-2FC32BA6BD1F}.Debug COM|x86.Build.0 = Debug|Any CPU
		{F1B503B3-E312-4D04-943E-2FC32BA6BD1F}.Debug|Any CPU.ActiveCfg = Debug|Any CPU
		{F1B503B3-E312-4D04-943E-2FC32BA6BD1F}.Debug|Any CPU.Build.0 = Debug|Any CPU
		{F1B503B3-E312-4D04-943E-2FC32BA6BD1F}.Debug|Mixed Platforms.ActiveCfg = Debug|Any CPU
		{F1B503B3-E312-4D04-943E-2FC32BA6BD1F}.Debug|Mixed Platforms.Build.0 = Debug|Any CPU
		{F1B503B3-E312-4D04-943E-2FC32BA6BD1F}.Debug|x86.ActiveCfg = Debug|Any CPU
		{F1B503B3-E312-4D04-943E-2FC32BA6BD1F}.Debug|x86.Build.0 = Debug|Any CPU
		{F1B503B3-E312-4D04-943E-2FC32BA6BD1F}.Release COMMUNICATOR|Any CPU.ActiveCfg = Release|Any CPU
		{F1B503B3-E312-4D04-943E-2FC32BA6BD1F}.Release COMMUNICATOR|Any CPU.Build.0 = Release|Any CPU
		{F1B503B3-E312-4D04-943E-2FC32BA6BD1F}.Release COMMUNICATOR|Mixed Platforms.ActiveCfg = Release|Any CPU
		{F1B503B3-E312-4D04-943E-2FC32BA6BD1F}.Release COMMUNICATOR|Mixed Platforms.Build.0 = Release|Any CPU
		{F1B503B3-E312-4D04-943E-2FC32BA6BD1F}.Release COMMUNICATOR|x86.ActiveCfg = Release|Any CPU
		{F1B503B3-E312-4D04-943E-2FC32BA6BD1F}.Release COMMUNICATOR|x86.Build.0 = Release|Any CPU
		{F1B503B3-E312-4D04-943E-2FC32BA6BD1F}.Release|Any CPU.ActiveCfg = Release|Any CPU
		{F1B503B3-E312-4D04-943E-2FC32BA6BD1F}.Release|Any CPU.Build.0 = Release|Any CPU
		{F1B503B3-E312-4D04-943E-2FC32BA6BD1F}.Release|Mixed Platforms.ActiveCfg = Release|Any CPU
		{F1B503B3-E312-4D04-943E-2FC32BA6BD1F}.Release|Mixed Platforms.Build.0 = Release|Any CPU
		{F1B503B3-E312-4D04-943E-2FC32BA6BD1F}.Release|x86.ActiveCfg = Release|Any CPU
		{F1B503B3-E312-4D04-943E-2FC32BA6BD1F}.Release|x86.Build.0 = Release|Any CPU
		{D18C1209-33BA-4270-B482-2A2DE4DF0B07}.Debug COM|Any CPU.ActiveCfg = Debug|Any CPU
		{D18C1209-33BA-4270-B482-2A2DE4DF0B07}.Debug COM|Any CPU.Build.0 = Debug|Any CPU
		{D18C1209-33BA-4270-B482-2A2DE4DF0B07}.Debug COM|Mixed Platforms.ActiveCfg = Debug|Any CPU
		{D18C1209-33BA-4270-B482-2A2DE4DF0B07}.Debug COM|Mixed Platforms.Build.0 = Debug|Any CPU
		{D18C1209-33BA-4270-B482-2A2DE4DF0B07}.Debug COM|x86.ActiveCfg = Debug|Any CPU
		{D18C1209-33BA-4270-B482-2A2DE4DF0B07}.Debug COM|x86.Build.0 = Debug|Any CPU
		{D18C1209-33BA-4270-B482-2A2DE4DF0B07}.Debug|Any CPU.ActiveCfg = Debug|Any CPU
		{D18C1209-33BA-4270-B482-2A2DE4DF0B07}.Debug|Any CPU.Build.0 = Debug|Any CPU
		{D18C1209-33BA-4270-B482-2A2DE4DF0B07}.Debug|Mixed Platforms.ActiveCfg = Debug|Any CPU
		{D18C1209-33BA-4270-B482-2A2DE4DF0B07}.Debug|Mixed Platforms.Build.0 = Debug|Any CPU
		{D18C1209-33BA-4270-B482-2A2DE4DF0B07}.Debug|x86.ActiveCfg = Debug|Any CPU
		{D18C1209-33BA-4270-B482-2A2DE4DF0B07}.Debug|x86.Build.0 = Debug|Any CPU
		{D18C1209-33BA-4270-B482-2A2DE4DF0B07}.Release COMMUNICATOR|Any CPU.ActiveCfg = Release|Any CPU
		{D18C1209-33BA-4270-B482-2A2DE4DF0B07}.Release COMMUNICATOR|Any CPU.Build.0 = Release|Any CPU
		{D18C1209-33BA-4270-B482-2A2DE4DF0B07}.Release COMMUNICATOR|Mixed Platforms.ActiveCfg = Release|Any CPU
		{D18C1209-33BA-4270-B482-2A2DE4DF0B07}.Release COMMUNICATOR|Mixed Platforms.Build.0 = Release|Any CPU
		{D18C1209-33BA-4270-B482-2A2DE4DF0B07}.Release COMMUNICATOR|x86.ActiveCfg = Release|Any CPU
		{D18C1209-33BA-4270-B482-2A2DE4DF0B07}.Release COMMUNICATOR|x86.Build.0 = Release|Any CPU
		{D18C1209-33BA-4270-B482-2A2DE4DF0B07}.Release|Any CPU.ActiveCfg = Release|Any CPU
		{D18C1209-33BA-4270-B482-2A2DE4DF0B07}.Release|Any CPU.Build.0 = Release|Any CPU
		{D18C1209-33BA-4270-B482-2A2DE4DF0B07}.Release|Mixed Platforms.ActiveCfg = Release|Any CPU
		{D18C1209-33BA-4270-B482-2A2DE4DF0B07}.Release|Mixed Platforms.Build.0 = Release|Any CPU
		{D18C1209-33BA-4270-B482-2A2DE4DF0B07}.Release|x86.ActiveCfg = Release|Any CPU
		{D18C1209-33BA-4270-B482-2A2DE4DF0B07}.Release|x86.Build.0 = Release|Any CPU
		{D581996E-45D8-4D33-B3CA-B958771A0C43}.Debug COM|Any CPU.ActiveCfg = Debug|Any CPU
		{D581996E-45D8-4D33-B3CA-B958771A0C43}.Debug COM|Any CPU.Build.0 = Debug|Any CPU
		{D581996E-45D8-4D33-B3CA-B958771A0C43}.Debug COM|Mixed Platforms.ActiveCfg = Debug|Any CPU
		{D581996E-45D8-4D33-B3CA-B958771A0C43}.Debug COM|Mixed Platforms.Build.0 = Debug|Any CPU
		{D581996E-45D8-4D33-B3CA-B958771A0C43}.Debug COM|x86.ActiveCfg = Debug|Any CPU
		{D581996E-45D8-4D33-B3CA-B958771A0C43}.Debug COM|x86.Build.0 = Debug|Any CPU
		{D581996E-45D8-4D33-B3CA-B958771A0C43}.Debug|Any CPU.ActiveCfg = Debug|Any CPU
		{D581996E-45D8-4D33-B3CA-B958771A0C43}.Debug|Any CPU.Build.0 = Debug|Any CPU
		{D581996E-45D8-4D33-B3CA-B958771A0C43}.Debug|Mixed Platforms.ActiveCfg = Debug|Any CPU
		{D581996E-45D8-4D33-B3CA-B958771A0C43}.Debug|Mixed Platforms.Build.0 = Debug|Any CPU
		{D581996E-45D8-4D33-B3CA-B958771A0C43}.Debug|x86.ActiveCfg = Debug|Any CPU
		{D581996E-45D8-4D33-B3CA-B958771A0C43}.Debug|x86.Build.0 = Debug|Any CPU
		{D581996E-45D8-4D33-B3CA-B958771A0C43}.Release COMMUNICATOR|Any CPU.ActiveCfg = Release|Any CPU
		{D581996E-45D8-4D33-B3CA-B958771A0C43}.Release COMMUNICATOR|Any CPU.Build.0 = Release|Any CPU
		{D581996E-45D8-4D33-B3CA-B958771A0C43}.Release COMMUNICATOR|Mixed Platforms.ActiveCfg = Release|Any CPU
		{D581996E-45D8-4D33-B3CA-B958771A0C43}.Release COMMUNICATOR|Mixed Platforms.Build.0 = Release|Any CPU
		{D581996E-45D8-4D33-B3CA-B958771A0C43}.Release COMMUNICATOR|x86.ActiveCfg = Release|Any CPU
		{D581996E-45D8-4D33-B3CA-B958771A0C43}.Release COMMUNICATOR|x86.Build.0 = Release|Any CPU
		{D581996E-45D8-4D33-B3CA-B958771A0C43}.Release|Any CPU.ActiveCfg = Release|Any CPU
		{D581996E-45D8-4D33-B3CA-B958771A0C43}.Release|Any CPU.Build.0 = Release|Any CPU
		{D581996E-45D8-4D33-B3CA-B958771A0C43}.Release|Mixed Platforms.ActiveCfg = Release|Any CPU
		{D581996E-45D8-4D33-B3CA-B958771A0C43}.Release|Mixed Platforms.Build.0 = Release|Any CPU
		{D581996E-45D8-4D33-B3CA-B958771A0C43}.Release|x86.ActiveCfg = Release|Any CPU
		{D581996E-45D8-4D33-B3CA-B958771A0C43}.Release|x86.Build.0 = Release|Any CPU
		{8AA3F89A-7D7A-45D5-B4D2-A4713EFA1024}.Debug COM|Any CPU.ActiveCfg = Debug|Any CPU
		{8AA3F89A-7D7A-45D5-B4D2-A4713EFA1024}.Debug COM|Any CPU.Build.0 = Debug|Any CPU
		{8AA3F89A-7D7A-45D5-B4D2-A4713EFA1024}.Debug COM|Mixed Platforms.ActiveCfg = Debug|Any CPU
		{8AA3F89A-7D7A-45D5-B4D2-A4713EFA1024}.Debug COM|Mixed Platforms.Build.0 = Debug|Any CPU
		{8AA3F89A-7D7A-45D5-B4D2-A4713EFA1024}.Debug COM|x86.ActiveCfg = Debug|Any CPU
		{8AA3F89A-7D7A-45D5-B4D2-A4713EFA1024}.Debug COM|x86.Build.0 = Debug|Any CPU
		{8AA3F89A-7D7A-45D5-B4D2-A4713EFA1024}.Debug|Any CPU.ActiveCfg = Debug|Any CPU
		{8AA3F89A-7D7A-45D5-B4D2-A4713EFA1024}.Debug|Any CPU.Build.0 = Debug|Any CPU
		{8AA3F89A-7D7A-45D5-B4D2-A4713EFA1024}.Debug|Mixed Platforms.ActiveCfg = Debug|Any CPU
		{8AA3F89A-7D7A-45D5-B4D2-A4713EFA1024}.Debug|Mixed Platforms.Build.0 = Debug|Any CPU
		{8AA3F89A-7D7A-45D5-B4D2-A4713EFA1024}.Debug|x86.ActiveCfg = Debug|Any CPU
		{8AA3F89A-7D7A-45D5-B4D2-A4713EFA1024}.Debug|x86.Build.0 = Debug|Any CPU
		{8AA3F89A-7D7A-45D5-B4D2-A4713EFA1024}.Release COMMUNICATOR|Any CPU.ActiveCfg = Release|Any CPU
		{8AA3F89A-7D7A-45D5-B4D2-A4713EFA1024}.Release COMMUNICATOR|Any CPU.Build.0 = Release|Any CPU
		{8AA3F89A-7D7A-45D5-B4D2-A4713EFA1024}.Release COMMUNICATOR|Mixed Platforms.ActiveCfg = Release|Any CPU
		{8AA3F89A-7D7A-45D5-B4D2-A4713EFA1024}.Release COMMUNICATOR|Mixed Platforms.Build.0 = Release|Any CPU
		{8AA3F89A-7D7A-45D5-B4D2-A4713EFA1024}.Release COMMUNICATOR|x86.ActiveCfg = Release|Any CPU
		{8AA3F89A-7D7A-45D5-B4D2-A4713EFA1024}.Release COMMUNICATOR|x86.Build.0 = Release|Any CPU
		{8AA3F89A-7D7A-45D5-B4D2-A4713EFA1024}.Release|Any CPU.ActiveCfg = Release|Any CPU
		{8AA3F89A-7D7A-45D5-B4D2-A4713EFA1024}.Release|Any CPU.Build.0 = Release|Any CPU
		{8AA3F89A-7D7A-45D5-B4D2-A4713EFA1024}.Release|Mixed Platforms.ActiveCfg = Release|Any CPU
		{8AA3F89A-7D7A-45D5-B4D2-A4713EFA1024}.Release|Mixed Platforms.Build.0 = Release|Any CPU
		{8AA3F89A-7D7A-45D5-B4D2-A4713EFA1024}.Release|x86.ActiveCfg = Release|Any CPU
		{8AA3F89A-7D7A-45D5-B4D2-A4713EFA1024}.Release|x86.Build.0 = Release|Any CPU
		{493CA623-CCC9-4EBC-B822-8A483BD51A39}.Debug COM|Any CPU.ActiveCfg = Debug|x86
		{493CA623-CCC9-4EBC-B822-8A483BD51A39}.Debug COM|Any CPU.Build.0 = Debug|x86
		{493CA623-CCC9-4EBC-B822-8A483BD51A39}.Debug COM|Mixed Platforms.ActiveCfg = Debug|x86
		{493CA623-CCC9-4EBC-B822-8A483BD51A39}.Debug COM|Mixed Platforms.Build.0 = Debug|x86
		{493CA623-CCC9-4EBC-B822-8A483BD51A39}.Debug COM|x86.ActiveCfg = Debug|x86
		{493CA623-CCC9-4EBC-B822-8A483BD51A39}.Debug COM|x86.Build.0 = Debug|x86
		{493CA623-CCC9-4EBC-B822-8A483BD51A39}.Debug|Any CPU.ActiveCfg = Debug|x86
		{493CA623-CCC9-4EBC-B822-8A483BD51A39}.Debug|Any CPU.Build.0 = Debug|x86
		{493CA623-CCC9-4EBC-B822-8A483BD51A39}.Debug|Mixed Platforms.ActiveCfg = Debug|x86
		{493CA623-CCC9-4EBC-B822-8A483BD51A39}.Debug|Mixed Platforms.Build.0 = Debug|x86
		{493CA623-CCC9-4EBC-B822-8A483BD51A39}.Debug|x86.ActiveCfg = Debug|x86
		{493CA623-CCC9-4EBC-B822-8A483BD51A39}.Debug|x86.Build.0 = Debug|x86
		{493CA623-CCC9-4EBC-B822-8A483BD51A39}.Release COMMUNICATOR|Any CPU.ActiveCfg = Release|x86
		{493CA623-CCC9-4EBC-B822-8A483BD51A39}.Release COMMUNICATOR|Any CPU.Build.0 = Release|x86
		{493CA623-CCC9-4EBC-B822-8A483BD51A39}.Release COMMUNICATOR|Mixed Platforms.ActiveCfg = Release|x86
		{493CA623-CCC9-4EBC-B822-8A483BD51A39}.Release COMMUNICATOR|Mixed Platforms.Build.0 = Release|x86
		{493CA623-CCC9-4EBC-B822-8A483BD51A39}.Release COMMUNICATOR|x86.ActiveCfg = Release|x86
		{493CA623-CCC9-4EBC-B822-8A483BD51A39}.Release COMMUNICATOR|x86.Build.0 = Release|x86
		{493CA623-CCC9-4EBC-B822-8A483BD51A39}.Release|Any CPU.ActiveCfg = Release|x86
		{493CA623-CCC9-4EBC-B822-8A483BD51A39}.Release|Any CPU.Build.0 = Release|x86
		{493CA623-CCC9-4EBC-B822-8A483BD51A39}.Release|Mixed Platforms.ActiveCfg = Release|x86
		{493CA623-CCC9-4EBC-B822-8A483BD51A39}.Release|Mixed Platforms.Build.0 = Release|x86
		{493CA623-CCC9-4EBC-B822-8A483BD51A39}.Release|x86.ActiveCfg = Release|x86
		{493CA623-CCC9-4EBC-B822-8A483BD51A39}.Release|x86.Build.0 = Release|x86
		{17A642C9-5971-4401-85DC-17D8CB250AC9}.Debug COM|Any CPU.ActiveCfg = Debug|Any CPU
		{17A642C9-5971-4401-85DC-17D8CB250AC9}.Debug COM|Any CPU.Build.0 = Debug|Any CPU
		{17A642C9-5971-4401-85DC-17D8CB250AC9}.Debug COM|Mixed Platforms.ActiveCfg = Debug|Any CPU
		{17A642C9-5971-4401-85DC-17D8CB250AC9}.Debug COM|Mixed Platforms.Build.0 = Debug|Any CPU
		{17A642C9-5971-4401-85DC-17D8CB250AC9}.Debug COM|x86.ActiveCfg = Debug|Any CPU
		{17A642C9-5971-4401-85DC-17D8CB250AC9}.Debug COM|x86.Build.0 = Debug|Any CPU
		{17A642C9-5971-4401-85DC-17D8CB250AC9}.Debug|Any CPU.ActiveCfg = Debug|Any CPU
		{17A642C9-5971-4401-85DC-17D8CB250AC9}.Debug|Any CPU.Build.0 = Debug|Any CPU
		{17A642C9-5971-4401-85DC-17D8CB250AC9}.Debug|Mixed Platforms.ActiveCfg = Debug|Any CPU
		{17A642C9-5971-4401-85DC-17D8CB250AC9}.Debug|Mixed Platforms.Build.0 = Debug|Any CPU
		{17A642C9-5971-4401-85DC-17D8CB250AC9}.Debug|x86.ActiveCfg = Debug|Any CPU
		{17A642C9-5971-4401-85DC-17D8CB250AC9}.Debug|x86.Build.0 = Debug|Any CPU
		{17A642C9-5971-4401-85DC-17D8CB250AC9}.Release COMMUNICATOR|Any CPU.ActiveCfg = Release|Any CPU
		{17A642C9-5971-4401-85DC-17D8CB250AC9}.Release COMMUNICATOR|Any CPU.Build.0 = Release|Any CPU
		{17A642C9-5971-4401-85DC-17D8CB250AC9}.Release COMMUNICATOR|Mixed Platforms.ActiveCfg = Release|Any CPU
		{17A642C9-5971-4401-85DC-17D8CB250AC9}.Release COMMUNICATOR|Mixed Platforms.Build.0 = Release|Any CPU
		{17A642C9-5971-4401-85DC-17D8CB250AC9}.Release COMMUNICATOR|x86.ActiveCfg = Release|Any CPU
		{17A642C9-5971-4401-85DC-17D8CB250AC9}.Release COMMUNICATOR|x86.Build.0 = Release|Any CPU
		{17A642C9-5971-4401-85DC-17D8CB250AC9}.Release|Any CPU.ActiveCfg = Release|Any CPU
		{17A642C9-5971-4401-85DC-17D8CB250AC9}.Release|Any CPU.Build.0 = Release|Any CPU
		{17A642C9-5971-4401-85DC-17D8CB250AC9}.Release|Mixed Platforms.ActiveCfg = Release|Any CPU
		{17A642C9-5971-4401-85DC-17D8CB250AC9}.Release|Mixed Platforms.Build.0 = Release|Any CPU
		{17A642C9-5971-4401-85DC-17D8CB250AC9}.Release|x86.ActiveCfg = Release|Any CPU
		{17A642C9-5971-4401-85DC-17D8CB250AC9}.Release|x86.Build.0 = Release|Any CPU
		{BC354E67-B644-48CD-94B1-8F23E165F794}.Debug COM|Any CPU.ActiveCfg = Debug|Any CPU
		{BC354E67-B644-48CD-94B1-8F23E165F794}.Debug COM|Any CPU.Build.0 = Debug|Any CPU
		{BC354E67-B644-48CD-94B1-8F23E165F794}.Debug COM|Mixed Platforms.ActiveCfg = Debug|Any CPU
		{BC354E67-B644-48CD-94B1-8F23E165F794}.Debug COM|Mixed Platforms.Build.0 = Debug|Any CPU
		{BC354E67-B644-48CD-94B1-8F23E165F794}.Debug COM|x86.ActiveCfg = Debug|Any CPU
		{BC354E67-B644-48CD-94B1-8F23E165F794}.Debug COM|x86.Build.0 = Debug|Any CPU
		{BC354E67-B644-48CD-94B1-8F23E165F794}.Debug|Any CPU.ActiveCfg = Debug|Any CPU
		{BC354E67-B644-48CD-94B1-8F23E165F794}.Debug|Any CPU.Build.0 = Debug|Any CPU
		{BC354E67-B644-48CD-94B1-8F23E165F794}.Debug|Mixed Platforms.ActiveCfg = Debug|Any CPU
		{BC354E67-B644-48CD-94B1-8F23E165F794}.Debug|Mixed Platforms.Build.0 = Debug|Any CPU
		{BC354E67-B644-48CD-94B1-8F23E165F794}.Debug|x86.ActiveCfg = Debug|Any CPU
		{BC354E67-B644-48CD-94B1-8F23E165F794}.Debug|x86.Build.0 = Debug|Any CPU
		{BC354E67-B644-48CD-94B1-8F23E165F794}.Release COMMUNICATOR|Any CPU.ActiveCfg = Release|Any CPU
		{BC354E67-B644-48CD-94B1-8F23E165F794}.Release COMMUNICATOR|Any CPU.Build.0 = Release|Any CPU
		{BC354E67-B644-48CD-94B1-8F23E165F794}.Release COMMUNICATOR|Mixed Platforms.ActiveCfg = Release|Any CPU
		{BC354E67-B644-48CD-94B1-8F23E165F794}.Release COMMUNICATOR|Mixed Platforms.Build.0 = Release|Any CPU
		{BC354E67-B644-48CD-94B1-8F23E165F794}.Release COMMUNICATOR|x86.ActiveCfg = Release|Any CPU
		{BC354E67-B644-48CD-94B1-8F23E165F794}.Release COMMUNICATOR|x86.Build.0 = Release|Any CPU
		{BC354E67-B644-48CD-94B1-8F23E165F794}.Release|Any CPU.ActiveCfg = Release|Any CPU
		{BC354E67-B644-48CD-94B1-8F23E165F794}.Release|Any CPU.Build.0 = Release|Any CPU
		{BC354E67-B644-48CD-94B1-8F23E165F794}.Release|Mixed Platforms.ActiveCfg = Release|Any CPU
		{BC354E67-B644-48CD-94B1-8F23E165F794}.Release|Mixed Platforms.Build.0 = Release|Any CPU
		{BC354E67-B644-48CD-94B1-8F23E165F794}.Release|x86.ActiveCfg = Release|Any CPU
		{BC354E67-B644-48CD-94B1-8F23E165F794}.Release|x86.Build.0 = Release|Any CPU
		{EEC254F5-3712-4E2E-BF75-2F7A157DBE52}.Debug COM|Any CPU.ActiveCfg = Debug|Any CPU
		{EEC254F5-3712-4E2E-BF75-2F7A157DBE52}.Debug COM|Any CPU.Build.0 = Debug|Any CPU
		{EEC254F5-3712-4E2E-BF75-2F7A157DBE52}.Debug COM|Mixed Platforms.ActiveCfg = Debug|Any CPU
		{EEC254F5-3712-4E2E-BF75-2F7A157DBE52}.Debug COM|Mixed Platforms.Build.0 = Debug|Any CPU
		{EEC254F5-3712-4E2E-BF75-2F7A157DBE52}.Debug COM|x86.ActiveCfg = Debug|Any CPU
		{EEC254F5-3712-4E2E-BF75-2F7A157DBE52}.Debug COM|x86.Build.0 = Debug|Any CPU
		{EEC254F5-3712-4E2E-BF75-2F7A157DBE52}.Debug|Any CPU.ActiveCfg = Debug|Any CPU
		{EEC254F5-3712-4E2E-BF75-2F7A157DBE52}.Debug|Any CPU.Build.0 = Debug|Any CPU
		{EEC254F5-3712-4E2E-BF75-2F7A157DBE52}.Debug|Mixed Platforms.ActiveCfg = Debug|Any CPU
		{EEC254F5-3712-4E2E-BF75-2F7A157DBE52}.Debug|Mixed Platforms.Build.0 = Debug|Any CPU
		{EEC254F5-3712-4E2E-BF75-2F7A157DBE52}.Debug|x86.ActiveCfg = Debug|Any CPU
		{EEC254F5-3712-4E2E-BF75-2F7A157DBE52}.Debug|x86.Build.0 = Debug|Any CPU
		{EEC254F5-3712-4E2E-BF75-2F7A157DBE52}.Release COMMUNICATOR|Any CPU.ActiveCfg = Release|Any CPU
		{EEC254F5-3712-4E2E-BF75-2F7A157DBE52}.Release COMMUNICATOR|Any CPU.Build.0 = Release|Any CPU
		{EEC254F5-3712-4E2E-BF75-2F7A157DBE52}.Release COMMUNICATOR|Mixed Platforms.ActiveCfg = Release|Any CPU
		{EEC254F5-3712-4E2E-BF75-2F7A157DBE52}.Release COMMUNICATOR|Mixed Platforms.Build.0 = Release|Any CPU
		{EEC254F5-3712-4E2E-BF75-2F7A157DBE52}.Release COMMUNICATOR|x86.ActiveCfg = Release|Any CPU
		{EEC254F5-3712-4E2E-BF75-2F7A157DBE52}.Release COMMUNICATOR|x86.Build.0 = Release|Any CPU
		{EEC254F5-3712-4E2E-BF75-2F7A157DBE52}.Release|Any CPU.ActiveCfg = Release|Any CPU
		{EEC254F5-3712-4E2E-BF75-2F7A157DBE52}.Release|Any CPU.Build.0 = Release|Any CPU
		{EEC254F5-3712-4E2E-BF75-2F7A157DBE52}.Release|Mixed Platforms.ActiveCfg = Release|Any CPU
		{EEC254F5-3712-4E2E-BF75-2F7A157DBE52}.Release|Mixed Platforms.Build.0 = Release|Any CPU
		{EEC254F5-3712-4E2E-BF75-2F7A157DBE52}.Release|x86.ActiveCfg = Release|Any CPU
		{EEC254F5-3712-4E2E-BF75-2F7A157DBE52}.Release|x86.Build.0 = Release|Any CPU
		{C0AFB243-E7A8-4FFA-AAE2-2DDFB38A356A}.Debug COM|Any CPU.ActiveCfg = Debug|Any CPU
		{C0AFB243-E7A8-4FFA-AAE2-2DDFB38A356A}.Debug COM|Any CPU.Build.0 = Debug|Any CPU
		{C0AFB243-E7A8-4FFA-AAE2-2DDFB38A356A}.Debug COM|Mixed Platforms.ActiveCfg = Debug|Any CPU
		{C0AFB243-E7A8-4FFA-AAE2-2DDFB38A356A}.Debug COM|Mixed Platforms.Build.0 = Debug|Any CPU
		{C0AFB243-E7A8-4FFA-AAE2-2DDFB38A356A}.Debug COM|x86.ActiveCfg = Debug|Any CPU
		{C0AFB243-E7A8-4FFA-AAE2-2DDFB38A356A}.Debug COM|x86.Build.0 = Debug|Any CPU
		{C0AFB243-E7A8-4FFA-AAE2-2DDFB38A356A}.Debug|Any CPU.ActiveCfg = Debug|Any CPU
		{C0AFB243-E7A8-4FFA-AAE2-2DDFB38A356A}.Debug|Any CPU.Build.0 = Debug|Any CPU
		{C0AFB243-E7A8-4FFA-AAE2-2DDFB38A356A}.Debug|Mixed Platforms.ActiveCfg = Debug|Any CPU
		{C0AFB243-E7A8-4FFA-AAE2-2DDFB38A356A}.Debug|Mixed Platforms.Build.0 = Debug|Any CPU
		{C0AFB243-E7A8-4FFA-AAE2-2DDFB38A356A}.Debug|x86.ActiveCfg = Debug|Any CPU
		{C0AFB243-E7A8-4FFA-AAE2-2DDFB38A356A}.Debug|x86.Build.0 = Debug|Any CPU
		{C0AFB243-E7A8-4FFA-AAE2-2DDFB38A356A}.Release COMMUNICATOR|Any CPU.ActiveCfg = Release|Any CPU
		{C0AFB243-E7A8-4FFA-AAE2-2DDFB38A356A}.Release COMMUNICATOR|Any CPU.Build.0 = Release|Any CPU
		{C0AFB243-E7A8-4FFA-AAE2-2DDFB38A356A}.Release COMMUNICATOR|Mixed Platforms.ActiveCfg = Release|Any CPU
		{C0AFB243-E7A8-4FFA-AAE2-2DDFB38A356A}.Release COMMUNICATOR|Mixed Platforms.Build.0 = Release|Any CPU
		{C0AFB243-E7A8-4FFA-AAE2-2DDFB38A356A}.Release COMMUNICATOR|x86.ActiveCfg = Release|Any CPU
		{C0AFB243-E7A8-4FFA-AAE2-2DDFB38A356A}.Release COMMUNICATOR|x86.Build.0 = Release|Any CPU
		{C0AFB243-E7A8-4FFA-AAE2-2DDFB38A356A}.Release|Any CPU.ActiveCfg = Release|Any CPU
		{C0AFB243-E7A8-4FFA-AAE2-2DDFB38A356A}.Release|Any CPU.Build.0 = Release|Any CPU
		{C0AFB243-E7A8-4FFA-AAE2-2DDFB38A356A}.Release|Mixed Platforms.ActiveCfg = Release|Any CPU
		{C0AFB243-E7A8-4FFA-AAE2-2DDFB38A356A}.Release|Mixed Platforms.Build.0 = Release|Any CPU
		{C0AFB243-E7A8-4FFA-AAE2-2DDFB38A356A}.Release|x86.ActiveCfg = Release|Any CPU
		{C0AFB243-E7A8-4FFA-AAE2-2DDFB38A356A}.Release|x86.Build.0 = Release|Any CPU
		{ECF2C1BE-46B2-4B1E-820E-CFAA8A08CF65}.Debug COM|Any CPU.ActiveCfg = Debug|Any CPU
		{ECF2C1BE-46B2-4B1E-820E-CFAA8A08CF65}.Debug COM|Any CPU.Build.0 = Debug|Any CPU
		{ECF2C1BE-46B2-4B1E-820E-CFAA8A08CF65}.Debug COM|Mixed Platforms.ActiveCfg = Debug|Any CPU
		{ECF2C1BE-46B2-4B1E-820E-CFAA8A08CF65}.Debug COM|Mixed Platforms.Build.0 = Debug|Any CPU
		{ECF2C1BE-46B2-4B1E-820E-CFAA8A08CF65}.Debug COM|x86.ActiveCfg = Debug|Any CPU
		{ECF2C1BE-46B2-4B1E-820E-CFAA8A08CF65}.Debug COM|x86.Build.0 = Debug|Any CPU
		{ECF2C1BE-46B2-4B1E-820E-CFAA8A08CF65}.Debug|Any CPU.ActiveCfg = Debug|Any CPU
		{ECF2C1BE-46B2-4B1E-820E-CFAA8A08CF65}.Debug|Any CPU.Build.0 = Debug|Any CPU
		{ECF2C1BE-46B2-4B1E-820E-CFAA8A08CF65}.Debug|Mixed Platforms.ActiveCfg = Debug|Any CPU
		{ECF2C1BE-46B2-4B1E-820E-CFAA8A08CF65}.Debug|Mixed Platforms.Build.0 = Debug|Any CPU
		{ECF2C1BE-46B2-4B1E-820E-CFAA8A08CF65}.Debug|x86.ActiveCfg = Debug|Any CPU
		{ECF2C1BE-46B2-4B1E-820E-CFAA8A08CF65}.Debug|x86.Build.0 = Debug|Any CPU
		{ECF2C1BE-46B2-4B1E-820E-CFAA8A08CF65}.Release COMMUNICATOR|Any CPU.ActiveCfg = Release|Any CPU
		{ECF2C1BE-46B2-4B1E-820E-CFAA8A08CF65}.Release COMMUNICATOR|Any CPU.Build.0 = Release|Any CPU
		{ECF2C1BE-46B2-4B1E-820E-CFAA8A08CF65}.Release COMMUNICATOR|Mixed Platforms.ActiveCfg = Release|Any CPU
		{ECF2C1BE-46B2-4B1E-820E-CFAA8A08CF65}.Release COMMUNICATOR|Mixed Platforms.Build.0 = Release|Any CPU
		{ECF2C1BE-46B2-4B1E-820E-CFAA8A08CF65}.Release COMMUNICATOR|x86.ActiveCfg = Release|Any CPU
		{ECF2C1BE-46B2-4B1E-820E-CFAA8A08CF65}.Release COMMUNICATOR|x86.Build.0 = Release|Any CPU
		{ECF2C1BE-46B2-4B1E-820E-CFAA8A08CF65}.Release|Any CPU.ActiveCfg = Release|Any CPU
		{ECF2C1BE-46B2-4B1E-820E-CFAA8A08CF65}.Release|Any CPU.Build.0 = Release|Any CPU
		{ECF2C1BE-46B2-4B1E-820E-CFAA8A08CF65}.Release|Mixed Platforms.ActiveCfg = Release|Any CPU
		{ECF2C1BE-46B2-4B1E-820E-CFAA8A08CF65}.Release|Mixed Platforms.Build.0 = Release|Any CPU
		{ECF2C1BE-46B2-4B1E-820E-CFAA8A08CF65}.Release|x86.ActiveCfg = Release|Any CPU
		{ECF2C1BE-46B2-4B1E-820E-CFAA8A08CF65}.Release|x86.Build.0 = Release|Any CPU
		{27A32818-C724-474A-BED3-264FECF9FC9E}.Debug COM|Any CPU.ActiveCfg = Debug|Any CPU
		{27A32818-C724-474A-BED3-264FECF9FC9E}.Debug COM|Any CPU.Build.0 = Debug|Any CPU
		{27A32818-C724-474A-BED3-264FECF9FC9E}.Debug COM|Mixed Platforms.ActiveCfg = Debug|Any CPU
		{27A32818-C724-474A-BED3-264FECF9FC9E}.Debug COM|Mixed Platforms.Build.0 = Debug|Any CPU
		{27A32818-C724-474A-BED3-264FECF9FC9E}.Debug COM|x86.ActiveCfg = Debug|Any CPU
		{27A32818-C724-474A-BED3-264FECF9FC9E}.Debug COM|x86.Build.0 = Debug|Any CPU
		{27A32818-C724-474A-BED3-264FECF9FC9E}.Debug|Any CPU.ActiveCfg = Debug|Any CPU
		{27A32818-C724-474A-BED3-264FECF9FC9E}.Debug|Any CPU.Build.0 = Debug|Any CPU
		{27A32818-C724-474A-BED3-264FECF9FC9E}.Debug|Mixed Platforms.ActiveCfg = Debug|Any CPU
		{27A32818-C724-474A-BED3-264FECF9FC9E}.Debug|Mixed Platforms.Build.0 = Debug|Any CPU
		{27A32818-C724-474A-BED3-264FECF9FC9E}.Debug|x86.ActiveCfg = Debug|Any CPU
		{27A32818-C724-474A-BED3-264FECF9FC9E}.Debug|x86.Build.0 = Debug|Any CPU
		{27A32818-C724-474A-BED3-264FECF9FC9E}.Release COMMUNICATOR|Any CPU.ActiveCfg = Release|Any CPU
		{27A32818-C724-474A-BED3-264FECF9FC9E}.Release COMMUNICATOR|Any CPU.Build.0 = Release|Any CPU
		{27A32818-C724-474A-BED3-264FECF9FC9E}.Release COMMUNICATOR|Mixed Platforms.ActiveCfg = Release|Any CPU
		{27A32818-C724-474A-BED3-264FECF9FC9E}.Release COMMUNICATOR|Mixed Platforms.Build.0 = Release|Any CPU
		{27A32818-C724-474A-BED3-264FECF9FC9E}.Release COMMUNICATOR|x86.ActiveCfg = Release|Any CPU
		{27A32818-C724-474A-BED3-264FECF9FC9E}.Release COMMUNICATOR|x86.Build.0 = Release|Any CPU
		{27A32818-C724-474A-BED3-264FECF9FC9E}.Release|Any CPU.ActiveCfg = Release|Any CPU
		{27A32818-C724-474A-BED3-264FECF9FC9E}.Release|Any CPU.Build.0 = Release|Any CPU
		{27A32818-C724-474A-BED3-264FECF9FC9E}.Release|Mixed Platforms.ActiveCfg = Release|Any CPU
		{27A32818-C724-474A-BED3-264FECF9FC9E}.Release|Mixed Platforms.Build.0 = Release|Any CPU
		{27A32818-C724-474A-BED3-264FECF9FC9E}.Release|x86.ActiveCfg = Release|Any CPU
		{27A32818-C724-474A-BED3-264FECF9FC9E}.Release|x86.Build.0 = Release|Any CPU
		{C0E6768B-663E-430B-8829-460CC63D2934}.Debug COM|Any CPU.ActiveCfg = Debug|Any CPU
		{C0E6768B-663E-430B-8829-460CC63D2934}.Debug COM|Any CPU.Build.0 = Debug|Any CPU
		{C0E6768B-663E-430B-8829-460CC63D2934}.Debug COM|Mixed Platforms.ActiveCfg = Debug|Any CPU
		{C0E6768B-663E-430B-8829-460CC63D2934}.Debug COM|Mixed Platforms.Build.0 = Debug|Any CPU
		{C0E6768B-663E-430B-8829-460CC63D2934}.Debug COM|x86.ActiveCfg = Debug|Any CPU
		{C0E6768B-663E-430B-8829-460CC63D2934}.Debug COM|x86.Build.0 = Debug|Any CPU
		{C0E6768B-663E-430B-8829-460CC63D2934}.Debug|Any CPU.ActiveCfg = Debug|Any CPU
		{C0E6768B-663E-430B-8829-460CC63D2934}.Debug|Any CPU.Build.0 = Debug|Any CPU
		{C0E6768B-663E-430B-8829-460CC63D2934}.Debug|Mixed Platforms.ActiveCfg = Debug|Any CPU
		{C0E6768B-663E-430B-8829-460CC63D2934}.Debug|Mixed Platforms.Build.0 = Debug|Any CPU
		{C0E6768B-663E-430B-8829-460CC63D2934}.Debug|x86.ActiveCfg = Debug|Any CPU
		{C0E6768B-663E-430B-8829-460CC63D2934}.Debug|x86.Build.0 = Debug|Any CPU
		{C0E6768B-663E-430B-8829-460CC63D2934}.Release COMMUNICATOR|Any CPU.ActiveCfg = Release|Any CPU
		{C0E6768B-663E-430B-8829-460CC63D2934}.Release COMMUNICATOR|Any CPU.Build.0 = Release|Any CPU
		{C0E6768B-663E-430B-8829-460CC63D2934}.Release COMMUNICATOR|Mixed Platforms.ActiveCfg = Release|Any CPU
		{C0E6768B-663E-430B-8829-460CC63D2934}.Release COMMUNICATOR|Mixed Platforms.Build.0 = Release|Any CPU
		{C0E6768B-663E-430B-8829-460CC63D2934}.Release COMMUNICATOR|x86.ActiveCfg = Release|Any CPU
		{C0E6768B-663E-430B-8829-460CC63D2934}.Release COMMUNICATOR|x86.Build.0 = Release|Any CPU
		{C0E6768B-663E-430B-8829-460CC63D2934}.Release|Any CPU.ActiveCfg = Release|Any CPU
		{C0E6768B-663E-430B-8829-460CC63D2934}.Release|Any CPU.Build.0 = Release|Any CPU
		{C0E6768B-663E-430B-8829-460CC63D2934}.Release|Mixed Platforms.ActiveCfg = Release|Any CPU
		{C0E6768B-663E-430B-8829-460CC63D2934}.Release|Mixed Platforms.Build.0 = Release|Any CPU
		{C0E6768B-663E-430B-8829-460CC63D2934}.Release|x86.ActiveCfg = Release|Any CPU
		{C0E6768B-663E-430B-8829-460CC63D2934}.Release|x86.Build.0 = Release|Any CPU
		{B6A8F018-65B9-4FD4-9E83-68114AA85F79}.Debug COM|Any CPU.ActiveCfg = Debug|Any CPU
		{B6A8F018-65B9-4FD4-9E83-68114AA85F79}.Debug COM|Any CPU.Build.0 = Debug|Any CPU
		{B6A8F018-65B9-4FD4-9E83-68114AA85F79}.Debug COM|Mixed Platforms.ActiveCfg = Debug|Any CPU
		{B6A8F018-65B9-4FD4-9E83-68114AA85F79}.Debug COM|Mixed Platforms.Build.0 = Debug|Any CPU
		{B6A8F018-65B9-4FD4-9E83-68114AA85F79}.Debug COM|x86.ActiveCfg = Debug|Any CPU
		{B6A8F018-65B9-4FD4-9E83-68114AA85F79}.Debug COM|x86.Build.0 = Debug|Any CPU
		{B6A8F018-65B9-4FD4-9E83-68114AA85F79}.Debug|Any CPU.ActiveCfg = Debug|Any CPU
		{B6A8F018-65B9-4FD4-9E83-68114AA85F79}.Debug|Any CPU.Build.0 = Debug|Any CPU
		{B6A8F018-65B9-4FD4-9E83-68114AA85F79}.Debug|Mixed Platforms.ActiveCfg = Debug|Any CPU
		{B6A8F018-65B9-4FD4-9E83-68114AA85F79}.Debug|Mixed Platforms.Build.0 = Debug|Any CPU
		{B6A8F018-65B9-4FD4-9E83-68114AA85F79}.Debug|x86.ActiveCfg = Debug|Any CPU
		{B6A8F018-65B9-4FD4-9E83-68114AA85F79}.Debug|x86.Build.0 = Debug|Any CPU
		{B6A8F018-65B9-4FD4-9E83-68114AA85F79}.Release COMMUNICATOR|Any CPU.ActiveCfg = Release|Any CPU
		{B6A8F018-65B9-4FD4-9E83-68114AA85F79}.Release COMMUNICATOR|Any CPU.Build.0 = Release|Any CPU
		{B6A8F018-65B9-4FD4-9E83-68114AA85F79}.Release COMMUNICATOR|Mixed Platforms.ActiveCfg = Release|Any CPU
		{B6A8F018-65B9-4FD4-9E83-68114AA85F79}.Release COMMUNICATOR|Mixed Platforms.Build.0 = Release|Any CPU
		{B6A8F018-65B9-4FD4-9E83-68114AA85F79}.Release COMMUNICATOR|x86.ActiveCfg = Release|Any CPU
		{B6A8F018-65B9-4FD4-9E83-68114AA85F79}.Release COMMUNICATOR|x86.Build.0 = Release|Any CPU
		{B6A8F018-65B9-4FD4-9E83-68114AA85F79}.Release|Any CPU.ActiveCfg = Release|Any CPU
		{B6A8F018-65B9-4FD4-9E83-68114AA85F79}.Release|Any CPU.Build.0 = Release|Any CPU
		{B6A8F018-65B9-4FD4-9E83-68114AA85F79}.Release|Mixed Platforms.ActiveCfg = Release|Any CPU
		{B6A8F018-65B9-4FD4-9E83-68114AA85F79}.Release|Mixed Platforms.Build.0 = Release|Any CPU
		{B6A8F018-65B9-4FD4-9E83-68114AA85F79}.Release|x86.ActiveCfg = Release|Any CPU
		{B6A8F018-65B9-4FD4-9E83-68114AA85F79}.Release|x86.Build.0 = Release|Any CPU
		{D98FB01A-FF07-4429-89E5-65BF01CB12C3}.Debug COM|Any CPU.ActiveCfg = Debug|Any CPU
		{D98FB01A-FF07-4429-89E5-65BF01CB12C3}.Debug COM|Any CPU.Build.0 = Debug|Any CPU
		{D98FB01A-FF07-4429-89E5-65BF01CB12C3}.Debug COM|Mixed Platforms.ActiveCfg = Debug|Any CPU
		{D98FB01A-FF07-4429-89E5-65BF01CB12C3}.Debug COM|Mixed Platforms.Build.0 = Debug|Any CPU
		{D98FB01A-FF07-4429-89E5-65BF01CB12C3}.Debug COM|x86.ActiveCfg = Debug|Any CPU
		{D98FB01A-FF07-4429-89E5-65BF01CB12C3}.Debug COM|x86.Build.0 = Debug|Any CPU
		{D98FB01A-FF07-4429-89E5-65BF01CB12C3}.Debug|Any CPU.ActiveCfg = Debug|Any CPU
		{D98FB01A-FF07-4429-89E5-65BF01CB12C3}.Debug|Any CPU.Build.0 = Debug|Any CPU
		{D98FB01A-FF07-4429-89E5-65BF01CB12C3}.Debug|Mixed Platforms.ActiveCfg = Debug|Any CPU
		{D98FB01A-FF07-4429-89E5-65BF01CB12C3}.Debug|Mixed Platforms.Build.0 = Debug|Any CPU
		{D98FB01A-FF07-4429-89E5-65BF01CB12C3}.Debug|x86.ActiveCfg = Debug|Any CPU
		{D98FB01A-FF07-4429-89E5-65BF01CB12C3}.Debug|x86.Build.0 = Debug|Any CPU
		{D98FB01A-FF07-4429-89E5-65BF01CB12C3}.Release COMMUNICATOR|Any CPU.ActiveCfg = Release|Any CPU
		{D98FB01A-FF07-4429-89E5-65BF01CB12C3}.Release COMMUNICATOR|Any CPU.Build.0 = Release|Any CPU
		{D98FB01A-FF07-4429-89E5-65BF01CB12C3}.Release COMMUNICATOR|Mixed Platforms.ActiveCfg = Release|Any CPU
		{D98FB01A-FF07-4429-89E5-65BF01CB12C3}.Release COMMUNICATOR|Mixed Platforms.Build.0 = Release|Any CPU
		{D98FB01A-FF07-4429-89E5-65BF01CB12C3}.Release COMMUNICATOR|x86.ActiveCfg = Release|Any CPU
		{D98FB01A-FF07-4429-89E5-65BF01CB12C3}.Release COMMUNICATOR|x86.Build.0 = Release|Any CPU
		{D98FB01A-FF07-4429-89E5-65BF01CB12C3}.Release|Any CPU.ActiveCfg = Release|Any CPU
		{D98FB01A-FF07-4429-89E5-65BF01CB12C3}.Release|Any CPU.Build.0 = Release|Any CPU
		{D98FB01A-FF07-4429-89E5-65BF01CB12C3}.Release|Mixed Platforms.ActiveCfg = Release|Any CPU
		{D98FB01A-FF07-4429-89E5-65BF01CB12C3}.Release|Mixed Platforms.Build.0 = Release|Any CPU
		{D98FB01A-FF07-4429-89E5-65BF01CB12C3}.Release|x86.ActiveCfg = Release|Any CPU
		{D98FB01A-FF07-4429-89E5-65BF01CB12C3}.Release|x86.Build.0 = Release|Any CPU
		{8A17DF56-0DB2-43F4-A495-5015C728B570}.Debug COM|Any CPU.ActiveCfg = Debug|Any CPU
		{8A17DF56-0DB2-43F4-A495-5015C728B570}.Debug COM|Any CPU.Build.0 = Debug|Any CPU
		{8A17DF56-0DB2-43F4-A495-5015C728B570}.Debug COM|Mixed Platforms.ActiveCfg = Debug|Any CPU
		{8A17DF56-0DB2-43F4-A495-5015C728B570}.Debug COM|Mixed Platforms.Build.0 = Debug|Any CPU
		{8A17DF56-0DB2-43F4-A495-5015C728B570}.Debug COM|x86.ActiveCfg = Debug|Any CPU
		{8A17DF56-0DB2-43F4-A495-5015C728B570}.Debug COM|x86.Build.0 = Debug|Any CPU
		{8A17DF56-0DB2-43F4-A495-5015C728B570}.Debug|Any CPU.ActiveCfg = Debug|Any CPU
		{8A17DF56-0DB2-43F4-A495-5015C728B570}.Debug|Any CPU.Build.0 = Debug|Any CPU
		{8A17DF56-0DB2-43F4-A495-5015C728B570}.Debug|Mixed Platforms.ActiveCfg = Debug|Any CPU
		{8A17DF56-0DB2-43F4-A495-5015C728B570}.Debug|Mixed Platforms.Build.0 = Debug|Any CPU
		{8A17DF56-0DB2-43F4-A495-5015C728B570}.Debug|x86.ActiveCfg = Debug|Any CPU
		{8A17DF56-0DB2-43F4-A495-5015C728B570}.Debug|x86.Build.0 = Debug|Any CPU
		{8A17DF56-0DB2-43F4-A495-5015C728B570}.Release COMMUNICATOR|Any CPU.ActiveCfg = Release|Any CPU
		{8A17DF56-0DB2-43F4-A495-5015C728B570}.Release COMMUNICATOR|Any CPU.Build.0 = Release|Any CPU
		{8A17DF56-0DB2-43F4-A495-5015C728B570}.Release COMMUNICATOR|Mixed Platforms.ActiveCfg = Release|Any CPU
		{8A17DF56-0DB2-43F4-A495-5015C728B570}.Release COMMUNICATOR|Mixed Platforms.Build.0 = Release|Any CPU
		{8A17DF56-0DB2-43F4-A495-5015C728B570}.Release COMMUNICATOR|x86.ActiveCfg = Release|Any CPU
		{8A17DF56-0DB2-43F4-A495-5015C728B570}.Release COMMUNICATOR|x86.Build.0 = Release|Any CPU
		{8A17DF56-0DB2-43F4-A495-5015C728B570}.Release|Any CPU.ActiveCfg = Release|Any CPU
		{8A17DF56-0DB2-43F4-A495-5015C728B570}.Release|Any CPU.Build.0 = Release|Any CPU
		{8A17DF56-0DB2-43F4-A495-5015C728B570}.Release|Mixed Platforms.ActiveCfg = Release|Any CPU
		{8A17DF56-0DB2-43F4-A495-5015C728B570}.Release|Mixed Platforms.Build.0 = Release|Any CPU
		{8A17DF56-0DB2-43F4-A495-5015C728B570}.Release|x86.ActiveCfg = Release|Any CPU
		{8A17DF56-0DB2-43F4-A495-5015C728B570}.Release|x86.Build.0 = Release|Any CPU
		{237307D0-3C5D-412B-9E12-0DA189BCA4DC}.Debug COM|Any CPU.ActiveCfg = Debug|Any CPU
		{237307D0-3C5D-412B-9E12-0DA189BCA4DC}.Debug COM|Any CPU.Build.0 = Debug|Any CPU
		{237307D0-3C5D-412B-9E12-0DA189BCA4DC}.Debug COM|Mixed Platforms.ActiveCfg = Debug|Any CPU
		{237307D0-3C5D-412B-9E12-0DA189BCA4DC}.Debug COM|Mixed Platforms.Build.0 = Debug|Any CPU
		{237307D0-3C5D-412B-9E12-0DA189BCA4DC}.Debug COM|x86.ActiveCfg = Debug|Any CPU
		{237307D0-3C5D-412B-9E12-0DA189BCA4DC}.Debug COM|x86.Build.0 = Debug|Any CPU
		{237307D0-3C5D-412B-9E12-0DA189BCA4DC}.Debug|Any CPU.ActiveCfg = Debug|Any CPU
		{237307D0-3C5D-412B-9E12-0DA189BCA4DC}.Debug|Any CPU.Build.0 = Debug|Any CPU
		{237307D0-3C5D-412B-9E12-0DA189BCA4DC}.Debug|Mixed Platforms.ActiveCfg = Debug|Any CPU
		{237307D0-3C5D-412B-9E12-0DA189BCA4DC}.Debug|Mixed Platforms.Build.0 = Debug|Any CPU
		{237307D0-3C5D-412B-9E12-0DA189BCA4DC}.Debug|x86.ActiveCfg = Debug|Any CPU
		{237307D0-3C5D-412B-9E12-0DA189BCA4DC}.Debug|x86.Build.0 = Debug|Any CPU
		{237307D0-3C5D-412B-9E12-0DA189BCA4DC}.Release COMMUNICATOR|Any CPU.ActiveCfg = Release|Any CPU
		{237307D0-3C5D-412B-9E12-0DA189BCA4DC}.Release COMMUNICATOR|Any CPU.Build.0 = Release|Any CPU
		{237307D0-3C5D-412B-9E12-0DA189BCA4DC}.Release COMMUNICATOR|Mixed Platforms.ActiveCfg = Release|Any CPU
		{237307D0-3C5D-412B-9E12-0DA189BCA4DC}.Release COMMUNICATOR|Mixed Platforms.Build.0 = Release|Any CPU
		{237307D0-3C5D-412B-9E12-0DA189BCA4DC}.Release COMMUNICATOR|x86.ActiveCfg = Release|Any CPU
		{237307D0-3C5D-412B-9E12-0DA189BCA4DC}.Release COMMUNICATOR|x86.Build.0 = Release|Any CPU
		{237307D0-3C5D-412B-9E12-0DA189BCA4DC}.Release|Any CPU.ActiveCfg = Release|Any CPU
		{237307D0-3C5D-412B-9E12-0DA189BCA4DC}.Release|Any CPU.Build.0 = Release|Any CPU
		{237307D0-3C5D-412B-9E12-0DA189BCA4DC}.Release|Mixed Platforms.ActiveCfg = Release|Any CPU
		{237307D0-3C5D-412B-9E12-0DA189BCA4DC}.Release|Mixed Platforms.Build.0 = Release|Any CPU
		{237307D0-3C5D-412B-9E12-0DA189BCA4DC}.Release|x86.ActiveCfg = Release|Any CPU
		{237307D0-3C5D-412B-9E12-0DA189BCA4DC}.Release|x86.Build.0 = Release|Any CPU
		{1D8F0076-6285-48F1-B2DD-16FF62267A0B}.Debug COM|Any CPU.ActiveCfg = Debug|Any CPU
		{1D8F0076-6285-48F1-B2DD-16FF62267A0B}.Debug COM|Any CPU.Build.0 = Debug|Any CPU
		{1D8F0076-6285-48F1-B2DD-16FF62267A0B}.Debug COM|Mixed Platforms.ActiveCfg = Debug|Any CPU
		{1D8F0076-6285-48F1-B2DD-16FF62267A0B}.Debug COM|Mixed Platforms.Build.0 = Debug|Any CPU
		{1D8F0076-6285-48F1-B2DD-16FF62267A0B}.Debug COM|x86.ActiveCfg = Debug|Any CPU
		{1D8F0076-6285-48F1-B2DD-16FF62267A0B}.Debug COM|x86.Build.0 = Debug|Any CPU
		{1D8F0076-6285-48F1-B2DD-16FF62267A0B}.Debug|Any CPU.ActiveCfg = Debug|Any CPU
		{1D8F0076-6285-48F1-B2DD-16FF62267A0B}.Debug|Any CPU.Build.0 = Debug|Any CPU
		{1D8F0076-6285-48F1-B2DD-16FF62267A0B}.Debug|Mixed Platforms.ActiveCfg = Debug|Any CPU
		{1D8F0076-6285-48F1-B2DD-16FF62267A0B}.Debug|Mixed Platforms.Build.0 = Debug|Any CPU
		{1D8F0076-6285-48F1-B2DD-16FF62267A0B}.Debug|x86.ActiveCfg = Debug|Any CPU
		{1D8F0076-6285-48F1-B2DD-16FF62267A0B}.Debug|x86.Build.0 = Debug|Any CPU
		{1D8F0076-6285-48F1-B2DD-16FF62267A0B}.Release COMMUNICATOR|Any CPU.ActiveCfg = Release|Any CPU
		{1D8F0076-6285-48F1-B2DD-16FF62267A0B}.Release COMMUNICATOR|Any CPU.Build.0 = Release|Any CPU
		{1D8F0076-6285-48F1-B2DD-16FF62267A0B}.Release COMMUNICATOR|Mixed Platforms.ActiveCfg = Release|Any CPU
		{1D8F0076-6285-48F1-B2DD-16FF62267A0B}.Release COMMUNICATOR|Mixed Platforms.Build.0 = Release|Any CPU
		{1D8F0076-6285-48F1-B2DD-16FF62267A0B}.Release COMMUNICATOR|x86.ActiveCfg = Release|Any CPU
		{1D8F0076-6285-48F1-B2DD-16FF62267A0B}.Release COMMUNICATOR|x86.Build.0 = Release|Any CPU
		{1D8F0076-6285-48F1-B2DD-16FF62267A0B}.Release|Any CPU.ActiveCfg = Release|Any CPU
		{1D8F0076-6285-48F1-B2DD-16FF62267A0B}.Release|Any CPU.Build.0 = Release|Any CPU
		{1D8F0076-6285-48F1-B2DD-16FF62267A0B}.Release|Mixed Platforms.ActiveCfg = Release|Any CPU
		{1D8F0076-6285-48F1-B2DD-16FF62267A0B}.Release|Mixed Platforms.Build.0 = Release|Any CPU
		{1D8F0076-6285-48F1-B2DD-16FF62267A0B}.Release|x86.ActiveCfg = Release|Any CPU
		{1D8F0076-6285-48F1-B2DD-16FF62267A0B}.Release|x86.Build.0 = Release|Any CPU
		{415A48F8-D4F2-493D-909B-F78BC46E971C}.Debug COM|Any CPU.ActiveCfg = Debug|Any CPU
		{415A48F8-D4F2-493D-909B-F78BC46E971C}.Debug COM|Any CPU.Build.0 = Debug|Any CPU
		{415A48F8-D4F2-493D-909B-F78BC46E971C}.Debug COM|Mixed Platforms.ActiveCfg = Debug|Any CPU
		{415A48F8-D4F2-493D-909B-F78BC46E971C}.Debug COM|Mixed Platforms.Build.0 = Debug|Any CPU
		{415A48F8-D4F2-493D-909B-F78BC46E971C}.Debug COM|x86.ActiveCfg = Debug|Any CPU
		{415A48F8-D4F2-493D-909B-F78BC46E971C}.Debug COM|x86.Build.0 = Debug|Any CPU
		{415A48F8-D4F2-493D-909B-F78BC46E971C}.Debug|Any CPU.ActiveCfg = Debug|Any CPU
		{415A48F8-D4F2-493D-909B-F78BC46E971C}.Debug|Any CPU.Build.0 = Debug|Any CPU
		{415A48F8-D4F2-493D-909B-F78BC46E971C}.Debug|Mixed Platforms.ActiveCfg = Debug|Any CPU
		{415A48F8-D4F2-493D-909B-F78BC46E971C}.Debug|Mixed Platforms.Build.0 = Debug|Any CPU
		{415A48F8-D4F2-493D-909B-F78BC46E971C}.Debug|x86.ActiveCfg = Debug|Any CPU
		{415A48F8-D4F2-493D-909B-F78BC46E971C}.Debug|x86.Build.0 = Debug|Any CPU
		{415A48F8-D4F2-493D-909B-F78BC46E971C}.Release COMMUNICATOR|Any CPU.ActiveCfg = Release|Any CPU
		{415A48F8-D4F2-493D-909B-F78BC46E971C}.Release COMMUNICATOR|Any CPU.Build.0 = Release|Any CPU
		{415A48F8-D4F2-493D-909B-F78BC46E971C}.Release COMMUNICATOR|Mixed Platforms.ActiveCfg = Release|Any CPU
		{415A48F8-D4F2-493D-909B-F78BC46E971C}.Release COMMUNICATOR|Mixed Platforms.Build.0 = Release|Any CPU
		{415A48F8-D4F2-493D-909B-F78BC46E971C}.Release COMMUNICATOR|x86.ActiveCfg = Release|Any CPU
		{415A48F8-D4F2-493D-909B-F78BC46E971C}.Release COMMUNICATOR|x86.Build.0 = Release|Any CPU
		{415A48F8-D4F2-493D-909B-F78BC46E971C}.Release|Any CPU.ActiveCfg = Release|Any CPU
		{415A48F8-D4F2-493D-909B-F78BC46E971C}.Release|Any CPU.Build.0 = Release|Any CPU
		{415A48F8-D4F2-493D-909B-F78BC46E971C}.Release|Mixed Platforms.ActiveCfg = Release|Any CPU
		{415A48F8-D4F2-493D-909B-F78BC46E971C}.Release|Mixed Platforms.Build.0 = Release|Any CPU
		{415A48F8-D4F2-493D-909B-F78BC46E971C}.Release|x86.ActiveCfg = Release|Any CPU
		{415A48F8-D4F2-493D-909B-F78BC46E971C}.Release|x86.Build.0 = Release|Any CPU
		{8122832D-B86F-49E2-A03A-F15FE8AA777B}.Debug COM|Any CPU.ActiveCfg = Debug|Any CPU
		{8122832D-B86F-49E2-A03A-F15FE8AA777B}.Debug COM|Any CPU.Build.0 = Debug|Any CPU
		{8122832D-B86F-49E2-A03A-F15FE8AA777B}.Debug COM|Mixed Platforms.ActiveCfg = Debug|Any CPU
		{8122832D-B86F-49E2-A03A-F15FE8AA777B}.Debug COM|Mixed Platforms.Build.0 = Debug|Any CPU
		{8122832D-B86F-49E2-A03A-F15FE8AA777B}.Debug COM|x86.ActiveCfg = Debug|Any CPU
		{8122832D-B86F-49E2-A03A-F15FE8AA777B}.Debug COM|x86.Build.0 = Debug|Any CPU
		{8122832D-B86F-49E2-A03A-F15FE8AA777B}.Debug|Any CPU.ActiveCfg = Debug|Any CPU
		{8122832D-B86F-49E2-A03A-F15FE8AA777B}.Debug|Any CPU.Build.0 = Debug|Any CPU
		{8122832D-B86F-49E2-A03A-F15FE8AA777B}.Debug|Mixed Platforms.ActiveCfg = Debug|Any CPU
		{8122832D-B86F-49E2-A03A-F15FE8AA777B}.Debug|Mixed Platforms.Build.0 = Debug|Any CPU
		{8122832D-B86F-49E2-A03A-F15FE8AA777B}.Debug|x86.ActiveCfg = Debug|Any CPU
		{8122832D-B86F-49E2-A03A-F15FE8AA777B}.Debug|x86.Build.0 = Debug|Any CPU
		{8122832D-B86F-49E2-A03A-F15FE8AA777B}.Release COMMUNICATOR|Any CPU.ActiveCfg = Release|Any CPU
		{8122832D-B86F-49E2-A03A-F15FE8AA777B}.Release COMMUNICATOR|Any CPU.Build.0 = Release|Any CPU
		{8122832D-B86F-49E2-A03A-F15FE8AA777B}.Release COMMUNICATOR|Mixed Platforms.ActiveCfg = Release|Any CPU
		{8122832D-B86F-49E2-A03A-F15FE8AA777B}.Release COMMUNICATOR|Mixed Platforms.Build.0 = Release|Any CPU
		{8122832D-B86F-49E2-A03A-F15FE8AA777B}.Release COMMUNICATOR|x86.ActiveCfg = Release|Any CPU
		{8122832D-B86F-49E2-A03A-F15FE8AA777B}.Release COMMUNICATOR|x86.Build.0 = Release|Any CPU
		{8122832D-B86F-49E2-A03A-F15FE8AA777B}.Release|Any CPU.ActiveCfg = Release|Any CPU
		{8122832D-B86F-49E2-A03A-F15FE8AA777B}.Release|Any CPU.Build.0 = Release|Any CPU
		{8122832D-B86F-49E2-A03A-F15FE8AA777B}.Release|Mixed Platforms.ActiveCfg = Release|Any CPU
		{8122832D-B86F-49E2-A03A-F15FE8AA777B}.Release|Mixed Platforms.Build.0 = Release|Any CPU
		{8122832D-B86F-49E2-A03A-F15FE8AA777B}.Release|x86.ActiveCfg = Release|Any CPU
		{8122832D-B86F-49E2-A03A-F15FE8AA777B}.Release|x86.Build.0 = Release|Any CPU
		{1570CAFA-6D59-49EC-A985-6CB96C369E16}.Debug COM|Any CPU.ActiveCfg = Debug|Any CPU
		{1570CAFA-6D59-49EC-A985-6CB96C369E16}.Debug COM|Any CPU.Build.0 = Debug|Any CPU
		{1570CAFA-6D59-49EC-A985-6CB96C369E16}.Debug COM|Mixed Platforms.ActiveCfg = Debug|Any CPU
		{1570CAFA-6D59-49EC-A985-6CB96C369E16}.Debug COM|Mixed Platforms.Build.0 = Debug|Any CPU
		{1570CAFA-6D59-49EC-A985-6CB96C369E16}.Debug COM|x86.ActiveCfg = Debug|Any CPU
		{1570CAFA-6D59-49EC-A985-6CB96C369E16}.Debug COM|x86.Build.0 = Debug|Any CPU
		{1570CAFA-6D59-49EC-A985-6CB96C369E16}.Debug|Any CPU.ActiveCfg = Debug|Any CPU
		{1570CAFA-6D59-49EC-A985-6CB96C369E16}.Debug|Any CPU.Build.0 = Debug|Any CPU
		{1570CAFA-6D59-49EC-A985-6CB96C369E16}.Debug|Mixed Platforms.ActiveCfg = Debug|Any CPU
		{1570CAFA-6D59-49EC-A985-6CB96C369E16}.Debug|Mixed Platforms.Build.0 = Debug|Any CPU
		{1570CAFA-6D59-49EC-A985-6CB96C369E16}.Debug|x86.ActiveCfg = Debug|Any CPU
		{1570CAFA-6D59-49EC-A985-6CB96C369E16}.Debug|x86.Build.0 = Debug|Any CPU
		{1570CAFA-6D59-49EC-A985-6CB96C369E16}.Release COMMUNICATOR|Any CPU.ActiveCfg = Release|Any CPU
		{1570CAFA-6D59-49EC-A985-6CB96C369E16}.Release COMMUNICATOR|Any CPU.Build.0 = Release|Any CPU
		{1570CAFA-6D59-49EC-A985-6CB96C369E16}.Release COMMUNICATOR|Mixed Platforms.ActiveCfg = Release|Any CPU
		{1570CAFA-6D59-49EC-A985-6CB96C369E16}.Release COMMUNICATOR|Mixed Platforms.Build.0 = Release|Any CPU
		{1570CAFA-6D59-49EC-A985-6CB96C369E16}.Release COMMUNICATOR|x86.ActiveCfg = Release|Any CPU
		{1570CAFA-6D59-49EC-A985-6CB96C369E16}.Release COMMUNICATOR|x86.Build.0 = Release|Any CPU
		{1570CAFA-6D59-49EC-A985-6CB96C369E16}.Release|Any CPU.ActiveCfg = Release|Any CPU
		{1570CAFA-6D59-49EC-A985-6CB96C369E16}.Release|Any CPU.Build.0 = Release|Any CPU
		{1570CAFA-6D59-49EC-A985-6CB96C369E16}.Release|Mixed Platforms.ActiveCfg = Release|Any CPU
		{1570CAFA-6D59-49EC-A985-6CB96C369E16}.Release|Mixed Platforms.Build.0 = Release|Any CPU
		{1570CAFA-6D59-49EC-A985-6CB96C369E16}.Release|x86.ActiveCfg = Release|Any CPU
		{1570CAFA-6D59-49EC-A985-6CB96C369E16}.Release|x86.Build.0 = Release|Any CPU
		{E1DDB8BC-A377-4AE7-A304-E2FEFEB07643}.Debug COM|Any CPU.ActiveCfg = Debug|Any CPU
		{E1DDB8BC-A377-4AE7-A304-E2FEFEB07643}.Debug COM|Any CPU.Build.0 = Debug|Any CPU
		{E1DDB8BC-A377-4AE7-A304-E2FEFEB07643}.Debug COM|Mixed Platforms.ActiveCfg = Debug|Any CPU
		{E1DDB8BC-A377-4AE7-A304-E2FEFEB07643}.Debug COM|Mixed Platforms.Build.0 = Debug|Any CPU
		{E1DDB8BC-A377-4AE7-A304-E2FEFEB07643}.Debug COM|x86.ActiveCfg = Debug|Any CPU
		{E1DDB8BC-A377-4AE7-A304-E2FEFEB07643}.Debug COM|x86.Build.0 = Debug|Any CPU
		{E1DDB8BC-A377-4AE7-A304-E2FEFEB07643}.Debug|Any CPU.ActiveCfg = Debug|Any CPU
		{E1DDB8BC-A377-4AE7-A304-E2FEFEB07643}.Debug|Any CPU.Build.0 = Debug|Any CPU
		{E1DDB8BC-A377-4AE7-A304-E2FEFEB07643}.Debug|Mixed Platforms.ActiveCfg = Debug|Any CPU
		{E1DDB8BC-A377-4AE7-A304-E2FEFEB07643}.Debug|Mixed Platforms.Build.0 = Debug|Any CPU
		{E1DDB8BC-A377-4AE7-A304-E2FEFEB07643}.Debug|x86.ActiveCfg = Debug|Any CPU
		{E1DDB8BC-A377-4AE7-A304-E2FEFEB07643}.Debug|x86.Build.0 = Debug|Any CPU
		{E1DDB8BC-A377-4AE7-A304-E2FEFEB07643}.Release COMMUNICATOR|Any CPU.ActiveCfg = Release|Any CPU
		{E1DDB8BC-A377-4AE7-A304-E2FEFEB07643}.Release COMMUNICATOR|Any CPU.Build.0 = Release|Any CPU
		{E1DDB8BC-A377-4AE7-A304-E2FEFEB07643}.Release COMMUNICATOR|Mixed Platforms.ActiveCfg = Release|Any CPU
		{E1DDB8BC-A377-4AE7-A304-E2FEFEB07643}.Release COMMUNICATOR|Mixed Platforms.Build.0 = Release|Any CPU
		{E1DDB8BC-A377-4AE7-A304-E2FEFEB07643}.Release COMMUNICATOR|x86.ActiveCfg = Release|Any CPU
		{E1DDB8BC-A377-4AE7-A304-E2FEFEB07643}.Release COMMUNICATOR|x86.Build.0 = Release|Any CPU
		{E1DDB8BC-A377-4AE7-A304-E2FEFEB07643}.Release|Any CPU.ActiveCfg = Release|Any CPU
		{E1DDB8BC-A377-4AE7-A304-E2FEFEB07643}.Release|Any CPU.Build.0 = Release|Any CPU
		{E1DDB8BC-A377-4AE7-A304-E2FEFEB07643}.Release|Mixed Platforms.ActiveCfg = Release|Any CPU
		{E1DDB8BC-A377-4AE7-A304-E2FEFEB07643}.Release|Mixed Platforms.Build.0 = Release|Any CPU
		{E1DDB8BC-A377-4AE7-A304-E2FEFEB07643}.Release|x86.ActiveCfg = Release|Any CPU
		{E1DDB8BC-A377-4AE7-A304-E2FEFEB07643}.Release|x86.Build.0 = Release|Any CPU
		{40C1CCC9-4D77-4F23-BFEE-92319C6B80F2}.Debug COM|Any CPU.ActiveCfg = Debug|Any CPU
		{40C1CCC9-4D77-4F23-BFEE-92319C6B80F2}.Debug COM|Any CPU.Build.0 = Debug|Any CPU
		{40C1CCC9-4D77-4F23-BFEE-92319C6B80F2}.Debug COM|Mixed Platforms.ActiveCfg = Debug|Any CPU
		{40C1CCC9-4D77-4F23-BFEE-92319C6B80F2}.Debug COM|Mixed Platforms.Build.0 = Debug|Any CPU
		{40C1CCC9-4D77-4F23-BFEE-92319C6B80F2}.Debug COM|x86.ActiveCfg = Debug|Any CPU
		{40C1CCC9-4D77-4F23-BFEE-92319C6B80F2}.Debug COM|x86.Build.0 = Debug|Any CPU
		{40C1CCC9-4D77-4F23-BFEE-92319C6B80F2}.Debug|Any CPU.ActiveCfg = Debug|Any CPU
		{40C1CCC9-4D77-4F23-BFEE-92319C6B80F2}.Debug|Any CPU.Build.0 = Debug|Any CPU
		{40C1CCC9-4D77-4F23-BFEE-92319C6B80F2}.Debug|Mixed Platforms.ActiveCfg = Debug|Any CPU
		{40C1CCC9-4D77-4F23-BFEE-92319C6B80F2}.Debug|Mixed Platforms.Build.0 = Debug|Any CPU
		{40C1CCC9-4D77-4F23-BFEE-92319C6B80F2}.Debug|x86.ActiveCfg = Debug|Any CPU
		{40C1CCC9-4D77-4F23-BFEE-92319C6B80F2}.Debug|x86.Build.0 = Debug|Any CPU
		{40C1CCC9-4D77-4F23-BFEE-92319C6B80F2}.Release COMMUNICATOR|Any CPU.ActiveCfg = Release|Any CPU
		{40C1CCC9-4D77-4F23-BFEE-92319C6B80F2}.Release COMMUNICATOR|Any CPU.Build.0 = Release|Any CPU
		{40C1CCC9-4D77-4F23-BFEE-92319C6B80F2}.Release COMMUNICATOR|Mixed Platforms.ActiveCfg = Release|Any CPU
		{40C1CCC9-4D77-4F23-BFEE-92319C6B80F2}.Release COMMUNICATOR|Mixed Platforms.Build.0 = Release|Any CPU
		{40C1CCC9-4D77-4F23-BFEE-92319C6B80F2}.Release COMMUNICATOR|x86.ActiveCfg = Release|Any CPU
		{40C1CCC9-4D77-4F23-BFEE-92319C6B80F2}.Release COMMUNICATOR|x86.Build.0 = Release|Any CPU
		{40C1CCC9-4D77-4F23-BFEE-92319C6B80F2}.Release|Any CPU.ActiveCfg = Release|Any CPU
		{40C1CCC9-4D77-4F23-BFEE-92319C6B80F2}.Release|Any CPU.Build.0 = Release|Any CPU
		{40C1CCC9-4D77-4F23-BFEE-92319C6B80F2}.Release|Mixed Platforms.ActiveCfg = Release|Any CPU
		{40C1CCC9-4D77-4F23-BFEE-92319C6B80F2}.Release|Mixed Platforms.Build.0 = Release|Any CPU
		{40C1CCC9-4D77-4F23-BFEE-92319C6B80F2}.Release|x86.ActiveCfg = Release|Any CPU
		{40C1CCC9-4D77-4F23-BFEE-92319C6B80F2}.Release|x86.Build.0 = Release|Any CPU
		{0F8FA240-EF49-405B-986A-2C4C8737CF02}.Debug COM|Any CPU.ActiveCfg = Debug|Any CPU
		{0F8FA240-EF49-405B-986A-2C4C8737CF02}.Debug COM|Any CPU.Build.0 = Debug|Any CPU
		{0F8FA240-EF49-405B-986A-2C4C8737CF02}.Debug COM|Mixed Platforms.ActiveCfg = Debug|Any CPU
		{0F8FA240-EF49-405B-986A-2C4C8737CF02}.Debug COM|Mixed Platforms.Build.0 = Debug|Any CPU
		{0F8FA240-EF49-405B-986A-2C4C8737CF02}.Debug COM|x86.ActiveCfg = Debug|Any CPU
		{0F8FA240-EF49-405B-986A-2C4C8737CF02}.Debug COM|x86.Build.0 = Debug|Any CPU
		{0F8FA240-EF49-405B-986A-2C4C8737CF02}.Debug|Any CPU.ActiveCfg = Debug|Any CPU
		{0F8FA240-EF49-405B-986A-2C4C8737CF02}.Debug|Any CPU.Build.0 = Debug|Any CPU
		{0F8FA240-EF49-405B-986A-2C4C8737CF02}.Debug|Mixed Platforms.ActiveCfg = Debug|Any CPU
		{0F8FA240-EF49-405B-986A-2C4C8737CF02}.Debug|Mixed Platforms.Build.0 = Debug|Any CPU
		{0F8FA240-EF49-405B-986A-2C4C8737CF02}.Debug|x86.ActiveCfg = Debug|Any CPU
		{0F8FA240-EF49-405B-986A-2C4C8737CF02}.Debug|x86.Build.0 = Debug|Any CPU
		{0F8FA240-EF49-405B-986A-2C4C8737CF02}.Release COMMUNICATOR|Any CPU.ActiveCfg = Release|Any CPU
		{0F8FA240-EF49-405B-986A-2C4C8737CF02}.Release COMMUNICATOR|Any CPU.Build.0 = Release|Any CPU
		{0F8FA240-EF49-405B-986A-2C4C8737CF02}.Release COMMUNICATOR|Mixed Platforms.ActiveCfg = Release|Any CPU
		{0F8FA240-EF49-405B-986A-2C4C8737CF02}.Release COMMUNICATOR|Mixed Platforms.Build.0 = Release|Any CPU
		{0F8FA240-EF49-405B-986A-2C4C8737CF02}.Release COMMUNICATOR|x86.ActiveCfg = Release|Any CPU
		{0F8FA240-EF49-405B-986A-2C4C8737CF02}.Release COMMUNICATOR|x86.Build.0 = Release|Any CPU
		{0F8FA240-EF49-405B-986A-2C4C8737CF02}.Release|Any CPU.ActiveCfg = Release|Any CPU
		{0F8FA240-EF49-405B-986A-2C4C8737CF02}.Release|Any CPU.Build.0 = Release|Any CPU
		{0F8FA240-EF49-405B-986A-2C4C8737CF02}.Release|Mixed Platforms.ActiveCfg = Release|Any CPU
		{0F8FA240-EF49-405B-986A-2C4C8737CF02}.Release|Mixed Platforms.Build.0 = Release|Any CPU
		{0F8FA240-EF49-405B-986A-2C4C8737CF02}.Release|x86.ActiveCfg = Release|Any CPU
		{0F8FA240-EF49-405B-986A-2C4C8737CF02}.Release|x86.Build.0 = Release|Any CPU
	EndGlobalSection
	GlobalSection(SolutionProperties) = preSolution
		HideSolutionNode = FALSE
	EndGlobalSection
	GlobalSection(NestedProjects) = preSolution
		{D20C00A7-BDEF-4DBC-A864-2F0706389F53} = {23F18A13-9634-45F9-9D29-3323282A35FB}
		{2816790E-EDC3-4E8B-8788-19871F11049D} = {23F18A13-9634-45F9-9D29-3323282A35FB}
		{E8DB4A31-296D-4498-B84F-A7C0234756BB} = {23F18A13-9634-45F9-9D29-3323282A35FB}
		{721407B3-2017-4C5F-958E-C6C0F5C0C37A} = {23F18A13-9634-45F9-9D29-3323282A35FB}
		{D952F51D-FC43-49B9-81B4-60CC3F4399D3} = {23F18A13-9634-45F9-9D29-3323282A35FB}
		{34C111A8-EA8C-4FC0-93A2-6EE5C3A0CB2F} = {08F36E81-A924-480B-8821-A1902FAE72A4}
		{3258D146-DC57-493C-9362-75BA9DC8BB4E} = {23F18A13-9634-45F9-9D29-3323282A35FB}
		{33E326C6-D7A3-438E-A251-67619A160F0B} = {08F36E81-A924-480B-8821-A1902FAE72A4}
		{56647CE4-CB40-4426-950B-4C734918AEEC} = {08F36E81-A924-480B-8821-A1902FAE72A4}
		{51E99B2A-3364-4174-AAF3-25513B14E560} = {08F36E81-A924-480B-8821-A1902FAE72A4}
		{C780B5D8-A006-4C25-A2B3-7E05CC73DAAC} = {08F36E81-A924-480B-8821-A1902FAE72A4}
		{E8520601-0D14-4F5E-8D73-13A02A852936} = {23F18A13-9634-45F9-9D29-3323282A35FB}
		{CB9C2C96-4E0D-4C6B-8F07-30B620C23423} = {23F18A13-9634-45F9-9D29-3323282A35FB}
		{64A34B77-F1F8-4B42-97D3-57947E359F87} = {23F18A13-9634-45F9-9D29-3323282A35FB}
		{A8E37D16-DC78-4732-BAE8-B8F4681CF24B} = {D1A8885D-5057-44B6-9557-A823CE3192F1}
		{8AC69329-729C-4EFC-A87A-808C8140C280} = {D1A8885D-5057-44B6-9557-A823CE3192F1}
		{F1B503B3-E312-4D04-943E-2FC32BA6BD1F} = {D1A8885D-5057-44B6-9557-A823CE3192F1}
		{D18C1209-33BA-4270-B482-2A2DE4DF0B07} = {D1A8885D-5057-44B6-9557-A823CE3192F1}
		{D581996E-45D8-4D33-B3CA-B958771A0C43} = {D1A8885D-5057-44B6-9557-A823CE3192F1}
		{8AA3F89A-7D7A-45D5-B4D2-A4713EFA1024} = {D1A8885D-5057-44B6-9557-A823CE3192F1}
		{493CA623-CCC9-4EBC-B822-8A483BD51A39} = {D1A8885D-5057-44B6-9557-A823CE3192F1}
		{17A642C9-5971-4401-85DC-17D8CB250AC9} = {D1A8885D-5057-44B6-9557-A823CE3192F1}
		{BC354E67-B644-48CD-94B1-8F23E165F794} = {D1A8885D-5057-44B6-9557-A823CE3192F1}
		{EEC254F5-3712-4E2E-BF75-2F7A157DBE52} = {D1A8885D-5057-44B6-9557-A823CE3192F1}
		{C0AFB243-E7A8-4FFA-AAE2-2DDFB38A356A} = {D1A8885D-5057-44B6-9557-A823CE3192F1}
		{ECF2C1BE-46B2-4B1E-820E-CFAA8A08CF65} = {D1A8885D-5057-44B6-9557-A823CE3192F1}
		{27A32818-C724-474A-BED3-264FECF9FC9E} = {D1A8885D-5057-44B6-9557-A823CE3192F1}
		{C0E6768B-663E-430B-8829-460CC63D2934} = {D1A8885D-5057-44B6-9557-A823CE3192F1}
		{B6A8F018-65B9-4FD4-9E83-68114AA85F79} = {D1A8885D-5057-44B6-9557-A823CE3192F1}
		{D98FB01A-FF07-4429-89E5-65BF01CB12C3} = {D1A8885D-5057-44B6-9557-A823CE3192F1}
		{8A17DF56-0DB2-43F4-A495-5015C728B570} = {D1A8885D-5057-44B6-9557-A823CE3192F1}
		{237307D0-3C5D-412B-9E12-0DA189BCA4DC} = {D1A8885D-5057-44B6-9557-A823CE3192F1}
		{1D8F0076-6285-48F1-B2DD-16FF62267A0B} = {D1A8885D-5057-44B6-9557-A823CE3192F1}
		{415A48F8-D4F2-493D-909B-F78BC46E971C} = {D1A8885D-5057-44B6-9557-A823CE3192F1}
		{8122832D-B86F-49E2-A03A-F15FE8AA777B} = {D1A8885D-5057-44B6-9557-A823CE3192F1}
		{1570CAFA-6D59-49EC-A985-6CB96C369E16} = {D1A8885D-5057-44B6-9557-A823CE3192F1}
		{E1DDB8BC-A377-4AE7-A304-E2FEFEB07643} = {D1A8885D-5057-44B6-9557-A823CE3192F1}
		{40C1CCC9-4D77-4F23-BFEE-92319C6B80F2} = {D1A8885D-5057-44B6-9557-A823CE3192F1}
		{0F8FA240-EF49-405B-986A-2C4C8737CF02} = {D1A8885D-5057-44B6-9557-A823CE3192F1}
	EndGlobalSection
	GlobalSection(ExtensibilityGlobals) = postSolution
		SolutionGuid = {CB75F767-59C3-4005-A18E-6B351A38D760}
	EndGlobalSection
EndGlobal
