
Microsoft Visual Studio Solution File, Format Version 12.00
# Visual Studio 2013
VisualStudioVersion = 12.0.30501.0
MinimumVisualStudioVersion = 10.0.40219.1
Project("{F184B08F-C81C-45F6-A57F-5ABD9991F28F}") = "KAM.INSPECTOR.PLEXOR", "KAM.INSPECTOR.PLEXOR\KAM.INSPECTOR.PLEXOR.vbproj", "{D20C00A7-BDEF-4DBC-A864-2F0706389F53}"
EndProject
Project("{F184B08F-C81C-45F6-A57F-5ABD9991F28F}") = "KAM.INSPECTOR.Main", "KAM.INSPECTOR.Main\KAM.INSPECTOR.Main.vbproj", "{2816790E-EDC3-4E8B-8788-19871F11049D}"
EndProject
Project("{F184B08F-C81C-45F6-A57F-5ABD9991F28F}") = "KAM.INSPECTOR.IP", "KAM.INSPECTOR.IP\KAM.INSPECTOR.IP.vbproj", "{E8DB4A31-296D-4498-B84F-A7C0234756BB}"
EndProject
Project("{F184B08F-C81C-45F6-A57F-5ABD9991F28F}") = "KAM.INSPECTOR.PRS", "KAM.INSPECTOR.PRS\KAM.INSPECTOR.PRS.vbproj", "{721407B3-2017-4C5F-958E-C6C0F5C0C37A}"
EndProject
Project("{F184B08F-C81C-45F6-A57F-5ABD9991F28F}") = "KAM.INSPECTOR.Infra", "Kam.INSPECTOR.Infra\KAM.INSPECTOR.Infra.vbproj", "{D952F51D-FC43-49B9-81B4-60CC3F4399D3}"
EndProject
Project("{F184B08F-C81C-45F6-A57F-5ABD9991F28F}") = "KAM.COMMUNICATOR.Main", "KAM.INSPECTOR.Synchronize\KAM.COMMUNICATOR.Main.vbproj", "{34C111A8-EA8C-4FC0-93A2-6EE5C3A0CB2F}"
EndProject
Project("{F184B08F-C81C-45F6-A57F-5ABD9991F28F}") = "KAM.LicenceTool", "LicenceTool\KAM.LicenceTool.vbproj", "{71840666-2417-4DD6-A5AB-811B53A5ED1D}"
EndProject
Project("{F184B08F-C81C-45F6-A57F-5ABD9991F28F}") = "KAM.INSPECTOR.Results", "KAM.INSPECTOR.Results\KAM.INSPECTOR.Results.vbproj", "{3258D146-DC57-493C-9362-75BA9DC8BB4E}"
EndProject
Project("{F184B08F-C81C-45F6-A57F-5ABD9991F28F}") = "KAM.COMMUNICATOR.Synchronize.Bussiness", "KAM.INSPECTOR.Synchronize.Bussiness\KAM.COMMUNICATOR.Synchronize.Bussiness.vbproj", "{33E326C6-D7A3-438E-A251-67619A160F0B}"
EndProject
Project("{F184B08F-C81C-45F6-A57F-5ABD9991F28F}") = "KAM.COMMUNICATOR.Synchronize.Infra", "KAM.INSPECTOR.Synchronize.PDA.Infra\KAM.COMMUNICATOR.Synchronize.Infra.vbproj", "{56647CE4-CB40-4426-950B-4C734918AEEC}"
EndProject
Project("{F184B08F-C81C-45F6-A57F-5ABD9991F28F}") = "KAM.Communicator.UI.Test", "KAM.COMMUNICATOR.UI.Test\KAM.Communicator.UI.Test.vbproj", "{51E99B2A-3364-4174-AAF3-25513B14E560}"
EndProject
Project("{F184B08F-C81C-45F6-A57F-5ABD9991F28F}") = "KAM.COMMUNICATOR.Infra", "Kam.Communicator.Infra\KAM.COMMUNICATOR.Infra.vbproj", "{C780B5D8-A006-4C25-A2B3-7E05CC73DAAC}"
EndProject
Project("{2150E333-8FDC-42A3-9474-1A3956D46DE8}") = "COMMUNICATOR", "COMMUNICATOR", "{08F36E81-A924-480B-8821-A1902FAE72A4}"
EndProject
Project("{F184B08F-C81C-45F6-A57F-5ABD9991F28F}") = "KAM.INSPECTOR.info", "KAM.INSPECTOR.info\KAM.INSPECTOR.info.vbproj", "{E8520601-0D14-4F5E-8D73-13A02A852936}"
EndProject
Project("{F184B08F-C81C-45F6-A57F-5ABD9991F28F}") = "KAM.Infra", "KAM.Infra\KAM.Infra.vbproj", "{CB9C2C96-4E0D-4C6B-8F07-30B620C23423}"
EndProject
Project("{2150E333-8FDC-42A3-9474-1A3956D46DE8}") = "INSPECTOR PC", "INSPECTOR PC", "{23F18A13-9634-45F9-9D29-3323282A35FB}"
EndProject
Project("{F184B08F-C81C-45F6-A57F-5ABD9991F28F}") = "KAM.INSPECTOR.ResultsGridView", "KAM.INSPECTOR.ResultsGridView\KAM.INSPECTOR.ResultsGridView.vbproj", "{64A34B77-F1F8-4B42-97D3-57947E359F87}"
EndProject
Global
	GlobalSection(SolutionConfigurationPlatforms) = preSolution
		Debug COM|Any CPU = Debug COM|Any CPU
		Debug COM|Mixed Platforms = Debug COM|Mixed Platforms
		Debug COM|x86 = Debug COM|x86
		Debug|Any CPU = Debug|Any CPU
		Debug|Mixed Platforms = Debug|Mixed Platforms
		Debug|x86 = Debug|x86
		Release COMMUNICATOR|Any CPU = Release COMMUNICATOR|Any CPU
		Release COMMUNICATOR|Mixed Platforms = Release COMMUNICATOR|Mixed Platforms
		Release COMMUNICATOR|x86 = Release COMMUNICATOR|x86
		Release|Any CPU = Release|Any CPU
		Release|Mixed Platforms = Release|Mixed Platforms
		Release|x86 = Release|x86
	EndGlobalSection
	GlobalSection(ProjectConfigurationPlatforms) = postSolution
		{D20C00A7-BDEF-4DBC-A864-2F0706389F53}.Debug COM|Any CPU.ActiveCfg = Debug COM|Any CPU
		{D20C00A7-BDEF-4DBC-A864-2F0706389F53}.Debug COM|Any CPU.Build.0 = Debug COM|Any CPU
		{D20C00A7-BDEF-4DBC-A864-2F0706389F53}.Debug COM|Mixed Platforms.ActiveCfg = Debug COM|x86
		{D20C00A7-BDEF-4DBC-A864-2F0706389F53}.Debug COM|Mixed Platforms.Build.0 = Debug COM|x86
		{D20C00A7-BDEF-4DBC-A864-2F0706389F53}.Debug COM|x86.ActiveCfg = Debug COM|x86
		{D20C00A7-BDEF-4DBC-A864-2F0706389F53}.Debug COM|x86.Build.0 = Debug COM|x86
		{D20C00A7-BDEF-4DBC-A864-2F0706389F53}.Debug|Any CPU.ActiveCfg = Debug|Any CPU
		{D20C00A7-BDEF-4DBC-A864-2F0706389F53}.Debug|Any CPU.Build.0 = Debug|Any CPU
		{D20C00A7-BDEF-4DBC-A864-2F0706389F53}.Debug|Mixed Platforms.ActiveCfg = Debug|Any CPU
		{D20C00A7-BDEF-4DBC-A864-2F0706389F53}.Debug|Mixed Platforms.Build.0 = Debug|Any CPU
		{D20C00A7-BDEF-4DBC-A864-2F0706389F53}.Debug|x86.ActiveCfg = Debug|x86
		{D20C00A7-BDEF-4DBC-A864-2F0706389F53}.Debug|x86.Build.0 = Debug|x86
		{D20C00A7-BDEF-4DBC-A864-2F0706389F53}.Release COMMUNICATOR|Any CPU.ActiveCfg = Release COMMUNICATOR|Any CPU
		{D20C00A7-BDEF-4DBC-A864-2F0706389F53}.Release COMMUNICATOR|Any CPU.Build.0 = Release COMMUNICATOR|Any CPU
		{D20C00A7-BDEF-4DBC-A864-2F0706389F53}.Release COMMUNICATOR|Mixed Platforms.ActiveCfg = Release COMMUNICATOR|x86
		{D20C00A7-BDEF-4DBC-A864-2F0706389F53}.Release COMMUNICATOR|Mixed Platforms.Build.0 = Release COMMUNICATOR|x86
		{D20C00A7-BDEF-4DBC-A864-2F0706389F53}.Release COMMUNICATOR|x86.ActiveCfg = Release COMMUNICATOR|x86
		{D20C00A7-BDEF-4DBC-A864-2F0706389F53}.Release COMMUNICATOR|x86.Build.0 = Release COMMUNICATOR|x86
		{D20C00A7-BDEF-4DBC-A864-2F0706389F53}.Release|Any CPU.ActiveCfg = Release|Any CPU
		{D20C00A7-BDEF-4DBC-A864-2F0706389F53}.Release|Any CPU.Build.0 = Release|Any CPU
		{D20C00A7-BDEF-4DBC-A864-2F0706389F53}.Release|Mixed Platforms.ActiveCfg = Release|Any CPU
		{D20C00A7-BDEF-4DBC-A864-2F0706389F53}.Release|Mixed Platforms.Build.0 = Release|Any CPU
		{D20C00A7-BDEF-4DBC-A864-2F0706389F53}.Release|x86.ActiveCfg = Release|x86
		{D20C00A7-BDEF-4DBC-A864-2F0706389F53}.Release|x86.Build.0 = Release|x86
		{2816790E-EDC3-4E8B-8788-19871F11049D}.Debug COM|Any CPU.ActiveCfg = Debug COM|x86
		{2816790E-EDC3-4E8B-8788-19871F11049D}.Debug COM|Mixed Platforms.ActiveCfg = Debug COM|x86
		{2816790E-EDC3-4E8B-8788-19871F11049D}.Debug COM|Mixed Platforms.Build.0 = Debug COM|x86
		{2816790E-EDC3-4E8B-8788-19871F11049D}.Debug COM|x86.ActiveCfg = Debug COM|x86
		{2816790E-EDC3-4E8B-8788-19871F11049D}.Debug COM|x86.Build.0 = Debug COM|x86
		{2816790E-EDC3-4E8B-8788-19871F11049D}.Debug|Any CPU.ActiveCfg = Debug|x86
		{2816790E-EDC3-4E8B-8788-19871F11049D}.Debug|Mixed Platforms.ActiveCfg = Debug|x86
		{2816790E-EDC3-4E8B-8788-19871F11049D}.Debug|Mixed Platforms.Build.0 = Debug|x86
		{2816790E-EDC3-4E8B-8788-19871F11049D}.Debug|x86.ActiveCfg = Debug|x86
		{2816790E-EDC3-4E8B-8788-19871F11049D}.Debug|x86.Build.0 = Debug|x86
		{2816790E-EDC3-4E8B-8788-19871F11049D}.Release COMMUNICATOR|Any CPU.ActiveCfg = Release COMMUNICATOR|x86
		{2816790E-EDC3-4E8B-8788-19871F11049D}.Release COMMUNICATOR|Mixed Platforms.ActiveCfg = Release COMMUNICATOR|x86
		{2816790E-EDC3-4E8B-8788-19871F11049D}.Release COMMUNICATOR|Mixed Platforms.Build.0 = Release COMMUNICATOR|x86
		{2816790E-EDC3-4E8B-8788-19871F11049D}.Release COMMUNICATOR|x86.ActiveCfg = Release COMMUNICATOR|x86
		{2816790E-EDC3-4E8B-8788-19871F11049D}.Release COMMUNICATOR|x86.Build.0 = Release COMMUNICATOR|x86
		{2816790E-EDC3-4E8B-8788-19871F11049D}.Release|Any CPU.ActiveCfg = Release|x86
		{2816790E-EDC3-4E8B-8788-19871F11049D}.Release|Any CPU.Build.0 = Release|x86
		{2816790E-EDC3-4E8B-8788-19871F11049D}.Release|Mixed Platforms.ActiveCfg = Release|x86
		{2816790E-EDC3-4E8B-8788-19871F11049D}.Release|Mixed Platforms.Build.0 = Release|x86
		{2816790E-EDC3-4E8B-8788-19871F11049D}.Release|x86.ActiveCfg = Release|x86
		{2816790E-EDC3-4E8B-8788-19871F11049D}.Release|x86.Build.0 = Release|x86
		{E8DB4A31-296D-4498-B84F-A7C0234756BB}.Debug COM|Any CPU.ActiveCfg = Debug COM|Any CPU
		{E8DB4A31-296D-4498-B84F-A7C0234756BB}.Debug COM|Any CPU.Build.0 = Debug COM|Any CPU
		{E8DB4A31-296D-4498-B84F-A7C0234756BB}.Debug COM|Mixed Platforms.ActiveCfg = Debug COM|x86
		{E8DB4A31-296D-4498-B84F-A7C0234756BB}.Debug COM|Mixed Platforms.Build.0 = Debug COM|x86
		{E8DB4A31-296D-4498-B84F-A7C0234756BB}.Debug COM|x86.ActiveCfg = Debug COM|x86
		{E8DB4A31-296D-4498-B84F-A7C0234756BB}.Debug COM|x86.Build.0 = Debug COM|x86
		{E8DB4A31-296D-4498-B84F-A7C0234756BB}.Debug|Any CPU.ActiveCfg = Debug|Any CPU
		{E8DB4A31-296D-4498-B84F-A7C0234756BB}.Debug|Any CPU.Build.0 = Debug|Any CPU
		{E8DB4A31-296D-4498-B84F-A7C0234756BB}.Debug|Mixed Platforms.ActiveCfg = Debug|Any CPU
		{E8DB4A31-296D-4498-B84F-A7C0234756BB}.Debug|Mixed Platforms.Build.0 = Debug|Any CPU
		{E8DB4A31-296D-4498-B84F-A7C0234756BB}.Debug|x86.ActiveCfg = Debug|x86
		{E8DB4A31-296D-4498-B84F-A7C0234756BB}.Debug|x86.Build.0 = Debug|x86
		{E8DB4A31-296D-4498-B84F-A7C0234756BB}.Release COMMUNICATOR|Any CPU.ActiveCfg = Release COMMUNICATOR|Any CPU
		{E8DB4A31-296D-4498-B84F-A7C0234756BB}.Release COMMUNICATOR|Any CPU.Build.0 = Release COMMUNICATOR|Any CPU
		{E8DB4A31-296D-4498-B84F-A7C0234756BB}.Release COMMUNICATOR|Mixed Platforms.ActiveCfg = Release COMMUNICATOR|x86
		{E8DB4A31-296D-4498-B84F-A7C0234756BB}.Release COMMUNICATOR|Mixed Platforms.Build.0 = Release COMMUNICATOR|x86
		{E8DB4A31-296D-4498-B84F-A7C0234756BB}.Release COMMUNICATOR|x86.ActiveCfg = Release COMMUNICATOR|x86
		{E8DB4A31-296D-4498-B84F-A7C0234756BB}.Release COMMUNICATOR|x86.Build.0 = Release COMMUNICATOR|x86
		{E8DB4A31-296D-4498-B84F-A7C0234756BB}.Release|Any CPU.ActiveCfg = Release|Any CPU
		{E8DB4A31-296D-4498-B84F-A7C0234756BB}.Release|Any CPU.Build.0 = Release|Any CPU
		{E8DB4A31-296D-4498-B84F-A7C0234756BB}.Release|Mixed Platforms.ActiveCfg = Release|Any CPU
		{E8DB4A31-296D-4498-B84F-A7C0234756BB}.Release|Mixed Platforms.Build.0 = Release|Any CPU
		{E8DB4A31-296D-4498-B84F-A7C0234756BB}.Release|x86.ActiveCfg = Release|x86
		{E8DB4A31-296D-4498-B84F-A7C0234756BB}.Release|x86.Build.0 = Release|x86
		{721407B3-2017-4C5F-958E-C6C0F5C0C37A}.Debug COM|Any CPU.ActiveCfg = Debug COM|Any CPU
		{721407B3-2017-4C5F-958E-C6C0F5C0C37A}.Debug COM|Any CPU.Build.0 = Debug COM|Any CPU
		{721407B3-2017-4C5F-958E-C6C0F5C0C37A}.Debug COM|Mixed Platforms.ActiveCfg = Debug COM|x86
		{721407B3-2017-4C5F-958E-C6C0F5C0C37A}.Debug COM|Mixed Platforms.Build.0 = Debug COM|x86
		{721407B3-2017-4C5F-958E-C6C0F5C0C37A}.Debug COM|x86.ActiveCfg = Debug COM|x86
		{721407B3-2017-4C5F-958E-C6C0F5C0C37A}.Debug COM|x86.Build.0 = Debug COM|x86
		{721407B3-2017-4C5F-958E-C6C0F5C0C37A}.Debug|Any CPU.ActiveCfg = Debug|Any CPU
		{721407B3-2017-4C5F-958E-C6C0F5C0C37A}.Debug|Any CPU.Build.0 = Debug|Any CPU
		{721407B3-2017-4C5F-958E-C6C0F5C0C37A}.Debug|Mixed Platforms.ActiveCfg = Debug|Any CPU
		{721407B3-2017-4C5F-958E-C6C0F5C0C37A}.Debug|Mixed Platforms.Build.0 = Debug|Any CPU
		{721407B3-2017-4C5F-958E-C6C0F5C0C37A}.Debug|x86.ActiveCfg = Debug|x86
		{721407B3-2017-4C5F-958E-C6C0F5C0C37A}.Debug|x86.Build.0 = Debug|x86
		{721407B3-2017-4C5F-958E-C6C0F5C0C37A}.Release COMMUNICATOR|Any CPU.ActiveCfg = Release COMMUNICATOR|Any CPU
		{721407B3-2017-4C5F-958E-C6C0F5C0C37A}.Release COMMUNICATOR|Any CPU.Build.0 = Release COMMUNICATOR|Any CPU
		{721407B3-2017-4C5F-958E-C6C0F5C0C37A}.Release COMMUNICATOR|Mixed Platforms.ActiveCfg = Release COMMUNICATOR|x86
		{721407B3-2017-4C5F-958E-C6C0F5C0C37A}.Release COMMUNICATOR|Mixed Platforms.Build.0 = Release COMMUNICATOR|x86
		{721407B3-2017-4C5F-958E-C6C0F5C0C37A}.Release COMMUNICATOR|x86.ActiveCfg = Release COMMUNICATOR|x86
		{721407B3-2017-4C5F-958E-C6C0F5C0C37A}.Release COMMUNICATOR|x86.Build.0 = Release COMMUNICATOR|x86
		{721407B3-2017-4C5F-958E-C6C0F5C0C37A}.Release|Any CPU.ActiveCfg = Release|Any CPU
		{721407B3-2017-4C5F-958E-C6C0F5C0C37A}.Release|Any CPU.Build.0 = Release|Any CPU
		{721407B3-2017-4C5F-958E-C6C0F5C0C37A}.Release|Mixed Platforms.ActiveCfg = Release|Any CPU
		{721407B3-2017-4C5F-958E-C6C0F5C0C37A}.Release|Mixed Platforms.Build.0 = Release|Any CPU
		{721407B3-2017-4C5F-958E-C6C0F5C0C37A}.Release|x86.ActiveCfg = Release|x86
		{721407B3-2017-4C5F-958E-C6C0F5C0C37A}.Release|x86.Build.0 = Release|x86
		{D952F51D-FC43-49B9-81B4-60CC3F4399D3}.Debug COM|Any CPU.ActiveCfg = Debug COM|Any CPU
		{D952F51D-FC43-49B9-81B4-60CC3F4399D3}.Debug COM|Any CPU.Build.0 = Debug COM|Any CPU
		{D952F51D-FC43-49B9-81B4-60CC3F4399D3}.Debug COM|Mixed Platforms.ActiveCfg = Debug COM|x86
		{D952F51D-FC43-49B9-81B4-60CC3F4399D3}.Debug COM|Mixed Platforms.Build.0 = Debug COM|x86
		{D952F51D-FC43-49B9-81B4-60CC3F4399D3}.Debug COM|x86.ActiveCfg = Debug COM|x86
		{D952F51D-FC43-49B9-81B4-60CC3F4399D3}.Debug COM|x86.Build.0 = Debug COM|x86
		{D952F51D-FC43-49B9-81B4-60CC3F4399D3}.Debug|Any CPU.ActiveCfg = Debug|Any CPU
		{D952F51D-FC43-49B9-81B4-60CC3F4399D3}.Debug|Any CPU.Build.0 = Debug|Any CPU
		{D952F51D-FC43-49B9-81B4-60CC3F4399D3}.Debug|Mixed Platforms.ActiveCfg = Debug|Any CPU
		{D952F51D-FC43-49B9-81B4-60CC3F4399D3}.Debug|Mixed Platforms.Build.0 = Debug|Any CPU
		{D952F51D-FC43-49B9-81B4-60CC3F4399D3}.Debug|x86.ActiveCfg = Debug|x86
		{D952F51D-FC43-49B9-81B4-60CC3F4399D3}.Debug|x86.Build.0 = Debug|x86
		{D952F51D-FC43-49B9-81B4-60CC3F4399D3}.Release COMMUNICATOR|Any CPU.ActiveCfg = Release COMMUNICATOR|Any CPU
		{D952F51D-FC43-49B9-81B4-60CC3F4399D3}.Release COMMUNICATOR|Any CPU.Build.0 = Release COMMUNICATOR|Any CPU
		{D952F51D-FC43-49B9-81B4-60CC3F4399D3}.Release COMMUNICATOR|Mixed Platforms.ActiveCfg = Release COMMUNICATOR|x86
		{D952F51D-FC43-49B9-81B4-60CC3F4399D3}.Release COMMUNICATOR|Mixed Platforms.Build.0 = Release COMMUNICATOR|x86
		{D952F51D-FC43-49B9-81B4-60CC3F4399D3}.Release COMMUNICATOR|x86.ActiveCfg = Release COMMUNICATOR|x86
		{D952F51D-FC43-49B9-81B4-60CC3F4399D3}.Release COMMUNICATOR|x86.Build.0 = Release COMMUNICATOR|x86
		{D952F51D-FC43-49B9-81B4-60CC3F4399D3}.Release|Any CPU.ActiveCfg = Release|Any CPU
		{D952F51D-FC43-49B9-81B4-60CC3F4399D3}.Release|Any CPU.Build.0 = Release|Any CPU
		{D952F51D-FC43-49B9-81B4-60CC3F4399D3}.Release|Mixed Platforms.ActiveCfg = Release|Any CPU
		{D952F51D-FC43-49B9-81B4-60CC3F4399D3}.Release|Mixed Platforms.Build.0 = Release|Any CPU
		{D952F51D-FC43-49B9-81B4-60CC3F4399D3}.Release|x86.ActiveCfg = Release|x86
		{D952F51D-FC43-49B9-81B4-60CC3F4399D3}.Release|x86.Build.0 = Release|x86
		{34C111A8-EA8C-4FC0-93A2-6EE5C3A0CB2F}.Debug COM|Any CPU.ActiveCfg = Debug|Any CPU
		{34C111A8-EA8C-4FC0-93A2-6EE5C3A0CB2F}.Debug COM|Any CPU.Build.0 = Debug|Any CPU
		{34C111A8-EA8C-4FC0-93A2-6EE5C3A0CB2F}.Debug COM|Mixed Platforms.ActiveCfg = Debug|x86
		{34C111A8-EA8C-4FC0-93A2-6EE5C3A0CB2F}.Debug COM|Mixed Platforms.Build.0 = Debug|x86
		{34C111A8-EA8C-4FC0-93A2-6EE5C3A0CB2F}.Debug COM|x86.ActiveCfg = Debug|x86
		{34C111A8-EA8C-4FC0-93A2-6EE5C3A0CB2F}.Debug COM|x86.Build.0 = Debug|x86
		{34C111A8-EA8C-4FC0-93A2-6EE5C3A0CB2F}.Debug|Any CPU.ActiveCfg = Debug|Any CPU
		{34C111A8-EA8C-4FC0-93A2-6EE5C3A0CB2F}.Debug|Any CPU.Build.0 = Debug|Any CPU
		{34C111A8-EA8C-4FC0-93A2-6EE5C3A0CB2F}.Debug|Mixed Platforms.ActiveCfg = Debug|x86
		{34C111A8-EA8C-4FC0-93A2-6EE5C3A0CB2F}.Debug|Mixed Platforms.Build.0 = Debug|x86
		{34C111A8-EA8C-4FC0-93A2-6EE5C3A0CB2F}.Debug|x86.ActiveCfg = Debug|x86
		{34C111A8-EA8C-4FC0-93A2-6EE5C3A0CB2F}.Release COMMUNICATOR|Any CPU.ActiveCfg = Release|Any CPU
		{34C111A8-EA8C-4FC0-93A2-6EE5C3A0CB2F}.Release COMMUNICATOR|Any CPU.Build.0 = Release|Any CPU
		{34C111A8-EA8C-4FC0-93A2-6EE5C3A0CB2F}.Release COMMUNICATOR|Mixed Platforms.ActiveCfg = Release|x86
		{34C111A8-EA8C-4FC0-93A2-6EE5C3A0CB2F}.Release COMMUNICATOR|Mixed Platforms.Build.0 = Release|x86
		{34C111A8-EA8C-4FC0-93A2-6EE5C3A0CB2F}.Release COMMUNICATOR|x86.ActiveCfg = Release|x86
		{34C111A8-EA8C-4FC0-93A2-6EE5C3A0CB2F}.Release COMMUNICATOR|x86.Build.0 = Release|x86
		{34C111A8-EA8C-4FC0-93A2-6EE5C3A0CB2F}.Release|Any CPU.ActiveCfg = Release|x86
		{34C111A8-EA8C-4FC0-93A2-6EE5C3A0CB2F}.Release|Any CPU.Build.0 = Release|x86
		{34C111A8-EA8C-4FC0-93A2-6EE5C3A0CB2F}.Release|Mixed Platforms.ActiveCfg = Release|x86
		{34C111A8-EA8C-4FC0-93A2-6EE5C3A0CB2F}.Release|Mixed Platforms.Build.0 = Release|x86
		{34C111A8-EA8C-4FC0-93A2-6EE5C3A0CB2F}.Release|x86.ActiveCfg = Release|x86
		{71840666-2417-4DD6-A5AB-811B53A5ED1D}.Debug COM|Any CPU.ActiveCfg = Debug COM|x86
		{71840666-2417-4DD6-A5AB-811B53A5ED1D}.Debug COM|Mixed Platforms.ActiveCfg = Debug COM|x86
		{71840666-2417-4DD6-A5AB-811B53A5ED1D}.Debug COM|Mixed Platforms.Build.0 = Debug COM|x86
		{71840666-2417-4DD6-A5AB-811B53A5ED1D}.Debug COM|x86.ActiveCfg = Debug COM|x86
		{71840666-2417-4DD6-A5AB-811B53A5ED1D}.Debug COM|x86.Build.0 = Debug COM|x86
		{71840666-2417-4DD6-A5AB-811B53A5ED1D}.Debug|Any CPU.ActiveCfg = Debug|x86
		{71840666-2417-4DD6-A5AB-811B53A5ED1D}.Debug|Mixed Platforms.ActiveCfg = Debug|x86
		{71840666-2417-4DD6-A5AB-811B53A5ED1D}.Debug|Mixed Platforms.Build.0 = Debug|x86
		{71840666-2417-4DD6-A5AB-811B53A5ED1D}.Debug|x86.ActiveCfg = Debug|x86
		{71840666-2417-4DD6-A5AB-811B53A5ED1D}.Debug|x86.Build.0 = Debug|x86
		{71840666-2417-4DD6-A5AB-811B53A5ED1D}.Release COMMUNICATOR|Any CPU.ActiveCfg = Release COMMUNICATOR|x86
		{71840666-2417-4DD6-A5AB-811B53A5ED1D}.Release COMMUNICATOR|Mixed Platforms.ActiveCfg = Release COMMUNICATOR|x86
		{71840666-2417-4DD6-A5AB-811B53A5ED1D}.Release COMMUNICATOR|Mixed Platforms.Build.0 = Release COMMUNICATOR|x86
		{71840666-2417-4DD6-A5AB-811B53A5ED1D}.Release COMMUNICATOR|x86.ActiveCfg = Release COMMUNICATOR|x86
		{71840666-2417-4DD6-A5AB-811B53A5ED1D}.Release COMMUNICATOR|x86.Build.0 = Release COMMUNICATOR|x86
		{71840666-2417-4DD6-A5AB-811B53A5ED1D}.Release|Any CPU.ActiveCfg = Release|x86
		{71840666-2417-4DD6-A5AB-811B53A5ED1D}.Release|Any CPU.Build.0 = Release|x86
		{71840666-2417-4DD6-A5AB-811B53A5ED1D}.Release|Mixed Platforms.ActiveCfg = Release|x86
		{71840666-2417-4DD6-A5AB-811B53A5ED1D}.Release|Mixed Platforms.Build.0 = Release|x86
		{71840666-2417-4DD6-A5AB-811B53A5ED1D}.Release|x86.ActiveCfg = Release|x86
		{71840666-2417-4DD6-A5AB-811B53A5ED1D}.Release|x86.Build.0 = Release|x86
		{3258D146-DC57-493C-9362-75BA9DC8BB4E}.Debug COM|Any CPU.ActiveCfg = Debug COM|Any CPU
		{3258D146-DC57-493C-9362-75BA9DC8BB4E}.Debug COM|Any CPU.Build.0 = Debug COM|Any CPU
		{3258D146-DC57-493C-9362-75BA9DC8BB4E}.Debug COM|Mixed Platforms.ActiveCfg = Debug COM|x86
		{3258D146-DC57-493C-9362-75BA9DC8BB4E}.Debug COM|Mixed Platforms.Build.0 = Debug COM|x86
		{3258D146-DC57-493C-9362-75BA9DC8BB4E}.Debug COM|x86.ActiveCfg = Debug COM|x86
		{3258D146-DC57-493C-9362-75BA9DC8BB4E}.Debug COM|x86.Build.0 = Debug COM|x86
		{3258D146-DC57-493C-9362-75BA9DC8BB4E}.Debug|Any CPU.ActiveCfg = Debug|Any CPU
		{3258D146-DC57-493C-9362-75BA9DC8BB4E}.Debug|Any CPU.Build.0 = Debug|Any CPU
		{3258D146-DC57-493C-9362-75BA9DC8BB4E}.Debug|Mixed Platforms.ActiveCfg = Debug|Any CPU
		{3258D146-DC57-493C-9362-75BA9DC8BB4E}.Debug|Mixed Platforms.Build.0 = Debug|Any CPU
		{3258D146-DC57-493C-9362-75BA9DC8BB4E}.Debug|x86.ActiveCfg = Debug|x86
		{3258D146-DC57-493C-9362-75BA9DC8BB4E}.Debug|x86.Build.0 = Debug|x86
		{3258D146-DC57-493C-9362-75BA9DC8BB4E}.Release COMMUNICATOR|Any CPU.ActiveCfg = Release COMMUNICATOR|Any CPU
		{3258D146-DC57-493C-9362-75BA9DC8BB4E}.Release COMMUNICATOR|Any CPU.Build.0 = Release COMMUNICATOR|Any CPU
		{3258D146-DC57-493C-9362-75BA9DC8BB4E}.Release COMMUNICATOR|Mixed Platforms.ActiveCfg = Release COMMUNICATOR|x86
		{3258D146-DC57-493C-9362-75BA9DC8BB4E}.Release COMMUNICATOR|Mixed Platforms.Build.0 = Release COMMUNICATOR|x86
		{3258D146-DC57-493C-9362-75BA9DC8BB4E}.Release COMMUNICATOR|x86.ActiveCfg = Release COMMUNICATOR|x86
		{3258D146-DC57-493C-9362-75BA9DC8BB4E}.Release COMMUNICATOR|x86.Build.0 = Release COMMUNICATOR|x86
		{3258D146-DC57-493C-9362-75BA9DC8BB4E}.Release|Any CPU.ActiveCfg = Release|Any CPU
		{3258D146-DC57-493C-9362-75BA9DC8BB4E}.Release|Any CPU.Build.0 = Release|Any CPU
		{3258D146-DC57-493C-9362-75BA9DC8BB4E}.Release|Mixed Platforms.ActiveCfg = Release|Any CPU
		{3258D146-DC57-493C-9362-75BA9DC8BB4E}.Release|Mixed Platforms.Build.0 = Release|Any CPU
		{3258D146-DC57-493C-9362-75BA9DC8BB4E}.Release|x86.ActiveCfg = Release|x86
		{3258D146-DC57-493C-9362-75BA9DC8BB4E}.Release|x86.Build.0 = Release|x86
		{33E326C6-D7A3-438E-A251-67619A160F0B}.Debug COM|Any CPU.ActiveCfg = Debug COM|Any CPU
		{33E326C6-D7A3-438E-A251-67619A160F0B}.Debug COM|Any CPU.Build.0 = Debug COM|Any CPU
		{33E326C6-D7A3-438E-A251-67619A160F0B}.Debug COM|Mixed Platforms.ActiveCfg = Debug COM|x86
		{33E326C6-D7A3-438E-A251-67619A160F0B}.Debug COM|Mixed Platforms.Build.0 = Debug COM|x86
		{33E326C6-D7A3-438E-A251-67619A160F0B}.Debug COM|x86.ActiveCfg = Debug COM|x86
		{33E326C6-D7A3-438E-A251-67619A160F0B}.Debug COM|x86.Build.0 = Debug COM|x86
		{33E326C6-D7A3-438E-A251-67619A160F0B}.Debug|Any CPU.ActiveCfg = Debug|Any CPU
		{33E326C6-D7A3-438E-A251-67619A160F0B}.Debug|Any CPU.Build.0 = Debug|Any CPU
		{33E326C6-D7A3-438E-A251-67619A160F0B}.Debug|Mixed Platforms.ActiveCfg = Debug|Any CPU
		{33E326C6-D7A3-438E-A251-67619A160F0B}.Debug|Mixed Platforms.Build.0 = Debug|Any CPU
		{33E326C6-D7A3-438E-A251-67619A160F0B}.Debug|x86.ActiveCfg = Debug|x86
		{33E326C6-D7A3-438E-A251-67619A160F0B}.Release COMMUNICATOR|Any CPU.ActiveCfg = Release COMMUNICATOR|Any CPU
		{33E326C6-D7A3-438E-A251-67619A160F0B}.Release COMMUNICATOR|Any CPU.Build.0 = Release COMMUNICATOR|Any CPU
		{33E326C6-D7A3-438E-A251-67619A160F0B}.Release COMMUNICATOR|Mixed Platforms.ActiveCfg = Release COMMUNICATOR|x86
		{33E326C6-D7A3-438E-A251-67619A160F0B}.Release COMMUNICATOR|Mixed Platforms.Build.0 = Release COMMUNICATOR|x86
		{33E326C6-D7A3-438E-A251-67619A160F0B}.Release COMMUNICATOR|x86.ActiveCfg = Release COMMUNICATOR|x86
		{33E326C6-D7A3-438E-A251-67619A160F0B}.Release COMMUNICATOR|x86.Build.0 = Release COMMUNICATOR|x86
		{33E326C6-D7A3-438E-A251-67619A160F0B}.Release|Any CPU.ActiveCfg = Release|x86
		{33E326C6-D7A3-438E-A251-67619A160F0B}.Release|Any CPU.Build.0 = Release|x86
		{33E326C6-D7A3-438E-A251-67619A160F0B}.Release|Mixed Platforms.ActiveCfg = Release|Any CPU
		{33E326C6-D7A3-438E-A251-67619A160F0B}.Release|Mixed Platforms.Build.0 = Release|Any CPU
		{33E326C6-D7A3-438E-A251-67619A160F0B}.Release|x86.ActiveCfg = Release|x86
		{56647CE4-CB40-4426-950B-4C734918AEEC}.Debug COM|Any CPU.ActiveCfg = Debug COM|Any CPU
		{56647CE4-CB40-4426-950B-4C734918AEEC}.Debug COM|Any CPU.Build.0 = Debug COM|Any CPU
		{56647CE4-CB40-4426-950B-4C734918AEEC}.Debug COM|Mixed Platforms.ActiveCfg = Debug COM|x86
		{56647CE4-CB40-4426-950B-4C734918AEEC}.Debug COM|Mixed Platforms.Build.0 = Debug COM|x86
		{56647CE4-CB40-4426-950B-4C734918AEEC}.Debug COM|x86.ActiveCfg = Debug COM|x86
		{56647CE4-CB40-4426-950B-4C734918AEEC}.Debug COM|x86.Build.0 = Debug COM|x86
		{56647CE4-CB40-4426-950B-4C734918AEEC}.Debug|Any CPU.ActiveCfg = Debug|Any CPU
		{56647CE4-CB40-4426-950B-4C734918AEEC}.Debug|Any CPU.Build.0 = Debug|Any CPU
		{56647CE4-CB40-4426-950B-4C734918AEEC}.Debug|Mixed Platforms.ActiveCfg = Debug|Any CPU
		{56647CE4-CB40-4426-950B-4C734918AEEC}.Debug|Mixed Platforms.Build.0 = Debug|Any CPU
		{56647CE4-CB40-4426-950B-4C734918AEEC}.Debug|x86.ActiveCfg = Debug|x86
		{56647CE4-CB40-4426-950B-4C734918AEEC}.Release COMMUNICATOR|Any CPU.ActiveCfg = Release COMMUNICATOR|Any CPU
		{56647CE4-CB40-4426-950B-4C734918AEEC}.Release COMMUNICATOR|Any CPU.Build.0 = Release COMMUNICATOR|Any CPU
		{56647CE4-CB40-4426-950B-4C734918AEEC}.Release COMMUNICATOR|Mixed Platforms.ActiveCfg = Release COMMUNICATOR|x86
		{56647CE4-CB40-4426-950B-4C734918AEEC}.Release COMMUNICATOR|Mixed Platforms.Build.0 = Release COMMUNICATOR|x86
		{56647CE4-CB40-4426-950B-4C734918AEEC}.Release COMMUNICATOR|x86.ActiveCfg = Release COMMUNICATOR|x86
		{56647CE4-CB40-4426-950B-4C734918AEEC}.Release COMMUNICATOR|x86.Build.0 = Release COMMUNICATOR|x86
		{56647CE4-CB40-4426-950B-4C734918AEEC}.Release|Any CPU.ActiveCfg = Release|Any CPU
		{56647CE4-CB40-4426-950B-4C734918AEEC}.Release|Any CPU.Build.0 = Release|Any CPU
		{56647CE4-CB40-4426-950B-4C734918AEEC}.Release|Mixed Platforms.ActiveCfg = Release|Any CPU
		{56647CE4-CB40-4426-950B-4C734918AEEC}.Release|Mixed Platforms.Build.0 = Release|Any CPU
		{56647CE4-CB40-4426-950B-4C734918AEEC}.Release|x86.ActiveCfg = Release|x86
		{51E99B2A-3364-4174-AAF3-25513B14E560}.Debug COM|Any CPU.ActiveCfg = Debug COM|Any CPU
		{51E99B2A-3364-4174-AAF3-25513B14E560}.Debug COM|Any CPU.Build.0 = Debug COM|Any CPU
		{51E99B2A-3364-4174-AAF3-25513B14E560}.Debug COM|Mixed Platforms.ActiveCfg = Debug COM|x86
		{51E99B2A-3364-4174-AAF3-25513B14E560}.Debug COM|Mixed Platforms.Build.0 = Debug COM|x86
		{51E99B2A-3364-4174-AAF3-25513B14E560}.Debug COM|x86.ActiveCfg = Debug COM|x86
		{51E99B2A-3364-4174-AAF3-25513B14E560}.Debug COM|x86.Build.0 = Debug COM|x86
		{51E99B2A-3364-4174-AAF3-25513B14E560}.Debug|Any CPU.ActiveCfg = Debug|Any CPU
		{51E99B2A-3364-4174-AAF3-25513B14E560}.Debug|Any CPU.Build.0 = Debug|Any CPU
		{51E99B2A-3364-4174-AAF3-25513B14E560}.Debug|Mixed Platforms.ActiveCfg = Debug|x86
		{51E99B2A-3364-4174-AAF3-25513B14E560}.Debug|Mixed Platforms.Build.0 = Debug|x86
		{51E99B2A-3364-4174-AAF3-25513B14E560}.Debug|x86.ActiveCfg = Debug|x86
		{51E99B2A-3364-4174-AAF3-25513B14E560}.Release COMMUNICATOR|Any CPU.ActiveCfg = Release COMMUNICATOR|Any CPU
		{51E99B2A-3364-4174-AAF3-25513B14E560}.Release COMMUNICATOR|Any CPU.Build.0 = Release COMMUNICATOR|Any CPU
		{51E99B2A-3364-4174-AAF3-25513B14E560}.Release COMMUNICATOR|Mixed Platforms.ActiveCfg = Release COMMUNICATOR|x86
		{51E99B2A-3364-4174-AAF3-25513B14E560}.Release COMMUNICATOR|Mixed Platforms.Build.0 = Release COMMUNICATOR|x86
		{51E99B2A-3364-4174-AAF3-25513B14E560}.Release COMMUNICATOR|x86.ActiveCfg = Release COMMUNICATOR|x86
		{51E99B2A-3364-4174-AAF3-25513B14E560}.Release COMMUNICATOR|x86.Build.0 = Release COMMUNICATOR|x86
		{51E99B2A-3364-4174-AAF3-25513B14E560}.Release|Any CPU.ActiveCfg = Release|x86
		{51E99B2A-3364-4174-AAF3-25513B14E560}.Release|Any CPU.Build.0 = Release|x86
		{51E99B2A-3364-4174-AAF3-25513B14E560}.Release|Mixed Platforms.ActiveCfg = Release|x86
		{51E99B2A-3364-4174-AAF3-25513B14E560}.Release|Mixed Platforms.Build.0 = Release|x86
		{51E99B2A-3364-4174-AAF3-25513B14E560}.Release|x86.ActiveCfg = Release|x86
		{C780B5D8-A006-4C25-A2B3-7E05CC73DAAC}.Debug COM|Any CPU.ActiveCfg = Debug|Any CPU
		{C780B5D8-A006-4C25-A2B3-7E05CC73DAAC}.Debug COM|Any CPU.Build.0 = Debug|Any CPU
		{C780B5D8-A006-4C25-A2B3-7E05CC73DAAC}.Debug COM|Mixed Platforms.ActiveCfg = Debug|x86
		{C780B5D8-A006-4C25-A2B3-7E05CC73DAAC}.Debug COM|Mixed Platforms.Build.0 = Debug|x86
		{C780B5D8-A006-4C25-A2B3-7E05CC73DAAC}.Debug COM|x86.ActiveCfg = Debug|x86
		{C780B5D8-A006-4C25-A2B3-7E05CC73DAAC}.Debug COM|x86.Build.0 = Debug|x86
		{C780B5D8-A006-4C25-A2B3-7E05CC73DAAC}.Debug|Any CPU.ActiveCfg = Debug|Any CPU
		{C780B5D8-A006-4C25-A2B3-7E05CC73DAAC}.Debug|Any CPU.Build.0 = Debug|Any CPU
		{C780B5D8-A006-4C25-A2B3-7E05CC73DAAC}.Debug|Mixed Platforms.ActiveCfg = Debug|Any CPU
		{C780B5D8-A006-4C25-A2B3-7E05CC73DAAC}.Debug|Mixed Platforms.Build.0 = Debug|Any CPU
		{C780B5D8-A006-4C25-A2B3-7E05CC73DAAC}.Debug|x86.ActiveCfg = Debug|x86
		{C780B5D8-A006-4C25-A2B3-7E05CC73DAAC}.Release COMMUNICATOR|Any CPU.ActiveCfg = Release COMMUNICATOR|Any CPU
		{C780B5D8-A006-4C25-A2B3-7E05CC73DAAC}.Release COMMUNICATOR|Any CPU.Build.0 = Release COMMUNICATOR|Any CPU
		{C780B5D8-A006-4C25-A2B3-7E05CC73DAAC}.Release COMMUNICATOR|Mixed Platforms.ActiveCfg = Release COMMUNICATOR|x86
		{C780B5D8-A006-4C25-A2B3-7E05CC73DAAC}.Release COMMUNICATOR|Mixed Platforms.Build.0 = Release COMMUNICATOR|x86
		{C780B5D8-A006-4C25-A2B3-7E05CC73DAAC}.Release COMMUNICATOR|x86.ActiveCfg = Release COMMUNICATOR|x86
		{C780B5D8-A006-4C25-A2B3-7E05CC73DAAC}.Release COMMUNICATOR|x86.Build.0 = Release COMMUNICATOR|x86
		{C780B5D8-A006-4C25-A2B3-7E05CC73DAAC}.Release|Any CPU.ActiveCfg = Release|x86
		{C780B5D8-A006-4C25-A2B3-7E05CC73DAAC}.Release|Any CPU.Build.0 = Release|x86
		{C780B5D8-A006-4C25-A2B3-7E05CC73DAAC}.Release|Mixed Platforms.ActiveCfg = Release|Any CPU
		{C780B5D8-A006-4C25-A2B3-7E05CC73DAAC}.Release|Mixed Platforms.Build.0 = Release|Any CPU
		{C780B5D8-A006-4C25-A2B3-7E05CC73DAAC}.Release|x86.ActiveCfg = Release|x86
		{E8520601-0D14-4F5E-8D73-13A02A852936}.Debug COM|Any CPU.ActiveCfg = Debug COM|Any CPU
		{E8520601-0D14-4F5E-8D73-13A02A852936}.Debug COM|Any CPU.Build.0 = Debug COM|Any CPU
		{E8520601-0D14-4F5E-8D73-13A02A852936}.Debug COM|Mixed Platforms.ActiveCfg = Debug COM|x86
		{E8520601-0D14-4F5E-8D73-13A02A852936}.Debug COM|Mixed Platforms.Build.0 = Debug COM|x86
		{E8520601-0D14-4F5E-8D73-13A02A852936}.Debug COM|x86.ActiveCfg = Debug COM|x86
		{E8520601-0D14-4F5E-8D73-13A02A852936}.Debug COM|x86.Build.0 = Debug COM|x86
		{E8520601-0D14-4F5E-8D73-13A02A852936}.Debug|Any CPU.ActiveCfg = Debug|Any CPU
		{E8520601-0D14-4F5E-8D73-13A02A852936}.Debug|Any CPU.Build.0 = Debug|Any CPU
		{E8520601-0D14-4F5E-8D73-13A02A852936}.Debug|Mixed Platforms.ActiveCfg = Debug|Any CPU
		{E8520601-0D14-4F5E-8D73-13A02A852936}.Debug|Mixed Platforms.Build.0 = Debug|Any CPU
		{E8520601-0D14-4F5E-8D73-13A02A852936}.Debug|x86.ActiveCfg = Debug|x86
		{E8520601-0D14-4F5E-8D73-13A02A852936}.Debug|x86.Build.0 = Debug|x86
		{E8520601-0D14-4F5E-8D73-13A02A852936}.Release COMMUNICATOR|Any CPU.ActiveCfg = Release COMMUNICATOR|Any CPU
		{E8520601-0D14-4F5E-8D73-13A02A852936}.Release COMMUNICATOR|Any CPU.Build.0 = Release COMMUNICATOR|Any CPU
		{E8520601-0D14-4F5E-8D73-13A02A852936}.Release COMMUNICATOR|Mixed Platforms.ActiveCfg = Release COMMUNICATOR|x86
		{E8520601-0D14-4F5E-8D73-13A02A852936}.Release COMMUNICATOR|Mixed Platforms.Build.0 = Release COMMUNICATOR|x86
		{E8520601-0D14-4F5E-8D73-13A02A852936}.Release COMMUNICATOR|x86.ActiveCfg = Release COMMUNICATOR|x86
		{E8520601-0D14-4F5E-8D73-13A02A852936}.Release COMMUNICATOR|x86.Build.0 = Release COMMUNICATOR|x86
		{E8520601-0D14-4F5E-8D73-13A02A852936}.Release|Any CPU.ActiveCfg = Release|Any CPU
		{E8520601-0D14-4F5E-8D73-13A02A852936}.Release|Any CPU.Build.0 = Release|Any CPU
		{E8520601-0D14-4F5E-8D73-13A02A852936}.Release|Mixed Platforms.ActiveCfg = Release|Any CPU
		{E8520601-0D14-4F5E-8D73-13A02A852936}.Release|Mixed Platforms.Build.0 = Release|Any CPU
		{E8520601-0D14-4F5E-8D73-13A02A852936}.Release|x86.ActiveCfg = Release|x86
		{E8520601-0D14-4F5E-8D73-13A02A852936}.Release|x86.Build.0 = Release|x86
		{CB9C2C96-4E0D-4C6B-8F07-30B620C23423}.Debug COM|Any CPU.ActiveCfg = Debug|Any CPU
		{CB9C2C96-4E0D-4C6B-8F07-30B620C23423}.Debug COM|Any CPU.Build.0 = Debug|Any CPU
		{CB9C2C96-4E0D-4C6B-8F07-30B620C23423}.Debug COM|Mixed Platforms.ActiveCfg = Debug|x86
		{CB9C2C96-4E0D-4C6B-8F07-30B620C23423}.Debug COM|Mixed Platforms.Build.0 = Debug|x86
		{CB9C2C96-4E0D-4C6B-8F07-30B620C23423}.Debug COM|x86.ActiveCfg = Debug|x86
		{CB9C2C96-4E0D-4C6B-8F07-30B620C23423}.Debug COM|x86.Build.0 = Debug|x86
		{CB9C2C96-4E0D-4C6B-8F07-30B620C23423}.Debug|Any CPU.ActiveCfg = Debug|Any CPU
		{CB9C2C96-4E0D-4C6B-8F07-30B620C23423}.Debug|Any CPU.Build.0 = Debug|Any CPU
		{CB9C2C96-4E0D-4C6B-8F07-30B620C23423}.Debug|Mixed Platforms.ActiveCfg = Debug|Any CPU
		{CB9C2C96-4E0D-4C6B-8F07-30B620C23423}.Debug|Mixed Platforms.Build.0 = Debug|Any CPU
		{CB9C2C96-4E0D-4C6B-8F07-30B620C23423}.Debug|x86.ActiveCfg = Debug|x86
		{CB9C2C96-4E0D-4C6B-8F07-30B620C23423}.Debug|x86.Build.0 = Debug|x86
		{CB9C2C96-4E0D-4C6B-8F07-30B620C23423}.Release COMMUNICATOR|Any CPU.ActiveCfg = Release|Any CPU
		{CB9C2C96-4E0D-4C6B-8F07-30B620C23423}.Release COMMUNICATOR|Any CPU.Build.0 = Release|Any CPU
		{CB9C2C96-4E0D-4C6B-8F07-30B620C23423}.Release COMMUNICATOR|Mixed Platforms.ActiveCfg = Release|x86
		{CB9C2C96-4E0D-4C6B-8F07-30B620C23423}.Release COMMUNICATOR|Mixed Platforms.Build.0 = Release|x86
		{CB9C2C96-4E0D-4C6B-8F07-30B620C23423}.Release COMMUNICATOR|x86.ActiveCfg = Release|x86
		{CB9C2C96-4E0D-4C6B-8F07-30B620C23423}.Release COMMUNICATOR|x86.Build.0 = Release|x86
		{CB9C2C96-4E0D-4C6B-8F07-30B620C23423}.Release|Any CPU.ActiveCfg = Release|Any CPU
		{CB9C2C96-4E0D-4C6B-8F07-30B620C23423}.Release|Any CPU.Build.0 = Release|Any CPU
		{CB9C2C96-4E0D-4C6B-8F07-30B620C23423}.Release|Mixed Platforms.ActiveCfg = Release|Any CPU
		{CB9C2C96-4E0D-4C6B-8F07-30B620C23423}.Release|Mixed Platforms.Build.0 = Release|Any CPU
		{CB9C2C96-4E0D-4C6B-8F07-30B620C23423}.Release|x86.ActiveCfg = Release|x86
		{CB9C2C96-4E0D-4C6B-8F07-30B620C23423}.Release|x86.Build.0 = Release|x86
		{64A34B77-F1F8-4B42-97D3-57947E359F87}.Debug COM|Any CPU.ActiveCfg = Debug|Any CPU
		{64A34B77-F1F8-4B42-97D3-57947E359F87}.Debug COM|Any CPU.Build.0 = Debug|Any CPU
		{64A34B77-F1F8-4B42-97D3-57947E359F87}.Debug COM|Mixed Platforms.ActiveCfg = Debug|Any CPU
		{64A34B77-F1F8-4B42-97D3-57947E359F87}.Debug COM|Mixed Platforms.Build.0 = Debug|Any CPU
		{64A34B77-F1F8-4B42-97D3-57947E359F87}.Debug COM|x86.ActiveCfg = Debug|Any CPU
		{64A34B77-F1F8-4B42-97D3-57947E359F87}.Debug|Any CPU.ActiveCfg = Debug|Any CPU
		{64A34B77-F1F8-4B42-97D3-57947E359F87}.Debug|Any CPU.Build.0 = Debug|Any CPU
		{64A34B77-F1F8-4B42-97D3-57947E359F87}.Debug|Mixed Platforms.ActiveCfg = Debug|Any CPU
		{64A34B77-F1F8-4B42-97D3-57947E359F87}.Debug|Mixed Platforms.Build.0 = Debug|Any CPU
		{64A34B77-F1F8-4B42-97D3-57947E359F87}.Debug|x86.ActiveCfg = Debug|x86
		{64A34B77-F1F8-4B42-97D3-57947E359F87}.Debug|x86.Build.0 = Debug|x86
		{64A34B77-F1F8-4B42-97D3-57947E359F87}.Release COMMUNICATOR|Any CPU.ActiveCfg = Release|Any CPU
		{64A34B77-F1F8-4B42-97D3-57947E359F87}.Release COMMUNICATOR|Any CPU.Build.0 = Release|Any CPU
		{64A34B77-F1F8-4B42-97D3-57947E359F87}.Release COMMUNICATOR|Mixed Platforms.ActiveCfg = Release|Any CPU
		{64A34B77-F1F8-4B42-97D3-57947E359F87}.Release COMMUNICATOR|Mixed Platforms.Build.0 = Release|Any CPU
		{64A34B77-F1F8-4B42-97D3-57947E359F87}.Release COMMUNICATOR|x86.ActiveCfg = Release|x86
		{64A34B77-F1F8-4B42-97D3-57947E359F87}.Release COMMUNICATOR|x86.Build.0 = Release|x86
		{64A34B77-F1F8-4B42-97D3-57947E359F87}.Release|Any CPU.ActiveCfg = Release|Any CPU
		{64A34B77-F1F8-4B42-97D3-57947E359F87}.Release|Any CPU.Build.0 = Release|Any CPU
		{64A34B77-F1F8-4B42-97D3-57947E359F87}.Release|Mixed Platforms.ActiveCfg = Release|Any CPU
		{64A34B77-F1F8-4B42-97D3-57947E359F87}.Release|Mixed Platforms.Build.0 = Release|Any CPU
		{64A34B77-F1F8-4B42-97D3-57947E359F87}.Release|x86.ActiveCfg = Release|x86
		{64A34B77-F1F8-4B42-97D3-57947E359F87}.Release|x86.Build.0 = Release|x86
	EndGlobalSection
	GlobalSection(SolutionProperties) = preSolution
		HideSolutionNode = FALSE
	EndGlobalSection
	GlobalSection(NestedProjects) = preSolution
		{D20C00A7-BDEF-4DBC-A864-2F0706389F53} = {23F18A13-9634-45F9-9D29-3323282A35FB}
		{2816790E-EDC3-4E8B-8788-19871F11049D} = {23F18A13-9634-45F9-9D29-3323282A35FB}
		{E8DB4A31-296D-4498-B84F-A7C0234756BB} = {23F18A13-9634-45F9-9D29-3323282A35FB}
		{721407B3-2017-4C5F-958E-C6C0F5C0C37A} = {23F18A13-9634-45F9-9D29-3323282A35FB}
		{D952F51D-FC43-49B9-81B4-60CC3F4399D3} = {23F18A13-9634-45F9-9D29-3323282A35FB}
		{34C111A8-EA8C-4FC0-93A2-6EE5C3A0CB2F} = {08F36E81-A924-480B-8821-A1902FAE72A4}
		{3258D146-DC57-493C-9362-75BA9DC8BB4E} = {23F18A13-9634-45F9-9D29-3323282A35FB}
		{33E326C6-D7A3-438E-A251-67619A160F0B} = {08F36E81-A924-480B-8821-A1902FAE72A4}
		{56647CE4-CB40-4426-950B-4C734918AEEC} = {08F36E81-A924-480B-8821-A1902FAE72A4}
		{51E99B2A-3364-4174-AAF3-25513B14E560} = {08F36E81-A924-480B-8821-A1902FAE72A4}
		{C780B5D8-A006-4C25-A2B3-7E05CC73DAAC} = {08F36E81-A924-480B-8821-A1902FAE72A4}
		{E8520601-0D14-4F5E-8D73-13A02A852936} = {23F18A13-9634-45F9-9D29-3323282A35FB}
		{CB9C2C96-4E0D-4C6B-8F07-30B620C23423} = {23F18A13-9634-45F9-9D29-3323282A35FB}
		{64A34B77-F1F8-4B42-97D3-57947E359F87} = {23F18A13-9634-45F9-9D29-3323282A35FB}
	EndGlobalSection
EndGlobal
