
Microsoft Visual Studio Solution File, Format Version 12.00
# Visual Studio 15
VisualStudioVersion = 15.0.27130.2027
MinimumVisualStudioVersion = 10.0.40219.1
Project("{FAE04EC0-301F-11D3-BF4B-00C04F79EFBC}") = "Inspector.UI", "Inspector.UI\Inspector.UI.csproj", "{493CA623-CCC9-4EBC-B822-8A483BD51A39}"
	ProjectSection(ProjectDependencies) = postProject
		{27A32818-C724-474A-BED3-264FECF9FC9E} = {27A32818-C724-474A-BED3-264FECF9FC9E}
		{B6A8F018-65B9-4FD4-9E83-68114AA85F79} = {B6A8F018-65B9-4FD4-9E83-68114AA85F79}
		{8122832D-B86F-49E2-A03A-F15FE8AA777B} = {8122832D-B86F-49E2-A03A-F15FE8AA777B}
		{1D8F0076-6285-48F1-B2DD-16FF62267A0B} = {1D8F0076-6285-48F1-B2DD-16FF62267A0B}
		{C0E6768B-663E-430B-8829-460CC63D2934} = {C0E6768B-663E-430B-8829-460CC63D2934}
		{E1DDB8BC-A377-4AE7-A304-E2FEFEB07643} = {E1DDB8BC-A377-4AE7-A304-E2FEFEB07643}
		{237307D0-3C5D-412B-9E12-0DA189BCA4DC} = {237307D0-3C5D-412B-9E12-0DA189BCA4DC}
		{EEC254F5-3712-4E2E-BF75-2F7A157DBE52} = {EEC254F5-3712-4E2E-BF75-2F7A157DBE52}
	EndProjectSection
EndProject
Project("{FAE04EC0-301F-11D3-BF4B-00C04F79EFBC}") = "Inspector.Hal.Interfaces", "Inspector.Hal.Interfaces\Inspector.Hal.Interfaces.csproj", "{8122832D-B86F-49E2-A03A-F15FE8AA777B}"
EndProject
Project("{FAE04EC0-301F-11D3-BF4B-00C04F79EFBC}") = "Inspector.Hal", "Inspector.Hal\Inspector.Hal.csproj", "{1D8F0076-6285-48F1-B2DD-16FF62267A0B}"
EndProject
Project("{FAE04EC0-301F-11D3-BF4B-00C04F79EFBC}") = "Inspector.Hal.Test", "Inspector.Hal.Test\Inspector.Hal.Test.csproj", "{8AA3F89A-7D7A-45D5-B4D2-A4713EFA1024}"
EndProject
Project("{FAE04EC0-301F-11D3-BF4B-00C04F79EFBC}") = "Inspector.Connection.StateMachine", "Inspector.Connection.StateMachine\Inspector.Connection.StateMachine.csproj", "{237307D0-3C5D-412B-9E12-0DA189BCA4DC}"
EndProject
Project("{FAE04EC0-301F-11D3-BF4B-00C04F79EFBC}") = "Inspector.Connection.StateMachine.Test", "Inspector.Connection.StateMachine.Test\Inspector.Connection.StateMachine.Test.csproj", "{D581996E-45D8-4D33-B3CA-B958771A0C43}"
EndProject
Project("{FAE04EC0-301F-11D3-BF4B-00C04F79EFBC}") = "Inspector.BusinessLogic", "Inspector.BusinessLogic\Inspector.BusinessLogic.csproj", "{EEC254F5-3712-4E2E-BF75-2F7A157DBE52}"
EndProject
Project("{FAE04EC0-301F-11D3-BF4B-00C04F79EFBC}") = "Inspector.BusinessLogic.Test", "Inspector.BusinessLogic.Test\Inspector.BusinessLogic.Test.csproj", "{F1B503B3-E312-4D04-943E-2FC32BA6BD1F}"
EndProject
Project("{FAE04EC0-301F-11D3-BF4B-00C04F79EFBC}") = "Inspector.Infra", "Inspector.Infra\Inspector.Infra.csproj", "{E1DDB8BC-A377-4AE7-A304-E2FEFEB07643}"
EndProject
Project("{FAE04EC0-301F-11D3-BF4B-00C04F79EFBC}") = "Inspector.BusinessLogic.Interfaces", "Inspector.BusinessLogic.Interfaces\Inspector.BusinessLogic.Interfaces.csproj", "{B6A8F018-65B9-4FD4-9E83-68114AA85F79}"
EndProject
Project("{FAE04EC0-301F-11D3-BF4B-00C04F79EFBC}") = "Inspector.UI.Initialization", "Inspector.UI.Initialization\Inspector.UI.Initialization.csproj", "{17A642C9-5971-4401-85DC-17D8CB250AC9}"
EndProject
Project("{FAE04EC0-301F-11D3-BF4B-00C04F79EFBC}") = "Inspector.Hal.Stub", "Inspector.Hal.Stub\Inspector.Hal.Stub.csproj", "{1570CAFA-6D59-49EC-A985-6CB96C369E16}"
EndProject
Project("{FAE04EC0-301F-11D3-BF4B-00C04F79EFBC}") = "Inspector.Connection.Manager", "Inspector.Connection.Manager\Inspector.Connection.Manager.csproj", "{D98FB01A-FF07-4429-89E5-65BF01CB12C3}"
EndProject
Project("{FAE04EC0-301F-11D3-BF4B-00C04F79EFBC}") = "Inspector.Connection.Manager.Interfaces", "Inspector.Connection.Manager.Interfaces\Inspector.Connection.Manager.Interfaces.csproj", "{8A17DF56-0DB2-43F4-A495-5015C728B570}"
EndProject
Project("{FAE04EC0-301F-11D3-BF4B-00C04F79EFBC}") = "Inspector.Connection.Manager.Test", "Inspector.Connection.Manager.Test\Inspector.Connection.Manager.Test.csproj", "{D18C1209-33BA-4270-B482-2A2DE4DF0B07}"
EndProject
Project("{2150E333-8FDC-42A3-9474-1A3956D46DE8}") = "AssemblyVersionGlobals", "AssemblyVersionGlobals", "{3A2B2581-25BE-4C26-BAEC-B4345BB10337}"
	ProjectSection(SolutionItems) = preProject
		AssemblyVersionGlobals\GenerateAssemblyVersion.cmd = AssemblyVersionGlobals\GenerateAssemblyVersion.cmd
	EndProjectSection
EndProject
Project("{FAE04EC0-301F-11D3-BF4B-00C04F79EFBC}") = "Inspector.Model", "Inspector.Model\Inspector.Model.csproj", "{40C1CCC9-4D77-4F23-BFEE-92319C6B80F2}"
EndProject
Project("{FAE04EC0-301F-11D3-BF4B-00C04F79EFBC}") = "Inspector.BusinessLogic.Data.Configuration", "Inspector.BusinessLogic.Data.Configuration\Inspector.BusinessLogic.Data.Configuration.csproj", "{C0AFB243-E7A8-4FFA-AAE2-2DDFB38A356A}"
EndProject
Project("{FAE04EC0-301F-11D3-BF4B-00C04F79EFBC}") = "Inspector.BusinessLogic.Data.Configuration.Test", "Inspector.BusinessLogic.Data.Configuration.Test\Inspector.BusinessLogic.Data.Configuration.Test.csproj", "{A8E37D16-DC78-4732-BAE8-B8F4681CF24B}"
EndProject
Project("{FAE04EC0-301F-11D3-BF4B-00C04F79EFBC}") = "Inspector.BusinessLogic.Data.Configuration.Interfaces", "Inspector.BusinessLogic.Data.Configuration.Interfaces\Inspector.BusinessLogic.Data.Configuration.Interfaces.csproj", "{ECF2C1BE-46B2-4B1E-820E-CFAA8A08CF65}"
EndProject
Project("{FAE04EC0-301F-11D3-BF4B-00C04F79EFBC}") = "Inspector.UI.Inspection", "Inspector.UI.Inspection\Inspector.UI.Inspection.csproj", "{BC354E67-B644-48CD-94B1-8F23E165F794}"
EndProject
Project("{FAE04EC0-301F-11D3-BF4B-00C04F79EFBC}") = "Inspector.BusinessLogic.Data.Reporting.Test", "Inspector.BusinessLogic.Data.Reporting.Test\Inspector.BusinessLogic.Data.Reporting.Test.csproj", "{8AC69329-729C-4EFC-A87A-808C8140C280}"
EndProject
Project("{FAE04EC0-301F-11D3-BF4B-00C04F79EFBC}") = "Inspector.BusinessLogic.Data.Reporting.Interfaces", "Inspector.BusinessLogic.Data.Reporting.Interfaces\Inspector.BusinessLogic.Data.Reporting.Interfaces.csproj", "{C0E6768B-663E-430B-8829-460CC63D2934}"
EndProject
Project("{FAE04EC0-301F-11D3-BF4B-00C04F79EFBC}") = "Inspector.BusinessLogic.Data.Reporting", "Inspector.BusinessLogic.Data.Reporting\Inspector.BusinessLogic.Data.Reporting.csproj", "{27A32818-C724-474A-BED3-264FECF9FC9E}"
EndProject
Project("{FAE04EC0-301F-11D3-BF4B-00C04F79EFBC}") = "Inspector.Hal.Infra", "Inspector.Hal.Infra\Inspector.Hal.Infra.csproj", "{415A48F8-D4F2-493D-909B-F78BC46E971C}"
EndProject
Project("{FAE04EC0-301F-11D3-BF4B-00C04F79EFBC}") = "Inspector.Specs", "Inspector.Specs\Inspector.Specs.csproj", "{3EE84A1C-6AAC-4036-A8AF-46399EC0065C}"
EndProject
Project("{2150E333-8FDC-42A3-9474-1A3956D46DE8}") = ".nuget", ".nuget", "{AB9CDE08-070B-4208-96E1-CC54736E9954}"
	ProjectSection(SolutionItems) = preProject
		.nuget\packages.config = .nuget\packages.config
	EndProjectSection
EndProject
Global
	GlobalSection(SolutionConfigurationPlatforms) = preSolution
		Debug|Any CPU = Debug|Any CPU
		Debug|Mixed Platforms = Debug|Mixed Platforms
		Debug|Win32 = Debug|Win32
		Debug|x86 = Debug|x86
		Release|Any CPU = Release|Any CPU
		Release|Mixed Platforms = Release|Mixed Platforms
		Release|Win32 = Release|Win32
		Release|x86 = Release|x86
	EndGlobalSection
	GlobalSection(ProjectConfigurationPlatforms) = postSolution
		{493CA623-CCC9-4EBC-B822-8A483BD51A39}.Debug|Any CPU.ActiveCfg = Debug|x86
		{493CA623-CCC9-4EBC-B822-8A483BD51A39}.Debug|Any CPU.Build.0 = Debug|x86
		{493CA623-CCC9-4EBC-B822-8A483BD51A39}.Debug|Mixed Platforms.ActiveCfg = Debug|x86
		{493CA623-CCC9-4EBC-B822-8A483BD51A39}.Debug|Mixed Platforms.Build.0 = Debug|x86
		{493CA623-CCC9-4EBC-B822-8A483BD51A39}.Debug|Win32.ActiveCfg = Debug|x86
		{493CA623-CCC9-4EBC-B822-8A483BD51A39}.Debug|x86.ActiveCfg = Debug|x86
		{493CA623-CCC9-4EBC-B822-8A483BD51A39}.Debug|x86.Build.0 = Debug|x86
		{493CA623-CCC9-4EBC-B822-8A483BD51A39}.Release|Any CPU.ActiveCfg = Release|x86
		{493CA623-CCC9-4EBC-B822-8A483BD51A39}.Release|Any CPU.Build.0 = Release|x86
		{493CA623-CCC9-4EBC-B822-8A483BD51A39}.Release|Mixed Platforms.ActiveCfg = Release|x86
		{493CA623-CCC9-4EBC-B822-8A483BD51A39}.Release|Mixed Platforms.Build.0 = Release|x86
		{493CA623-CCC9-4EBC-B822-8A483BD51A39}.Release|Win32.ActiveCfg = Release|x86
		{493CA623-CCC9-4EBC-B822-8A483BD51A39}.Release|x86.ActiveCfg = Release|x86
		{493CA623-CCC9-4EBC-B822-8A483BD51A39}.Release|x86.Build.0 = Release|x86
		{8122832D-B86F-49E2-A03A-F15FE8AA777B}.Debug|Any CPU.ActiveCfg = Debug|Any CPU
		{8122832D-B86F-49E2-A03A-F15FE8AA777B}.Debug|Any CPU.Build.0 = Debug|Any CPU
		{8122832D-B86F-49E2-A03A-F15FE8AA777B}.Debug|Mixed Platforms.ActiveCfg = Debug|Any CPU
		{8122832D-B86F-49E2-A03A-F15FE8AA777B}.Debug|Mixed Platforms.Build.0 = Debug|Any CPU
		{8122832D-B86F-49E2-A03A-F15FE8AA777B}.Debug|Win32.ActiveCfg = Debug|Any CPU
		{8122832D-B86F-49E2-A03A-F15FE8AA777B}.Debug|x86.ActiveCfg = Debug|Any CPU
		{8122832D-B86F-49E2-A03A-F15FE8AA777B}.Release|Any CPU.ActiveCfg = Release|Any CPU
		{8122832D-B86F-49E2-A03A-F15FE8AA777B}.Release|Any CPU.Build.0 = Release|Any CPU
		{8122832D-B86F-49E2-A03A-F15FE8AA777B}.Release|Mixed Platforms.ActiveCfg = Release|Any CPU
		{8122832D-B86F-49E2-A03A-F15FE8AA777B}.Release|Mixed Platforms.Build.0 = Release|Any CPU
		{8122832D-B86F-49E2-A03A-F15FE8AA777B}.Release|Win32.ActiveCfg = Release|Any CPU
		{8122832D-B86F-49E2-A03A-F15FE8AA777B}.Release|x86.ActiveCfg = Release|Any CPU
		{1D8F0076-6285-48F1-B2DD-16FF62267A0B}.Debug|Any CPU.ActiveCfg = Debug|Any CPU
		{1D8F0076-6285-48F1-B2DD-16FF62267A0B}.Debug|Any CPU.Build.0 = Debug|Any CPU
		{1D8F0076-6285-48F1-B2DD-16FF62267A0B}.Debug|Mixed Platforms.ActiveCfg = Debug|Any CPU
		{1D8F0076-6285-48F1-B2DD-16FF62267A0B}.Debug|Mixed Platforms.Build.0 = Debug|Any CPU
		{1D8F0076-6285-48F1-B2DD-16FF62267A0B}.Debug|Win32.ActiveCfg = Debug|Any CPU
		{1D8F0076-6285-48F1-B2DD-16FF62267A0B}.Debug|x86.ActiveCfg = Debug|Any CPU
		{1D8F0076-6285-48F1-B2DD-16FF62267A0B}.Release|Any CPU.ActiveCfg = Release|Any CPU
		{1D8F0076-6285-48F1-B2DD-16FF62267A0B}.Release|Any CPU.Build.0 = Release|Any CPU
		{1D8F0076-6285-48F1-B2DD-16FF62267A0B}.Release|Mixed Platforms.ActiveCfg = Release|Any CPU
		{1D8F0076-6285-48F1-B2DD-16FF62267A0B}.Release|Mixed Platforms.Build.0 = Release|Any CPU
		{1D8F0076-6285-48F1-B2DD-16FF62267A0B}.Release|Win32.ActiveCfg = Release|Any CPU
		{1D8F0076-6285-48F1-B2DD-16FF62267A0B}.Release|x86.ActiveCfg = Release|Any CPU
		{8AA3F89A-7D7A-45D5-B4D2-A4713EFA1024}.Debug|Any CPU.ActiveCfg = Debug|Any CPU
		{8AA3F89A-7D7A-45D5-B4D2-A4713EFA1024}.Debug|Any CPU.Build.0 = Debug|Any CPU
		{8AA3F89A-7D7A-45D5-B4D2-A4713EFA1024}.Debug|Mixed Platforms.ActiveCfg = Debug|Any CPU
		{8AA3F89A-7D7A-45D5-B4D2-A4713EFA1024}.Debug|Mixed Platforms.Build.0 = Debug|Any CPU
		{8AA3F89A-7D7A-45D5-B4D2-A4713EFA1024}.Debug|Win32.ActiveCfg = Debug|Any CPU
		{8AA3F89A-7D7A-45D5-B4D2-A4713EFA1024}.Debug|x86.ActiveCfg = Debug|Any CPU
		{8AA3F89A-7D7A-45D5-B4D2-A4713EFA1024}.Release|Any CPU.ActiveCfg = Release|Any CPU
		{8AA3F89A-7D7A-45D5-B4D2-A4713EFA1024}.Release|Any CPU.Build.0 = Release|Any CPU
		{8AA3F89A-7D7A-45D5-B4D2-A4713EFA1024}.Release|Mixed Platforms.ActiveCfg = Release|Any CPU
		{8AA3F89A-7D7A-45D5-B4D2-A4713EFA1024}.Release|Mixed Platforms.Build.0 = Release|Any CPU
		{8AA3F89A-7D7A-45D5-B4D2-A4713EFA1024}.Release|Win32.ActiveCfg = Release|Any CPU
		{8AA3F89A-7D7A-45D5-B4D2-A4713EFA1024}.Release|x86.ActiveCfg = Release|Any CPU
		{237307D0-3C5D-412B-9E12-0DA189BCA4DC}.Debug|Any CPU.ActiveCfg = Debug|Any CPU
		{237307D0-3C5D-412B-9E12-0DA189BCA4DC}.Debug|Any CPU.Build.0 = Debug|Any CPU
		{237307D0-3C5D-412B-9E12-0DA189BCA4DC}.Debug|Mixed Platforms.ActiveCfg = Debug|Any CPU
		{237307D0-3C5D-412B-9E12-0DA189BCA4DC}.Debug|Mixed Platforms.Build.0 = Debug|Any CPU
		{237307D0-3C5D-412B-9E12-0DA189BCA4DC}.Debug|Win32.ActiveCfg = Debug|Any CPU
		{237307D0-3C5D-412B-9E12-0DA189BCA4DC}.Debug|x86.ActiveCfg = Debug|Any CPU
		{237307D0-3C5D-412B-9E12-0DA189BCA4DC}.Release|Any CPU.ActiveCfg = Release|Any CPU
		{237307D0-3C5D-412B-9E12-0DA189BCA4DC}.Release|Any CPU.Build.0 = Release|Any CPU
		{237307D0-3C5D-412B-9E12-0DA189BCA4DC}.Release|Mixed Platforms.ActiveCfg = Release|Any CPU
		{237307D0-3C5D-412B-9E12-0DA189BCA4DC}.Release|Mixed Platforms.Build.0 = Release|Any CPU
		{237307D0-3C5D-412B-9E12-0DA189BCA4DC}.Release|Win32.ActiveCfg = Release|Any CPU
		{237307D0-3C5D-412B-9E12-0DA189BCA4DC}.Release|x86.ActiveCfg = Release|Any CPU
		{D581996E-45D8-4D33-B3CA-B958771A0C43}.Debug|Any CPU.ActiveCfg = Debug|Any CPU
		{D581996E-45D8-4D33-B3CA-B958771A0C43}.Debug|Any CPU.Build.0 = Debug|Any CPU
		{D581996E-45D8-4D33-B3CA-B958771A0C43}.Debug|Mixed Platforms.ActiveCfg = Debug|Any CPU
		{D581996E-45D8-4D33-B3CA-B958771A0C43}.Debug|Mixed Platforms.Build.0 = Debug|Any CPU
		{D581996E-45D8-4D33-B3CA-B958771A0C43}.Debug|Win32.ActiveCfg = Debug|Any CPU
		{D581996E-45D8-4D33-B3CA-B958771A0C43}.Debug|x86.ActiveCfg = Debug|Any CPU
		{D581996E-45D8-4D33-B3CA-B958771A0C43}.Release|Any CPU.ActiveCfg = Release|Any CPU
		{D581996E-45D8-4D33-B3CA-B958771A0C43}.Release|Any CPU.Build.0 = Release|Any CPU
		{D581996E-45D8-4D33-B3CA-B958771A0C43}.Release|Mixed Platforms.ActiveCfg = Release|Any CPU
		{D581996E-45D8-4D33-B3CA-B958771A0C43}.Release|Mixed Platforms.Build.0 = Release|Any CPU
		{D581996E-45D8-4D33-B3CA-B958771A0C43}.Release|Win32.ActiveCfg = Release|Any CPU
		{D581996E-45D8-4D33-B3CA-B958771A0C43}.Release|x86.ActiveCfg = Release|Any CPU
		{EEC254F5-3712-4E2E-BF75-2F7A157DBE52}.Debug|Any CPU.ActiveCfg = Debug|Any CPU
		{EEC254F5-3712-4E2E-BF75-2F7A157DBE52}.Debug|Any CPU.Build.0 = Debug|Any CPU
		{EEC254F5-3712-4E2E-BF75-2F7A157DBE52}.Debug|Mixed Platforms.ActiveCfg = Debug|Any CPU
		{EEC254F5-3712-4E2E-BF75-2F7A157DBE52}.Debug|Mixed Platforms.Build.0 = Debug|Any CPU
		{EEC254F5-3712-4E2E-BF75-2F7A157DBE52}.Debug|Win32.ActiveCfg = Debug|Any CPU
		{EEC254F5-3712-4E2E-BF75-2F7A157DBE52}.Debug|x86.ActiveCfg = Debug|Any CPU
		{EEC254F5-3712-4E2E-BF75-2F7A157DBE52}.Release|Any CPU.ActiveCfg = Release|Any CPU
		{EEC254F5-3712-4E2E-BF75-2F7A157DBE52}.Release|Any CPU.Build.0 = Release|Any CPU
		{EEC254F5-3712-4E2E-BF75-2F7A157DBE52}.Release|Mixed Platforms.ActiveCfg = Release|Any CPU
		{EEC254F5-3712-4E2E-BF75-2F7A157DBE52}.Release|Mixed Platforms.Build.0 = Release|Any CPU
		{EEC254F5-3712-4E2E-BF75-2F7A157DBE52}.Release|Win32.ActiveCfg = Release|Any CPU
		{EEC254F5-3712-4E2E-BF75-2F7A157DBE52}.Release|x86.ActiveCfg = Release|Any CPU
		{F1B503B3-E312-4D04-943E-2FC32BA6BD1F}.Debug|Any CPU.ActiveCfg = Debug|Any CPU
		{F1B503B3-E312-4D04-943E-2FC32BA6BD1F}.Debug|Any CPU.Build.0 = Debug|Any CPU
		{F1B503B3-E312-4D04-943E-2FC32BA6BD1F}.Debug|Mixed Platforms.ActiveCfg = Debug|Any CPU
		{F1B503B3-E312-4D04-943E-2FC32BA6BD1F}.Debug|Mixed Platforms.Build.0 = Debug|Any CPU
		{F1B503B3-E312-4D04-943E-2FC32BA6BD1F}.Debug|Win32.ActiveCfg = Debug|Any CPU
		{F1B503B3-E312-4D04-943E-2FC32BA6BD1F}.Debug|x86.ActiveCfg = Debug|Any CPU
		{F1B503B3-E312-4D04-943E-2FC32BA6BD1F}.Release|Any CPU.ActiveCfg = Release|Any CPU
		{F1B503B3-E312-4D04-943E-2FC32BA6BD1F}.Release|Any CPU.Build.0 = Release|Any CPU
		{F1B503B3-E312-4D04-943E-2FC32BA6BD1F}.Release|Mixed Platforms.ActiveCfg = Release|Any CPU
		{F1B503B3-E312-4D04-943E-2FC32BA6BD1F}.Release|Mixed Platforms.Build.0 = Release|Any CPU
		{F1B503B3-E312-4D04-943E-2FC32BA6BD1F}.Release|Win32.ActiveCfg = Release|Any CPU
		{F1B503B3-E312-4D04-943E-2FC32BA6BD1F}.Release|x86.ActiveCfg = Release|Any CPU
		{E1DDB8BC-A377-4AE7-A304-E2FEFEB07643}.Debug|Any CPU.ActiveCfg = Debug|Any CPU
		{E1DDB8BC-A377-4AE7-A304-E2FEFEB07643}.Debug|Any CPU.Build.0 = Debug|Any CPU
		{E1DDB8BC-A377-4AE7-A304-E2FEFEB07643}.Debug|Mixed Platforms.ActiveCfg = Debug|Any CPU
		{E1DDB8BC-A377-4AE7-A304-E2FEFEB07643}.Debug|Mixed Platforms.Build.0 = Debug|Any CPU
		{E1DDB8BC-A377-4AE7-A304-E2FEFEB07643}.Debug|Win32.ActiveCfg = Debug|Any CPU
		{E1DDB8BC-A377-4AE7-A304-E2FEFEB07643}.Debug|x86.ActiveCfg = Debug|Any CPU
		{E1DDB8BC-A377-4AE7-A304-E2FEFEB07643}.Release|Any CPU.ActiveCfg = Release|Any CPU
		{E1DDB8BC-A377-4AE7-A304-E2FEFEB07643}.Release|Any CPU.Build.0 = Release|Any CPU
		{E1DDB8BC-A377-4AE7-A304-E2FEFEB07643}.Release|Mixed Platforms.ActiveCfg = Release|Any CPU
		{E1DDB8BC-A377-4AE7-A304-E2FEFEB07643}.Release|Mixed Platforms.Build.0 = Release|Any CPU
		{E1DDB8BC-A377-4AE7-A304-E2FEFEB07643}.Release|Win32.ActiveCfg = Release|Any CPU
		{E1DDB8BC-A377-4AE7-A304-E2FEFEB07643}.Release|x86.ActiveCfg = Release|Any CPU
		{B6A8F018-65B9-4FD4-9E83-68114AA85F79}.Debug|Any CPU.ActiveCfg = Debug|Any CPU
		{B6A8F018-65B9-4FD4-9E83-68114AA85F79}.Debug|Any CPU.Build.0 = Debug|Any CPU
		{B6A8F018-65B9-4FD4-9E83-68114AA85F79}.Debug|Mixed Platforms.ActiveCfg = Debug|Any CPU
		{B6A8F018-65B9-4FD4-9E83-68114AA85F79}.Debug|Mixed Platforms.Build.0 = Debug|Any CPU
		{B6A8F018-65B9-4FD4-9E83-68114AA85F79}.Debug|Win32.ActiveCfg = Debug|Any CPU
		{B6A8F018-65B9-4FD4-9E83-68114AA85F79}.Debug|x86.ActiveCfg = Debug|Any CPU
		{B6A8F018-65B9-4FD4-9E83-68114AA85F79}.Release|Any CPU.ActiveCfg = Release|Any CPU
		{B6A8F018-65B9-4FD4-9E83-68114AA85F79}.Release|Any CPU.Build.0 = Release|Any CPU
		{B6A8F018-65B9-4FD4-9E83-68114AA85F79}.Release|Mixed Platforms.ActiveCfg = Release|Any CPU
		{B6A8F018-65B9-4FD4-9E83-68114AA85F79}.Release|Mixed Platforms.Build.0 = Release|Any CPU
		{B6A8F018-65B9-4FD4-9E83-68114AA85F79}.Release|Win32.ActiveCfg = Release|Any CPU
		{B6A8F018-65B9-4FD4-9E83-68114AA85F79}.Release|x86.ActiveCfg = Release|Any CPU
		{17A642C9-5971-4401-85DC-17D8CB250AC9}.Debug|Any CPU.ActiveCfg = Debug|Any CPU
		{17A642C9-5971-4401-85DC-17D8CB250AC9}.Debug|Any CPU.Build.0 = Debug|Any CPU
		{17A642C9-5971-4401-85DC-17D8CB250AC9}.Debug|Mixed Platforms.ActiveCfg = Debug|Any CPU
		{17A642C9-5971-4401-85DC-17D8CB250AC9}.Debug|Mixed Platforms.Build.0 = Debug|Any CPU
		{17A642C9-5971-4401-85DC-17D8CB250AC9}.Debug|Win32.ActiveCfg = Debug|Any CPU
		{17A642C9-5971-4401-85DC-17D8CB250AC9}.Debug|x86.ActiveCfg = Debug|Any CPU
		{17A642C9-5971-4401-85DC-17D8CB250AC9}.Release|Any CPU.ActiveCfg = Release|Any CPU
		{17A642C9-5971-4401-85DC-17D8CB250AC9}.Release|Any CPU.Build.0 = Release|Any CPU
		{17A642C9-5971-4401-85DC-17D8CB250AC9}.Release|Mixed Platforms.ActiveCfg = Release|Any CPU
		{17A642C9-5971-4401-85DC-17D8CB250AC9}.Release|Mixed Platforms.Build.0 = Release|Any CPU
		{17A642C9-5971-4401-85DC-17D8CB250AC9}.Release|Win32.ActiveCfg = Release|Any CPU
		{17A642C9-5971-4401-85DC-17D8CB250AC9}.Release|x86.ActiveCfg = Release|Any CPU
		{1570CAFA-6D59-49EC-A985-6CB96C369E16}.Debug|Any CPU.ActiveCfg = Debug|Any CPU
		{1570CAFA-6D59-49EC-A985-6CB96C369E16}.Debug|Any CPU.Build.0 = Debug|Any CPU
		{1570CAFA-6D59-49EC-A985-6CB96C369E16}.Debug|Mixed Platforms.ActiveCfg = Debug|Any CPU
		{1570CAFA-6D59-49EC-A985-6CB96C369E16}.Debug|Mixed Platforms.Build.0 = Debug|Any CPU
		{1570CAFA-6D59-49EC-A985-6CB96C369E16}.Debug|Win32.ActiveCfg = Debug|Any CPU
		{1570CAFA-6D59-49EC-A985-6CB96C369E16}.Debug|x86.ActiveCfg = Debug|Any CPU
		{1570CAFA-6D59-49EC-A985-6CB96C369E16}.Release|Any CPU.ActiveCfg = Release|Any CPU
		{1570CAFA-6D59-49EC-A985-6CB96C369E16}.Release|Any CPU.Build.0 = Release|Any CPU
		{1570CAFA-6D59-49EC-A985-6CB96C369E16}.Release|Mixed Platforms.ActiveCfg = Release|Any CPU
		{1570CAFA-6D59-49EC-A985-6CB96C369E16}.Release|Mixed Platforms.Build.0 = Release|Any CPU
		{1570CAFA-6D59-49EC-A985-6CB96C369E16}.Release|Win32.ActiveCfg = Release|Any CPU
		{1570CAFA-6D59-49EC-A985-6CB96C369E16}.Release|x86.ActiveCfg = Release|Any CPU
		{D98FB01A-FF07-4429-89E5-65BF01CB12C3}.Debug|Any CPU.ActiveCfg = Debug|Any CPU
		{D98FB01A-FF07-4429-89E5-65BF01CB12C3}.Debug|Any CPU.Build.0 = Debug|Any CPU
		{D98FB01A-FF07-4429-89E5-65BF01CB12C3}.Debug|Mixed Platforms.ActiveCfg = Debug|Any CPU
		{D98FB01A-FF07-4429-89E5-65BF01CB12C3}.Debug|Mixed Platforms.Build.0 = Debug|Any CPU
		{D98FB01A-FF07-4429-89E5-65BF01CB12C3}.Debug|Win32.ActiveCfg = Debug|Any CPU
		{D98FB01A-FF07-4429-89E5-65BF01CB12C3}.Debug|x86.ActiveCfg = Debug|Any CPU
		{D98FB01A-FF07-4429-89E5-65BF01CB12C3}.Release|Any CPU.ActiveCfg = Release|Any CPU
		{D98FB01A-FF07-4429-89E5-65BF01CB12C3}.Release|Any CPU.Build.0 = Release|Any CPU
		{D98FB01A-FF07-4429-89E5-65BF01CB12C3}.Release|Mixed Platforms.ActiveCfg = Release|Any CPU
		{D98FB01A-FF07-4429-89E5-65BF01CB12C3}.Release|Mixed Platforms.Build.0 = Release|Any CPU
		{D98FB01A-FF07-4429-89E5-65BF01CB12C3}.Release|Win32.ActiveCfg = Release|Any CPU
		{D98FB01A-FF07-4429-89E5-65BF01CB12C3}.Release|x86.ActiveCfg = Release|Any CPU
		{8A17DF56-0DB2-43F4-A495-5015C728B570}.Debug|Any CPU.ActiveCfg = Debug|Any CPU
		{8A17DF56-0DB2-43F4-A495-5015C728B570}.Debug|Any CPU.Build.0 = Debug|Any CPU
		{8A17DF56-0DB2-43F4-A495-5015C728B570}.Debug|Mixed Platforms.ActiveCfg = Debug|Any CPU
		{8A17DF56-0DB2-43F4-A495-5015C728B570}.Debug|Mixed Platforms.Build.0 = Debug|Any CPU
		{8A17DF56-0DB2-43F4-A495-5015C728B570}.Debug|Win32.ActiveCfg = Debug|Any CPU
		{8A17DF56-0DB2-43F4-A495-5015C728B570}.Debug|x86.ActiveCfg = Debug|Any CPU
		{8A17DF56-0DB2-43F4-A495-5015C728B570}.Release|Any CPU.ActiveCfg = Release|Any CPU
		{8A17DF56-0DB2-43F4-A495-5015C728B570}.Release|Any CPU.Build.0 = Release|Any CPU
		{8A17DF56-0DB2-43F4-A495-5015C728B570}.Release|Mixed Platforms.ActiveCfg = Release|Any CPU
		{8A17DF56-0DB2-43F4-A495-5015C728B570}.Release|Mixed Platforms.Build.0 = Release|Any CPU
		{8A17DF56-0DB2-43F4-A495-5015C728B570}.Release|Win32.ActiveCfg = Release|Any CPU
		{8A17DF56-0DB2-43F4-A495-5015C728B570}.Release|x86.ActiveCfg = Release|Any CPU
		{D18C1209-33BA-4270-B482-2A2DE4DF0B07}.Debug|Any CPU.ActiveCfg = Debug|Any CPU
		{D18C1209-33BA-4270-B482-2A2DE4DF0B07}.Debug|Any CPU.Build.0 = Debug|Any CPU
		{D18C1209-33BA-4270-B482-2A2DE4DF0B07}.Debug|Mixed Platforms.ActiveCfg = Debug|Any CPU
		{D18C1209-33BA-4270-B482-2A2DE4DF0B07}.Debug|Mixed Platforms.Build.0 = Debug|Any CPU
		{D18C1209-33BA-4270-B482-2A2DE4DF0B07}.Debug|Win32.ActiveCfg = Debug|Any CPU
		{D18C1209-33BA-4270-B482-2A2DE4DF0B07}.Debug|x86.ActiveCfg = Debug|Any CPU
		{D18C1209-33BA-4270-B482-2A2DE4DF0B07}.Release|Any CPU.ActiveCfg = Release|Any CPU
		{D18C1209-33BA-4270-B482-2A2DE4DF0B07}.Release|Any CPU.Build.0 = Release|Any CPU
		{D18C1209-33BA-4270-B482-2A2DE4DF0B07}.Release|Mixed Platforms.ActiveCfg = Release|Any CPU
		{D18C1209-33BA-4270-B482-2A2DE4DF0B07}.Release|Mixed Platforms.Build.0 = Release|Any CPU
		{D18C1209-33BA-4270-B482-2A2DE4DF0B07}.Release|Win32.ActiveCfg = Release|Any CPU
		{D18C1209-33BA-4270-B482-2A2DE4DF0B07}.Release|x86.ActiveCfg = Release|Any CPU
		{40C1CCC9-4D77-4F23-BFEE-92319C6B80F2}.Debug|Any CPU.ActiveCfg = Debug|Any CPU
		{40C1CCC9-4D77-4F23-BFEE-92319C6B80F2}.Debug|Any CPU.Build.0 = Debug|Any CPU
		{40C1CCC9-4D77-4F23-BFEE-92319C6B80F2}.Debug|Mixed Platforms.ActiveCfg = Debug|Any CPU
		{40C1CCC9-4D77-4F23-BFEE-92319C6B80F2}.Debug|Mixed Platforms.Build.0 = Debug|Any CPU
		{40C1CCC9-4D77-4F23-BFEE-92319C6B80F2}.Debug|Win32.ActiveCfg = Debug|Any CPU
		{40C1CCC9-4D77-4F23-BFEE-92319C6B80F2}.Debug|x86.ActiveCfg = Debug|Any CPU
		{40C1CCC9-4D77-4F23-BFEE-92319C6B80F2}.Release|Any CPU.ActiveCfg = Release|Any CPU
		{40C1CCC9-4D77-4F23-BFEE-92319C6B80F2}.Release|Any CPU.Build.0 = Release|Any CPU
		{40C1CCC9-4D77-4F23-BFEE-92319C6B80F2}.Release|Mixed Platforms.ActiveCfg = Release|Any CPU
		{40C1CCC9-4D77-4F23-BFEE-92319C6B80F2}.Release|Mixed Platforms.Build.0 = Release|Any CPU
		{40C1CCC9-4D77-4F23-BFEE-92319C6B80F2}.Release|Win32.ActiveCfg = Release|Any CPU
		{40C1CCC9-4D77-4F23-BFEE-92319C6B80F2}.Release|x86.ActiveCfg = Release|Any CPU
		{C0AFB243-E7A8-4FFA-AAE2-2DDFB38A356A}.Debug|Any CPU.ActiveCfg = Debug|Any CPU
		{C0AFB243-E7A8-4FFA-AAE2-2DDFB38A356A}.Debug|Any CPU.Build.0 = Debug|Any CPU
		{C0AFB243-E7A8-4FFA-AAE2-2DDFB38A356A}.Debug|Mixed Platforms.ActiveCfg = Debug|Any CPU
		{C0AFB243-E7A8-4FFA-AAE2-2DDFB38A356A}.Debug|Mixed Platforms.Build.0 = Debug|Any CPU
		{C0AFB243-E7A8-4FFA-AAE2-2DDFB38A356A}.Debug|Win32.ActiveCfg = Debug|Any CPU
		{C0AFB243-E7A8-4FFA-AAE2-2DDFB38A356A}.Debug|x86.ActiveCfg = Debug|Any CPU
		{C0AFB243-E7A8-4FFA-AAE2-2DDFB38A356A}.Release|Any CPU.ActiveCfg = Release|Any CPU
		{C0AFB243-E7A8-4FFA-AAE2-2DDFB38A356A}.Release|Any CPU.Build.0 = Release|Any CPU
		{C0AFB243-E7A8-4FFA-AAE2-2DDFB38A356A}.Release|Mixed Platforms.ActiveCfg = Release|Any CPU
		{C0AFB243-E7A8-4FFA-AAE2-2DDFB38A356A}.Release|Mixed Platforms.Build.0 = Release|Any CPU
		{C0AFB243-E7A8-4FFA-AAE2-2DDFB38A356A}.Release|Win32.ActiveCfg = Release|Any CPU
		{C0AFB243-E7A8-4FFA-AAE2-2DDFB38A356A}.Release|x86.ActiveCfg = Release|Any CPU
		{A8E37D16-DC78-4732-BAE8-B8F4681CF24B}.Debug|Any CPU.ActiveCfg = Debug|Any CPU
		{A8E37D16-DC78-4732-BAE8-B8F4681CF24B}.Debug|Any CPU.Build.0 = Debug|Any CPU
		{A8E37D16-DC78-4732-BAE8-B8F4681CF24B}.Debug|Mixed Platforms.ActiveCfg = Debug|Any CPU
		{A8E37D16-DC78-4732-BAE8-B8F4681CF24B}.Debug|Mixed Platforms.Build.0 = Debug|Any CPU
		{A8E37D16-DC78-4732-BAE8-B8F4681CF24B}.Debug|Win32.ActiveCfg = Debug|Any CPU
		{A8E37D16-DC78-4732-BAE8-B8F4681CF24B}.Debug|x86.ActiveCfg = Debug|Any CPU
		{A8E37D16-DC78-4732-BAE8-B8F4681CF24B}.Release|Any CPU.ActiveCfg = Release|Any CPU
		{A8E37D16-DC78-4732-BAE8-B8F4681CF24B}.Release|Any CPU.Build.0 = Release|Any CPU
		{A8E37D16-DC78-4732-BAE8-B8F4681CF24B}.Release|Mixed Platforms.ActiveCfg = Release|Any CPU
		{A8E37D16-DC78-4732-BAE8-B8F4681CF24B}.Release|Mixed Platforms.Build.0 = Release|Any CPU
		{A8E37D16-DC78-4732-BAE8-B8F4681CF24B}.Release|Win32.ActiveCfg = Release|Any CPU
		{A8E37D16-DC78-4732-BAE8-B8F4681CF24B}.Release|x86.ActiveCfg = Release|Any CPU
		{ECF2C1BE-46B2-4B1E-820E-CFAA8A08CF65}.Debug|Any CPU.ActiveCfg = Debug|Any CPU
		{ECF2C1BE-46B2-4B1E-820E-CFAA8A08CF65}.Debug|Any CPU.Build.0 = Debug|Any CPU
		{ECF2C1BE-46B2-4B1E-820E-CFAA8A08CF65}.Debug|Mixed Platforms.ActiveCfg = Debug|Any CPU
		{ECF2C1BE-46B2-4B1E-820E-CFAA8A08CF65}.Debug|Mixed Platforms.Build.0 = Debug|Any CPU
		{ECF2C1BE-46B2-4B1E-820E-CFAA8A08CF65}.Debug|Win32.ActiveCfg = Debug|Any CPU
		{ECF2C1BE-46B2-4B1E-820E-CFAA8A08CF65}.Debug|x86.ActiveCfg = Debug|Any CPU
		{ECF2C1BE-46B2-4B1E-820E-CFAA8A08CF65}.Release|Any CPU.ActiveCfg = Release|Any CPU
		{ECF2C1BE-46B2-4B1E-820E-CFAA8A08CF65}.Release|Any CPU.Build.0 = Release|Any CPU
		{ECF2C1BE-46B2-4B1E-820E-CFAA8A08CF65}.Release|Mixed Platforms.ActiveCfg = Release|Any CPU
		{ECF2C1BE-46B2-4B1E-820E-CFAA8A08CF65}.Release|Mixed Platforms.Build.0 = Release|Any CPU
		{ECF2C1BE-46B2-4B1E-820E-CFAA8A08CF65}.Release|Win32.ActiveCfg = Release|Any CPU
		{ECF2C1BE-46B2-4B1E-820E-CFAA8A08CF65}.Release|x86.ActiveCfg = Release|Any CPU
		{BC354E67-B644-48CD-94B1-8F23E165F794}.Debug|Any CPU.ActiveCfg = Debug|Any CPU
		{BC354E67-B644-48CD-94B1-8F23E165F794}.Debug|Any CPU.Build.0 = Debug|Any CPU
		{BC354E67-B644-48CD-94B1-8F23E165F794}.Debug|Mixed Platforms.ActiveCfg = Debug|Any CPU
		{BC354E67-B644-48CD-94B1-8F23E165F794}.Debug|Mixed Platforms.Build.0 = Debug|Any CPU
		{BC354E67-B644-48CD-94B1-8F23E165F794}.Debug|Win32.ActiveCfg = Debug|Any CPU
		{BC354E67-B644-48CD-94B1-8F23E165F794}.Debug|x86.ActiveCfg = Debug|Any CPU
		{BC354E67-B644-48CD-94B1-8F23E165F794}.Release|Any CPU.ActiveCfg = Release|Any CPU
		{BC354E67-B644-48CD-94B1-8F23E165F794}.Release|Any CPU.Build.0 = Release|Any CPU
		{BC354E67-B644-48CD-94B1-8F23E165F794}.Release|Mixed Platforms.ActiveCfg = Release|Any CPU
		{BC354E67-B644-48CD-94B1-8F23E165F794}.Release|Mixed Platforms.Build.0 = Release|Any CPU
		{BC354E67-B644-48CD-94B1-8F23E165F794}.Release|Win32.ActiveCfg = Release|Any CPU
		{BC354E67-B644-48CD-94B1-8F23E165F794}.Release|x86.ActiveCfg = Release|Any CPU
		{8AC69329-729C-4EFC-A87A-808C8140C280}.Debug|Any CPU.ActiveCfg = Debug|Any CPU
		{8AC69329-729C-4EFC-A87A-808C8140C280}.Debug|Any CPU.Build.0 = Debug|Any CPU
		{8AC69329-729C-4EFC-A87A-808C8140C280}.Debug|Mixed Platforms.ActiveCfg = Debug|Any CPU
		{8AC69329-729C-4EFC-A87A-808C8140C280}.Debug|Mixed Platforms.Build.0 = Debug|Any CPU
		{8AC69329-729C-4EFC-A87A-808C8140C280}.Debug|Win32.ActiveCfg = Debug|Any CPU
		{8AC69329-729C-4EFC-A87A-808C8140C280}.Debug|x86.ActiveCfg = Debug|Any CPU
		{8AC69329-729C-4EFC-A87A-808C8140C280}.Release|Any CPU.ActiveCfg = Release|Any CPU
		{8AC69329-729C-4EFC-A87A-808C8140C280}.Release|Any CPU.Build.0 = Release|Any CPU
		{8AC69329-729C-4EFC-A87A-808C8140C280}.Release|Mixed Platforms.ActiveCfg = Release|Any CPU
		{8AC69329-729C-4EFC-A87A-808C8140C280}.Release|Mixed Platforms.Build.0 = Release|Any CPU
		{8AC69329-729C-4EFC-A87A-808C8140C280}.Release|Win32.ActiveCfg = Release|Any CPU
		{8AC69329-729C-4EFC-A87A-808C8140C280}.Release|x86.ActiveCfg = Release|Any CPU
		{C0E6768B-663E-430B-8829-460CC63D2934}.Debug|Any CPU.ActiveCfg = Debug|Any CPU
		{C0E6768B-663E-430B-8829-460CC63D2934}.Debug|Any CPU.Build.0 = Debug|Any CPU
		{C0E6768B-663E-430B-8829-460CC63D2934}.Debug|Mixed Platforms.ActiveCfg = Debug|Any CPU
		{C0E6768B-663E-430B-8829-460CC63D2934}.Debug|Mixed Platforms.Build.0 = Debug|Any CPU
		{C0E6768B-663E-430B-8829-460CC63D2934}.Debug|Win32.ActiveCfg = Debug|Any CPU
		{C0E6768B-663E-430B-8829-460CC63D2934}.Debug|x86.ActiveCfg = Debug|Any CPU
		{C0E6768B-663E-430B-8829-460CC63D2934}.Release|Any CPU.ActiveCfg = Release|Any CPU
		{C0E6768B-663E-430B-8829-460CC63D2934}.Release|Any CPU.Build.0 = Release|Any CPU
		{C0E6768B-663E-430B-8829-460CC63D2934}.Release|Mixed Platforms.ActiveCfg = Release|Any CPU
		{C0E6768B-663E-430B-8829-460CC63D2934}.Release|Mixed Platforms.Build.0 = Release|Any CPU
		{C0E6768B-663E-430B-8829-460CC63D2934}.Release|Win32.ActiveCfg = Release|Any CPU
		{C0E6768B-663E-430B-8829-460CC63D2934}.Release|x86.ActiveCfg = Release|Any CPU
		{27A32818-C724-474A-BED3-264FECF9FC9E}.Debug|Any CPU.ActiveCfg = Debug|Any CPU
		{27A32818-C724-474A-BED3-264FECF9FC9E}.Debug|Any CPU.Build.0 = Debug|Any CPU
		{27A32818-C724-474A-BED3-264FECF9FC9E}.Debug|Mixed Platforms.ActiveCfg = Debug|Any CPU
		{27A32818-C724-474A-BED3-264FECF9FC9E}.Debug|Mixed Platforms.Build.0 = Debug|Any CPU
		{27A32818-C724-474A-BED3-264FECF9FC9E}.Debug|Win32.ActiveCfg = Debug|Any CPU
		{27A32818-C724-474A-BED3-264FECF9FC9E}.Debug|x86.ActiveCfg = Debug|Any CPU
		{27A32818-C724-474A-BED3-264FECF9FC9E}.Release|Any CPU.ActiveCfg = Release|Any CPU
		{27A32818-C724-474A-BED3-264FECF9FC9E}.Release|Any CPU.Build.0 = Release|Any CPU
		{27A32818-C724-474A-BED3-264FECF9FC9E}.Release|Mixed Platforms.ActiveCfg = Release|Any CPU
		{27A32818-C724-474A-BED3-264FECF9FC9E}.Release|Mixed Platforms.Build.0 = Release|Any CPU
		{27A32818-C724-474A-BED3-264FECF9FC9E}.Release|Win32.ActiveCfg = Release|Any CPU
		{27A32818-C724-474A-BED3-264FECF9FC9E}.Release|x86.ActiveCfg = Release|Any CPU
		{415A48F8-D4F2-493D-909B-F78BC46E971C}.Debug|Any CPU.ActiveCfg = Debug|Any CPU
		{415A48F8-D4F2-493D-909B-F78BC46E971C}.Debug|Any CPU.Build.0 = Debug|Any CPU
		{415A48F8-D4F2-493D-909B-F78BC46E971C}.Debug|Mixed Platforms.ActiveCfg = Debug|Any CPU
		{415A48F8-D4F2-493D-909B-F78BC46E971C}.Debug|Mixed Platforms.Build.0 = Debug|Any CPU
		{415A48F8-D4F2-493D-909B-F78BC46E971C}.Debug|Win32.ActiveCfg = Debug|Any CPU
		{415A48F8-D4F2-493D-909B-F78BC46E971C}.Debug|x86.ActiveCfg = Debug|Any CPU
		{415A48F8-D4F2-493D-909B-F78BC46E971C}.Release|Any CPU.ActiveCfg = Release|Any CPU
		{415A48F8-D4F2-493D-909B-F78BC46E971C}.Release|Any CPU.Build.0 = Release|Any CPU
		{415A48F8-D4F2-493D-909B-F78BC46E971C}.Release|Mixed Platforms.ActiveCfg = Release|Any CPU
		{415A48F8-D4F2-493D-909B-F78BC46E971C}.Release|Mixed Platforms.Build.0 = Release|Any CPU
		{415A48F8-D4F2-493D-909B-F78BC46E971C}.Release|Win32.ActiveCfg = Release|Any CPU
		{415A48F8-D4F2-493D-909B-F78BC46E971C}.Release|x86.ActiveCfg = Release|Any CPU
		{3EE84A1C-6AAC-4036-A8AF-46399EC0065C}.Debug|Any CPU.ActiveCfg = Debug|x86
		{3EE84A1C-6AAC-4036-A8AF-46399EC0065C}.Debug|Any CPU.Build.0 = Debug|x86
		{3EE84A1C-6AAC-4036-A8AF-46399EC0065C}.Debug|Mixed Platforms.ActiveCfg = Debug|x86
		{3EE84A1C-6AAC-4036-A8AF-46399EC0065C}.Debug|Mixed Platforms.Build.0 = Debug|x86
		{3EE84A1C-6AAC-4036-A8AF-46399EC0065C}.Debug|Win32.ActiveCfg = Debug|x86
		{3EE84A1C-6AAC-4036-A8AF-46399EC0065C}.Debug|x86.ActiveCfg = Debug|x86
		{3EE84A1C-6AAC-4036-A8AF-46399EC0065C}.Release|Any CPU.ActiveCfg = Release|x86
		{3EE84A1C-6AAC-4036-A8AF-46399EC0065C}.Release|Any CPU.Build.0 = Release|x86
		{3EE84A1C-6AAC-4036-A8AF-46399EC0065C}.Release|Mixed Platforms.ActiveCfg = Release|x86
		{3EE84A1C-6AAC-4036-A8AF-46399EC0065C}.Release|Mixed Platforms.Build.0 = Release|x86
		{3EE84A1C-6AAC-4036-A8AF-46399EC0065C}.Release|Win32.ActiveCfg = Release|x86
		{3EE84A1C-6AAC-4036-A8AF-46399EC0065C}.Release|x86.ActiveCfg = Release|x86
	EndGlobalSection
	GlobalSection(SolutionProperties) = preSolution
		HideSolutionNode = FALSE
	EndGlobalSection
	GlobalSection(ExtensibilityGlobals) = postSolution
		SolutionGuid = {02FF087F-7E25-47B7-B8D0-DAC6B4E0669B}
	EndGlobalSection
EndGlobal
